
Microsoft Visual Studio Solution File, Format Version 12.00
# Visual Studio Version 17
VisualStudioVersion = 17.1.31911.260
MinimumVisualStudioVersion = 10.0.40219.1
Project("{2150E333-8FDC-42A3-9474-1A3956D46DE8}") = "Core", "Core", "{D7CA87CA-8340-4E2C-A2ED-5CE46EEC455B}"
EndProject
Project("{2150E333-8FDC-42A3-9474-1A3956D46DE8}") = "Emv", "Emv", "{4AB74B06-60FD-45F7-B46A-809A7A5DC33F}"
EndProject
Project("{2150E333-8FDC-42A3-9474-1A3956D46DE8}") = "Tests", "Tests", "{A5BB97F6-5DA0-404B-B60E-356C04EE0538}"
EndProject
Project("{2150E333-8FDC-42A3-9474-1A3956D46DE8}") = "Contactless", "Contactless", "{510E9F99-3873-4844-980B-F440BF1350B1}"
EndProject
Project("{2150E333-8FDC-42A3-9474-1A3956D46DE8}") = "Display", "Display", "{A69328F4-C11C-4A08-BC53-F6C06725CF0C}"
EndProject
Project("{2150E333-8FDC-42A3-9474-1A3956D46DE8}") = "Kernel", "Kernel", "{6F689E91-579B-4497-B8F2-7D91E4339EE6}"
EndProject
Project("{2150E333-8FDC-42A3-9474-1A3956D46DE8}") = "Reader", "Reader", "{B2B3111E-6297-4AFF-B8FA-E90DBC41D2A6}"
EndProject
Project("{2150E333-8FDC-42A3-9474-1A3956D46DE8}") = "Pcd", "Pcd", "{F8F60D11-DB27-46F4-907C-D7E5B97F94B3}"
EndProject
Project("{2150E333-8FDC-42A3-9474-1A3956D46DE8}") = "Pos", "Pos", "{85AC5FBB-5C51-4A65-B6CE-B26C6D3266DF}"
EndProject
Project("{2150E333-8FDC-42A3-9474-1A3956D46DE8}") = "Selection", "Selection", "{7844DB61-3723-4571-894D-EF03F5BF0298}"
EndProject
Project("{2150E333-8FDC-42A3-9474-1A3956D46DE8}") = "Terminal", "Terminal", "{EC137B76-1C6E-41E9-A08C-F137458D2BA5}"
EndProject
Project("{2150E333-8FDC-42A3-9474-1A3956D46DE8}") = "Kernel2", "Kernel2", "{5EFD2F76-6028-4477-BD8F-5EEC0237AD63}"
EndProject
Project("{2150E333-8FDC-42A3-9474-1A3956D46DE8}") = "Solution Items", "Solution Items", "{2E4E332F-6AE9-4B51-8B22-7DEA72CFE311}"
	ProjectSection(SolutionItems) = preProject
		.editorconfig = .editorconfig
	EndProjectSection
EndProject
Project("{2150E333-8FDC-42A3-9474-1A3956D46DE8}") = "_TODO", "_TODO", "{0E71B2BA-A7D0-4CD2-AF23-A11E9DE80966}"
	ProjectSection(SolutionItems) = preProject
		_TODO\Cleanup.txt = _TODO\Cleanup.txt
		_TODO\ModularArchitecture.txt = _TODO\ModularArchitecture.txt
		TODO.txt = TODO.txt
		Warning.txt = Warning.txt
	EndProjectSection
EndProject
Project("{2150E333-8FDC-42A3-9474-1A3956D46DE8}") = "Kernel3", "Kernel3", "{1DD256EC-E671-4406-B2C4-85FAEDACFCEE}"
EndProject
Project("{2150E333-8FDC-42A3-9474-1A3956D46DE8}") = "Emv", "Emv", "{2CA294F9-B718-497C-9E0C-AE761F5D13B4}"
EndProject
Project("{2150E333-8FDC-42A3-9474-1A3956D46DE8}") = "Core", "Core", "{92C77034-1B33-4CFD-9C5E-033BBFCBFA90}"
EndProject
Project("{2150E333-8FDC-42A3-9474-1A3956D46DE8}") = "Acquirer", "Acquirer", "{69C1955C-655F-4958-8C6B-243C39CEF0D7}"
EndProject
Project("{2150E333-8FDC-42A3-9474-1A3956D46DE8}") = "Contactless", "Contactless", "{938F19AE-710F-4A35-87D6-85DEC753FA1B}"
EndProject
Project("{9A19103F-16F7-4668-BE54-9A1E7A4F7556}") = "Play.Ber", "Core\Play.Ber\Play.Ber.csproj", "{B59C46EA-44D8-4D69-BD0B-F5A7C1F390A7}"
EndProject
Project("{9A19103F-16F7-4668-BE54-9A1E7A4F7556}") = "Play.Codecs", "Core\Play.Codecs\Play.Codecs.csproj", "{6E9FF7DE-B696-4207-B4F9-7EDE67F53680}"
EndProject
Project("{9A19103F-16F7-4668-BE54-9A1E7A4F7556}") = "Play.Core", "Core\Play.Core\Play.Core.csproj", "{CC6888F4-83B1-4F54-8771-A99D2DBF63A1}"
EndProject
Project("{9A19103F-16F7-4668-BE54-9A1E7A4F7556}") = "Play.Encryption", "Core\Play.Encryption\Play.Encryption.csproj", "{067E0EEC-AA58-42C6-B66B-E401798D4D48}"
EndProject
Project("{9A19103F-16F7-4668-BE54-9A1E7A4F7556}") = "Play.Events", "Core\Play.Events\Play.Events.csproj", "{8E442FE8-C6A4-486A-9E5E-B55A0BB7EFAF}"
EndProject
Project("{9A19103F-16F7-4668-BE54-9A1E7A4F7556}") = "Play.Globalization", "Core\Play.Globalization\Play.Globalization.csproj", "{3C559F69-02D5-4767-9C84-244D1CB358E6}"
EndProject
Project("{9A19103F-16F7-4668-BE54-9A1E7A4F7556}") = "Play.Icc", "Core\Play.Icc\Play.Icc.csproj", "{9B4F9908-CA9D-482F-86B9-7AA8E2104F6B}"
EndProject
Project("{9A19103F-16F7-4668-BE54-9A1E7A4F7556}") = "Play.Messaging", "Core\Play.Messaging\Play.Messaging.csproj", "{19AB3889-0ABE-40FD-B891-599910ECD4FD}"
EndProject
Project("{9A19103F-16F7-4668-BE54-9A1E7A4F7556}") = "Play.Randoms", "Core\Play.Randoms\Play.Randoms.csproj", "{92FBD1A0-2F7A-4DB0-A4CB-8866546E534F}"
EndProject
Project("{9A19103F-16F7-4668-BE54-9A1E7A4F7556}") = "Play.Unmanaged", "Core\Play.Unmanaged\Play.Unmanaged.csproj", "{D3167474-C2B9-4E35-BC26-FDC3AE84A69F}"
EndProject
Project("{9A19103F-16F7-4668-BE54-9A1E7A4F7556}") = "Play.Emv.Display", "Contactless\Display\Play.Emv.Display\Play.Emv.Display.csproj", "{F58F65D1-6289-40FE-A3F2-A1CC4207191E}"
EndProject
Project("{9A19103F-16F7-4668-BE54-9A1E7A4F7556}") = "Play.Emv.Display.Contracts", "Contactless\Display\Play.Emv.Display.Contracts\Play.Emv.Display.Contracts.csproj", "{1EF9545A-3EE6-44B8-8D93-037D94BAFF5E}"
EndProject
Project("{9A19103F-16F7-4668-BE54-9A1E7A4F7556}") = "Play.Emv.Display.Services", "Contactless\Display\Play.Emv.Display.Services\Play.Emv.Display.Services.csproj", "{D98C172E-0F8D-434F-BB14-EE1CC12B2270}"
EndProject
Project("{9A19103F-16F7-4668-BE54-9A1E7A4F7556}") = "Play.Emv.Kernel2", "Contactless\Kernel\Play.Emv.Kernel2\Play.Emv.Kernel2.csproj", "{8564A66E-95DD-46E7-B4B5-E3E191D9F1D6}"
EndProject
Project("{9A19103F-16F7-4668-BE54-9A1E7A4F7556}") = "Play.Emv.Kernel2.Services", "Contactless\Kernel\Play.Emv.Kernel2.Services\Play.Emv.Kernel2.Services.csproj", "{8365202E-4D07-415A-A2D7-A92A238B0708}"
EndProject
Project("{9A19103F-16F7-4668-BE54-9A1E7A4F7556}") = "Play.Emv.Kernel3", "Contactless\Kernel\Play.Emv.Kernel3\Play.Emv.Kernel3.csproj", "{82C85190-BFFC-47C9-ACEA-ACFD6416DA34}"
EndProject
Project("{9A19103F-16F7-4668-BE54-9A1E7A4F7556}") = "Play.Emv.Kernel3.Services", "Contactless\Kernel\Play.Emv.Kernel3.Services\Play.Emv.Kernel3.Services.csproj", "{84032E91-069B-454B-9D7D-036B48153FA1}"
EndProject
Project("{9A19103F-16F7-4668-BE54-9A1E7A4F7556}") = "Play.Emv.Kernel", "Contactless\Kernel\Play.Emv.Kernel\Play.Emv.Kernel.csproj", "{F1786425-0672-401D-AC1E-48557B1C333A}"
EndProject
Project("{9A19103F-16F7-4668-BE54-9A1E7A4F7556}") = "Play.Emv.Kernel.Contracts", "Contactless\Kernel\Play.Emv.Kernel.Contracts\Play.Emv.Kernel.Contracts.csproj", "{56707BDA-F3C7-40B9-A5FA-B24C7699448B}"
EndProject
Project("{9A19103F-16F7-4668-BE54-9A1E7A4F7556}") = "Play.Emv.Kernel.Services", "Contactless\Kernel\Play.Emv.Kernel.Services\Play.Emv.Kernel.Services.csproj", "{5A9C6E60-22A7-4B41-B2ED-A19EE17FAC76}"
EndProject
Project("{9A19103F-16F7-4668-BE54-9A1E7A4F7556}") = "Play.Emv.Pcd", "Contactless\Pcd\Play.Emv.Pcd\Play.Emv.Pcd.csproj", "{4C51402A-72E6-48C1-A134-9627A94DC183}"
EndProject
Project("{9A19103F-16F7-4668-BE54-9A1E7A4F7556}") = "Play.Emv.Pcd.Contracts", "Contactless\Pcd\Play.Emv.Pcd.Contracts\Play.Emv.Pcd.Contracts.csproj", "{00098288-5DCD-4C6E-AF3A-53A39F614397}"
EndProject
Project("{9A19103F-16F7-4668-BE54-9A1E7A4F7556}") = "Play.Emv.Pcd.Services", "Contactless\Pcd\Play.Emv.Pcd.Services\Play.Emv.Pcd.Services.csproj", "{CAE6A8EA-6254-478D-AECB-2B89C9B84870}"
EndProject
Project("{9A19103F-16F7-4668-BE54-9A1E7A4F7556}") = "Play.Emv.Pos", "Contactless\Pos\Play.Emv.Pos\Play.Emv.Pos.csproj", "{A533465C-4A06-4FFC-94D1-BF119084808F}"
EndProject
Project("{9A19103F-16F7-4668-BE54-9A1E7A4F7556}") = "Play.Emv.Reader", "Contactless\Reader\Play.Emv.Reader\Play.Emv.Reader.csproj", "{F71F57C8-F698-4224-B3CB-B226DE2D6AA8}"
EndProject
Project("{9A19103F-16F7-4668-BE54-9A1E7A4F7556}") = "Play.Emv.Reader.Contracts", "Contactless\Reader\Play.Emv.Reader.Contracts\Play.Emv.Reader.Contracts.csproj", "{87E8D43D-4D46-40FC-A750-91A038168389}"
EndProject
Project("{9A19103F-16F7-4668-BE54-9A1E7A4F7556}") = "Play.Emv.Reader.Services", "Contactless\Reader\Play.Emv.Reader.Services\Play.Emv.Reader.Services.csproj", "{5744DD88-FC4F-46C9-8772-AC2C145DCBA2}"
EndProject
Project("{9A19103F-16F7-4668-BE54-9A1E7A4F7556}") = "Play.Emv.Selection", "Contactless\Selection\Play.Emv.Selection\Play.Emv.Selection.csproj", "{D00C8625-B286-4FCE-8E4F-4FDD271CA08F}"
EndProject
Project("{9A19103F-16F7-4668-BE54-9A1E7A4F7556}") = "Play.Emv.Selection.Contracts", "Contactless\Selection\Play.Emv.Selection.Contracts\Play.Emv.Selection.Contracts.csproj", "{F0499EC2-768B-4EC7-8ECE-27B9A318CF1D}"
EndProject
Project("{9A19103F-16F7-4668-BE54-9A1E7A4F7556}") = "Play.Emv.Selection.Services", "Contactless\Selection\Play.Emv.Selection.Services\Play.Emv.Selection.Services.csproj", "{E745DD76-600D-4F03-8E16-EEC4634FF84A}"
EndProject
Project("{9A19103F-16F7-4668-BE54-9A1E7A4F7556}") = "Play.Emv.Terminal", "Contactless\Terminal\Play.Emv.Terminal\Play.Emv.Terminal.csproj", "{599B6EC4-E5CD-4D8D-BAE3-6662BD134D0E}"
EndProject
Project("{9A19103F-16F7-4668-BE54-9A1E7A4F7556}") = "Play.Emv.Terminal.Contracts", "Contactless\Terminal\Play.Emv.Terminal.Contracts\Play.Emv.Terminal.Contracts.csproj", "{2CB904CC-FC85-42F9-8896-718D945F1E7C}"
EndProject
Project("{9A19103F-16F7-4668-BE54-9A1E7A4F7556}") = "Play.Emv.Terminal.Services", "Contactless\Terminal\Play.Emv.Terminal.Services\Play.Emv.Terminal.Services.csproj", "{F73F3235-F078-4D1D-B583-C673C570378F}"
EndProject
Project("{9A19103F-16F7-4668-BE54-9A1E7A4F7556}") = "Play.Emv", "Emv\Play.Emv\Play.Emv.csproj", "{26A23CFF-A778-47FF-AABC-434E21AB3143}"
EndProject
Project("{9A19103F-16F7-4668-BE54-9A1E7A4F7556}") = "Play.Emv.Ber", "Emv\Play.Emv.Ber\Play.Emv.Ber.csproj", "{08A2C610-AF9F-40A4-B35C-D0CD1EAE89C2}"
EndProject
Project("{9A19103F-16F7-4668-BE54-9A1E7A4F7556}") = "Play.Emv.Icc", "Emv\Play.Emv.Icc\Play.Emv.Icc.csproj", "{73311CEE-0978-4605-A93D-4F0E3CEE0822}"
EndProject
Project("{9A19103F-16F7-4668-BE54-9A1E7A4F7556}") = "Play.Emv.Security", "Emv\Play.Emv.Security\Play.Emv.Security.csproj", "{01547782-B364-49BE-88BB-331576E8C842}"
EndProject
Project("{9A19103F-16F7-4668-BE54-9A1E7A4F7556}") = "Play.Ber.Tests", "Tests\Core\Play.Ber.Tests\Play.Ber.Tests.csproj", "{A1E7ABDA-A12A-4E88-B29D-AE93B9462289}"
EndProject
Project("{9A19103F-16F7-4668-BE54-9A1E7A4F7556}") = "Play.Codecs.Tests", "Tests\Core\Play.Codecs.Tests\Play.Codecs.Tests.csproj", "{9DA31247-DA06-4B1A-8CCF-52E75E306A3E}"
EndProject
Project("{9A19103F-16F7-4668-BE54-9A1E7A4F7556}") = "Play.Core.Tests", "Tests\Core\Play.Core.Tests\Play.Core.Tests.csproj", "{52D796BA-DE4C-4340-9A7F-0FC0D87B7727}"
EndProject
Project("{9A19103F-16F7-4668-BE54-9A1E7A4F7556}") = "Play.Encryption.Tests", "Tests\Core\Play.Encryption.Tests\Play.Encryption.Tests.csproj", "{E715A20F-F98B-496E-9E19-75322579B5AD}"
EndProject
Project("{9A19103F-16F7-4668-BE54-9A1E7A4F7556}") = "Play.Icc.Tests", "Tests\Core\Play.Icc.Tests\Play.Icc.Tests.csproj", "{0C80E2D7-6C22-4227-A43D-EAA91885DC13}"
EndProject
Project("{9A19103F-16F7-4668-BE54-9A1E7A4F7556}") = "Play.Interchange.Tests", "Tests\Core\Play.Interchange.Tests\Play.Interchange.Tests.csproj", "{D7974C0C-27F9-4512-90F2-0401466DCFA9}"
EndProject
Project("{9A19103F-16F7-4668-BE54-9A1E7A4F7556}") = "Play.Messaging.Tests", "Tests\Core\Play.Messaging.Tests\Play.Messaging.Tests.csproj", "{55936DB4-B12D-45A2-90D2-DF34350BD4E3}"
EndProject
Project("{9A19103F-16F7-4668-BE54-9A1E7A4F7556}") = "Play.Testing.Infrastructure", "Tests\Core\Play.Testing.Infrastructure\Play.Testing.Infrastructure.csproj", "{8776D0AB-4757-4222-8B73-28CC30390C3E}"
EndProject
Project("{9A19103F-16F7-4668-BE54-9A1E7A4F7556}") = "Play.Emv.Kernel2.Tests", "Tests\Contactless\Play.Emv.Kernel2.Tests\Play.Emv.Kernel2.Tests.csproj", "{C7AF3622-8757-4886-BDAD-3F0BF4F8507C}"
EndProject
Project("{9A19103F-16F7-4668-BE54-9A1E7A4F7556}") = "Play.Emv.Kernel3.Tests", "Tests\Contactless\Play.Emv.Kernel3.Tests\Play.Emv.Kernel3.Tests.csproj", "{0921709E-E349-447D-9988-1ACD8062501A}"
EndProject
Project("{9A19103F-16F7-4668-BE54-9A1E7A4F7556}") = "Play.Emv.Pcd.Tests", "Tests\Contactless\Play.Emv.Pcd.Tests\Play.Emv.Pcd.Tests.csproj", "{DC549CEF-7F47-4F02-8795-275FC0F21243}"
EndProject
Project("{9A19103F-16F7-4668-BE54-9A1E7A4F7556}") = "Play.Emv.Reader.Tests", "Tests\Contactless\Play.Emv.Reader.Tests\Play.Emv.Reader.Tests.csproj", "{4CEAF9C2-2783-41DC-BA08-43CE42882BD8}"
EndProject
Project("{9A19103F-16F7-4668-BE54-9A1E7A4F7556}") = "Play.Emv.Selection.Tests", "Tests\Contactless\Play.Emv.Selection.Tests\Play.Emv.Selection.Tests.csproj", "{F332E7BA-B0AB-4398-BA4C-406BC1F27186}"
EndProject
Project("{9A19103F-16F7-4668-BE54-9A1E7A4F7556}") = "Play.Emv.Terminal.Tests", "Tests\Contactless\Play.Emv.Terminal.Tests\Play.Emv.Terminal.Tests.csproj", "{2772DA52-A7CD-458E-B784-B1293CE6B68B}"
EndProject
Project("{9A19103F-16F7-4668-BE54-9A1E7A4F7556}") = "Play.Testing.Emv.Contactless", "Tests\Contactless\Play.Testing.Emv.Contactless\Play.Testing.Emv.Contactless.csproj", "{3FAFFC6B-95B4-4D84-B708-2D2F5E3DB1BF}"
EndProject
Project("{9A19103F-16F7-4668-BE54-9A1E7A4F7556}") = "Play.Emv.Ber.Tests", "Tests\Emv\Play.Emv.Ber.Tests\Play.Emv.Ber.Tests.csproj", "{D6CABB08-2AA7-4EBB-BBAC-5CA265068942}"
EndProject
Project("{9A19103F-16F7-4668-BE54-9A1E7A4F7556}") = "Play.Emv.Icc.Tests", "Tests\Emv\Play.Emv.Icc.Tests\Play.Emv.Icc.Tests.csproj", "{1D941B91-2ED7-45AD-9009-97F6211CF4C4}"
EndProject
Project("{9A19103F-16F7-4668-BE54-9A1E7A4F7556}") = "Play.Emv.Security.Tests", "Tests\Emv\Play.Emv.Security.Tests\Play.Emv.Security.Tests.csproj", "{3C8D6626-2B1D-4E94-A9DD-F06BB35BF604}"
EndProject
Project("{9A19103F-16F7-4668-BE54-9A1E7A4F7556}") = "Play.Emv.Tests", "Tests\Emv\Play.Emv.Tests\Play.Emv.Tests.csproj", "{614849C0-8434-4B60-8D1B-DEFD931D1438}"
EndProject
Project("{9A19103F-16F7-4668-BE54-9A1E7A4F7556}") = "Play.Testing.Emv", "Tests\Emv\Play.Testing.Emv\Play.Testing.Emv.csproj", "{4260E84C-2D40-4DE6-954E-396F53014611}"
EndProject
Project("{9A19103F-16F7-4668-BE54-9A1E7A4F7556}") = "Play.Testing", "Tests\Play.Testing\Play.Testing.csproj", "{45D4AC32-6863-4864-A069-4677E15C8069}"
EndProject
Project("{9A19103F-16F7-4668-BE54-9A1E7A4F7556}") = "Play.Emv.Acquirer.Contracts", "..\Acquirer\Acquirer\Play.Emv.Acquirer.Contracts\Play.Emv.Acquirer.Contracts.csproj", "{AB20E167-CDE0-4F05-8669-19565BC0299A}"
EndProject
Project("{FAE04EC0-301F-11D3-BF4B-00C04F79EFBC}") = "Play.Globalization.Tests", "Tests\Core\Play.Globalization.Tests\Play.Globalization.Tests.csproj", "{3B56BA53-0821-4CA8-BEA2-9E38B0EDF508}"
EndProject
Project("{9A19103F-16F7-4668-BE54-9A1E7A4F7556}") = "Play.Randoms.Tests", "Tests\Core\Play.Randoms.Tests\Play.Randoms.Tests.csproj", "{CC073524-B669-42A7-92CF-AB9D8369C09C}"
EndProject
Global
	GlobalSection(SolutionConfigurationPlatforms) = preSolution
		Debug|Any CPU = Debug|Any CPU
		Release|Any CPU = Release|Any CPU
	EndGlobalSection
	GlobalSection(ProjectConfigurationPlatforms) = postSolution
		{B59C46EA-44D8-4D69-BD0B-F5A7C1F390A7}.Debug|Any CPU.ActiveCfg = Debug|Any CPU
		{B59C46EA-44D8-4D69-BD0B-F5A7C1F390A7}.Debug|Any CPU.Build.0 = Debug|Any CPU
		{B59C46EA-44D8-4D69-BD0B-F5A7C1F390A7}.Release|Any CPU.ActiveCfg = Release|Any CPU
		{B59C46EA-44D8-4D69-BD0B-F5A7C1F390A7}.Release|Any CPU.Build.0 = Release|Any CPU
		{6E9FF7DE-B696-4207-B4F9-7EDE67F53680}.Debug|Any CPU.ActiveCfg = Debug|Any CPU
		{6E9FF7DE-B696-4207-B4F9-7EDE67F53680}.Debug|Any CPU.Build.0 = Debug|Any CPU
		{6E9FF7DE-B696-4207-B4F9-7EDE67F53680}.Release|Any CPU.ActiveCfg = Release|Any CPU
		{6E9FF7DE-B696-4207-B4F9-7EDE67F53680}.Release|Any CPU.Build.0 = Release|Any CPU
		{CC6888F4-83B1-4F54-8771-A99D2DBF63A1}.Debug|Any CPU.ActiveCfg = Debug|Any CPU
		{CC6888F4-83B1-4F54-8771-A99D2DBF63A1}.Debug|Any CPU.Build.0 = Debug|Any CPU
		{CC6888F4-83B1-4F54-8771-A99D2DBF63A1}.Release|Any CPU.ActiveCfg = Release|Any CPU
		{CC6888F4-83B1-4F54-8771-A99D2DBF63A1}.Release|Any CPU.Build.0 = Release|Any CPU
		{067E0EEC-AA58-42C6-B66B-E401798D4D48}.Debug|Any CPU.ActiveCfg = Debug|Any CPU
		{067E0EEC-AA58-42C6-B66B-E401798D4D48}.Debug|Any CPU.Build.0 = Debug|Any CPU
		{067E0EEC-AA58-42C6-B66B-E401798D4D48}.Release|Any CPU.ActiveCfg = Release|Any CPU
		{067E0EEC-AA58-42C6-B66B-E401798D4D48}.Release|Any CPU.Build.0 = Release|Any CPU
		{8E442FE8-C6A4-486A-9E5E-B55A0BB7EFAF}.Debug|Any CPU.ActiveCfg = Debug|Any CPU
		{8E442FE8-C6A4-486A-9E5E-B55A0BB7EFAF}.Debug|Any CPU.Build.0 = Debug|Any CPU
		{8E442FE8-C6A4-486A-9E5E-B55A0BB7EFAF}.Release|Any CPU.ActiveCfg = Release|Any CPU
		{8E442FE8-C6A4-486A-9E5E-B55A0BB7EFAF}.Release|Any CPU.Build.0 = Release|Any CPU
		{3C559F69-02D5-4767-9C84-244D1CB358E6}.Debug|Any CPU.ActiveCfg = Debug|Any CPU
		{3C559F69-02D5-4767-9C84-244D1CB358E6}.Debug|Any CPU.Build.0 = Debug|Any CPU
		{3C559F69-02D5-4767-9C84-244D1CB358E6}.Release|Any CPU.ActiveCfg = Release|Any CPU
		{3C559F69-02D5-4767-9C84-244D1CB358E6}.Release|Any CPU.Build.0 = Release|Any CPU
		{9B4F9908-CA9D-482F-86B9-7AA8E2104F6B}.Debug|Any CPU.ActiveCfg = Debug|Any CPU
		{9B4F9908-CA9D-482F-86B9-7AA8E2104F6B}.Debug|Any CPU.Build.0 = Debug|Any CPU
		{9B4F9908-CA9D-482F-86B9-7AA8E2104F6B}.Release|Any CPU.ActiveCfg = Release|Any CPU
		{9B4F9908-CA9D-482F-86B9-7AA8E2104F6B}.Release|Any CPU.Build.0 = Release|Any CPU
		{19AB3889-0ABE-40FD-B891-599910ECD4FD}.Debug|Any CPU.ActiveCfg = Debug|Any CPU
		{19AB3889-0ABE-40FD-B891-599910ECD4FD}.Debug|Any CPU.Build.0 = Debug|Any CPU
		{19AB3889-0ABE-40FD-B891-599910ECD4FD}.Release|Any CPU.ActiveCfg = Release|Any CPU
		{19AB3889-0ABE-40FD-B891-599910ECD4FD}.Release|Any CPU.Build.0 = Release|Any CPU
		{92FBD1A0-2F7A-4DB0-A4CB-8866546E534F}.Debug|Any CPU.ActiveCfg = Debug|Any CPU
		{92FBD1A0-2F7A-4DB0-A4CB-8866546E534F}.Debug|Any CPU.Build.0 = Debug|Any CPU
		{92FBD1A0-2F7A-4DB0-A4CB-8866546E534F}.Release|Any CPU.ActiveCfg = Release|Any CPU
		{92FBD1A0-2F7A-4DB0-A4CB-8866546E534F}.Release|Any CPU.Build.0 = Release|Any CPU
		{D3167474-C2B9-4E35-BC26-FDC3AE84A69F}.Debug|Any CPU.ActiveCfg = Debug|Any CPU
		{D3167474-C2B9-4E35-BC26-FDC3AE84A69F}.Debug|Any CPU.Build.0 = Debug|Any CPU
		{D3167474-C2B9-4E35-BC26-FDC3AE84A69F}.Release|Any CPU.ActiveCfg = Release|Any CPU
		{D3167474-C2B9-4E35-BC26-FDC3AE84A69F}.Release|Any CPU.Build.0 = Release|Any CPU
		{F58F65D1-6289-40FE-A3F2-A1CC4207191E}.Debug|Any CPU.ActiveCfg = Debug|Any CPU
		{F58F65D1-6289-40FE-A3F2-A1CC4207191E}.Debug|Any CPU.Build.0 = Debug|Any CPU
		{F58F65D1-6289-40FE-A3F2-A1CC4207191E}.Release|Any CPU.ActiveCfg = Release|Any CPU
		{F58F65D1-6289-40FE-A3F2-A1CC4207191E}.Release|Any CPU.Build.0 = Release|Any CPU
		{1EF9545A-3EE6-44B8-8D93-037D94BAFF5E}.Debug|Any CPU.ActiveCfg = Debug|Any CPU
		{1EF9545A-3EE6-44B8-8D93-037D94BAFF5E}.Debug|Any CPU.Build.0 = Debug|Any CPU
		{1EF9545A-3EE6-44B8-8D93-037D94BAFF5E}.Release|Any CPU.ActiveCfg = Release|Any CPU
		{1EF9545A-3EE6-44B8-8D93-037D94BAFF5E}.Release|Any CPU.Build.0 = Release|Any CPU
		{D98C172E-0F8D-434F-BB14-EE1CC12B2270}.Debug|Any CPU.ActiveCfg = Debug|Any CPU
		{D98C172E-0F8D-434F-BB14-EE1CC12B2270}.Debug|Any CPU.Build.0 = Debug|Any CPU
		{D98C172E-0F8D-434F-BB14-EE1CC12B2270}.Release|Any CPU.ActiveCfg = Release|Any CPU
		{D98C172E-0F8D-434F-BB14-EE1CC12B2270}.Release|Any CPU.Build.0 = Release|Any CPU
		{8564A66E-95DD-46E7-B4B5-E3E191D9F1D6}.Debug|Any CPU.ActiveCfg = Debug|Any CPU
		{8564A66E-95DD-46E7-B4B5-E3E191D9F1D6}.Debug|Any CPU.Build.0 = Debug|Any CPU
		{8564A66E-95DD-46E7-B4B5-E3E191D9F1D6}.Release|Any CPU.ActiveCfg = Release|Any CPU
		{8564A66E-95DD-46E7-B4B5-E3E191D9F1D6}.Release|Any CPU.Build.0 = Release|Any CPU
		{8365202E-4D07-415A-A2D7-A92A238B0708}.Debug|Any CPU.ActiveCfg = Debug|Any CPU
		{8365202E-4D07-415A-A2D7-A92A238B0708}.Debug|Any CPU.Build.0 = Debug|Any CPU
		{8365202E-4D07-415A-A2D7-A92A238B0708}.Release|Any CPU.ActiveCfg = Release|Any CPU
		{8365202E-4D07-415A-A2D7-A92A238B0708}.Release|Any CPU.Build.0 = Release|Any CPU
		{82C85190-BFFC-47C9-ACEA-ACFD6416DA34}.Debug|Any CPU.ActiveCfg = Debug|Any CPU
		{82C85190-BFFC-47C9-ACEA-ACFD6416DA34}.Debug|Any CPU.Build.0 = Debug|Any CPU
		{82C85190-BFFC-47C9-ACEA-ACFD6416DA34}.Release|Any CPU.ActiveCfg = Release|Any CPU
		{82C85190-BFFC-47C9-ACEA-ACFD6416DA34}.Release|Any CPU.Build.0 = Release|Any CPU
		{84032E91-069B-454B-9D7D-036B48153FA1}.Debug|Any CPU.ActiveCfg = Debug|Any CPU
		{84032E91-069B-454B-9D7D-036B48153FA1}.Debug|Any CPU.Build.0 = Debug|Any CPU
		{84032E91-069B-454B-9D7D-036B48153FA1}.Release|Any CPU.ActiveCfg = Release|Any CPU
		{84032E91-069B-454B-9D7D-036B48153FA1}.Release|Any CPU.Build.0 = Release|Any CPU
		{F1786425-0672-401D-AC1E-48557B1C333A}.Debug|Any CPU.ActiveCfg = Debug|Any CPU
		{F1786425-0672-401D-AC1E-48557B1C333A}.Debug|Any CPU.Build.0 = Debug|Any CPU
		{F1786425-0672-401D-AC1E-48557B1C333A}.Release|Any CPU.ActiveCfg = Release|Any CPU
		{F1786425-0672-401D-AC1E-48557B1C333A}.Release|Any CPU.Build.0 = Release|Any CPU
		{56707BDA-F3C7-40B9-A5FA-B24C7699448B}.Debug|Any CPU.ActiveCfg = Debug|Any CPU
		{56707BDA-F3C7-40B9-A5FA-B24C7699448B}.Debug|Any CPU.Build.0 = Debug|Any CPU
		{56707BDA-F3C7-40B9-A5FA-B24C7699448B}.Release|Any CPU.ActiveCfg = Release|Any CPU
		{56707BDA-F3C7-40B9-A5FA-B24C7699448B}.Release|Any CPU.Build.0 = Release|Any CPU
		{5A9C6E60-22A7-4B41-B2ED-A19EE17FAC76}.Debug|Any CPU.ActiveCfg = Debug|Any CPU
		{5A9C6E60-22A7-4B41-B2ED-A19EE17FAC76}.Debug|Any CPU.Build.0 = Debug|Any CPU
		{5A9C6E60-22A7-4B41-B2ED-A19EE17FAC76}.Release|Any CPU.ActiveCfg = Release|Any CPU
		{5A9C6E60-22A7-4B41-B2ED-A19EE17FAC76}.Release|Any CPU.Build.0 = Release|Any CPU
		{4C51402A-72E6-48C1-A134-9627A94DC183}.Debug|Any CPU.ActiveCfg = Debug|Any CPU
		{4C51402A-72E6-48C1-A134-9627A94DC183}.Debug|Any CPU.Build.0 = Debug|Any CPU
		{4C51402A-72E6-48C1-A134-9627A94DC183}.Release|Any CPU.ActiveCfg = Release|Any CPU
		{4C51402A-72E6-48C1-A134-9627A94DC183}.Release|Any CPU.Build.0 = Release|Any CPU
		{00098288-5DCD-4C6E-AF3A-53A39F614397}.Debug|Any CPU.ActiveCfg = Debug|Any CPU
		{00098288-5DCD-4C6E-AF3A-53A39F614397}.Debug|Any CPU.Build.0 = Debug|Any CPU
		{00098288-5DCD-4C6E-AF3A-53A39F614397}.Release|Any CPU.ActiveCfg = Release|Any CPU
		{00098288-5DCD-4C6E-AF3A-53A39F614397}.Release|Any CPU.Build.0 = Release|Any CPU
		{CAE6A8EA-6254-478D-AECB-2B89C9B84870}.Debug|Any CPU.ActiveCfg = Debug|Any CPU
		{CAE6A8EA-6254-478D-AECB-2B89C9B84870}.Debug|Any CPU.Build.0 = Debug|Any CPU
		{CAE6A8EA-6254-478D-AECB-2B89C9B84870}.Release|Any CPU.ActiveCfg = Release|Any CPU
		{CAE6A8EA-6254-478D-AECB-2B89C9B84870}.Release|Any CPU.Build.0 = Release|Any CPU
		{A533465C-4A06-4FFC-94D1-BF119084808F}.Debug|Any CPU.ActiveCfg = Debug|Any CPU
		{A533465C-4A06-4FFC-94D1-BF119084808F}.Debug|Any CPU.Build.0 = Debug|Any CPU
		{A533465C-4A06-4FFC-94D1-BF119084808F}.Release|Any CPU.ActiveCfg = Release|Any CPU
		{A533465C-4A06-4FFC-94D1-BF119084808F}.Release|Any CPU.Build.0 = Release|Any CPU
		{F71F57C8-F698-4224-B3CB-B226DE2D6AA8}.Debug|Any CPU.ActiveCfg = Debug|Any CPU
		{F71F57C8-F698-4224-B3CB-B226DE2D6AA8}.Debug|Any CPU.Build.0 = Debug|Any CPU
		{F71F57C8-F698-4224-B3CB-B226DE2D6AA8}.Release|Any CPU.ActiveCfg = Release|Any CPU
		{F71F57C8-F698-4224-B3CB-B226DE2D6AA8}.Release|Any CPU.Build.0 = Release|Any CPU
		{87E8D43D-4D46-40FC-A750-91A038168389}.Debug|Any CPU.ActiveCfg = Debug|Any CPU
		{87E8D43D-4D46-40FC-A750-91A038168389}.Debug|Any CPU.Build.0 = Debug|Any CPU
		{87E8D43D-4D46-40FC-A750-91A038168389}.Release|Any CPU.ActiveCfg = Release|Any CPU
		{87E8D43D-4D46-40FC-A750-91A038168389}.Release|Any CPU.Build.0 = Release|Any CPU
		{5744DD88-FC4F-46C9-8772-AC2C145DCBA2}.Debug|Any CPU.ActiveCfg = Debug|Any CPU
		{5744DD88-FC4F-46C9-8772-AC2C145DCBA2}.Debug|Any CPU.Build.0 = Debug|Any CPU
		{5744DD88-FC4F-46C9-8772-AC2C145DCBA2}.Release|Any CPU.ActiveCfg = Release|Any CPU
		{5744DD88-FC4F-46C9-8772-AC2C145DCBA2}.Release|Any CPU.Build.0 = Release|Any CPU
		{D00C8625-B286-4FCE-8E4F-4FDD271CA08F}.Debug|Any CPU.ActiveCfg = Debug|Any CPU
		{D00C8625-B286-4FCE-8E4F-4FDD271CA08F}.Debug|Any CPU.Build.0 = Debug|Any CPU
		{D00C8625-B286-4FCE-8E4F-4FDD271CA08F}.Release|Any CPU.ActiveCfg = Release|Any CPU
		{D00C8625-B286-4FCE-8E4F-4FDD271CA08F}.Release|Any CPU.Build.0 = Release|Any CPU
		{F0499EC2-768B-4EC7-8ECE-27B9A318CF1D}.Debug|Any CPU.ActiveCfg = Debug|Any CPU
		{F0499EC2-768B-4EC7-8ECE-27B9A318CF1D}.Debug|Any CPU.Build.0 = Debug|Any CPU
		{F0499EC2-768B-4EC7-8ECE-27B9A318CF1D}.Release|Any CPU.ActiveCfg = Release|Any CPU
		{F0499EC2-768B-4EC7-8ECE-27B9A318CF1D}.Release|Any CPU.Build.0 = Release|Any CPU
		{E745DD76-600D-4F03-8E16-EEC4634FF84A}.Debug|Any CPU.ActiveCfg = Debug|Any CPU
		{E745DD76-600D-4F03-8E16-EEC4634FF84A}.Debug|Any CPU.Build.0 = Debug|Any CPU
		{E745DD76-600D-4F03-8E16-EEC4634FF84A}.Release|Any CPU.ActiveCfg = Release|Any CPU
		{E745DD76-600D-4F03-8E16-EEC4634FF84A}.Release|Any CPU.Build.0 = Release|Any CPU
		{599B6EC4-E5CD-4D8D-BAE3-6662BD134D0E}.Debug|Any CPU.ActiveCfg = Debug|Any CPU
		{599B6EC4-E5CD-4D8D-BAE3-6662BD134D0E}.Debug|Any CPU.Build.0 = Debug|Any CPU
		{599B6EC4-E5CD-4D8D-BAE3-6662BD134D0E}.Release|Any CPU.ActiveCfg = Release|Any CPU
		{599B6EC4-E5CD-4D8D-BAE3-6662BD134D0E}.Release|Any CPU.Build.0 = Release|Any CPU
		{2CB904CC-FC85-42F9-8896-718D945F1E7C}.Debug|Any CPU.ActiveCfg = Debug|Any CPU
		{2CB904CC-FC85-42F9-8896-718D945F1E7C}.Debug|Any CPU.Build.0 = Debug|Any CPU
		{2CB904CC-FC85-42F9-8896-718D945F1E7C}.Release|Any CPU.ActiveCfg = Release|Any CPU
		{2CB904CC-FC85-42F9-8896-718D945F1E7C}.Release|Any CPU.Build.0 = Release|Any CPU
		{F73F3235-F078-4D1D-B583-C673C570378F}.Debug|Any CPU.ActiveCfg = Debug|Any CPU
		{F73F3235-F078-4D1D-B583-C673C570378F}.Debug|Any CPU.Build.0 = Debug|Any CPU
		{F73F3235-F078-4D1D-B583-C673C570378F}.Release|Any CPU.ActiveCfg = Release|Any CPU
		{F73F3235-F078-4D1D-B583-C673C570378F}.Release|Any CPU.Build.0 = Release|Any CPU
		{26A23CFF-A778-47FF-AABC-434E21AB3143}.Debug|Any CPU.ActiveCfg = Debug|Any CPU
		{26A23CFF-A778-47FF-AABC-434E21AB3143}.Debug|Any CPU.Build.0 = Debug|Any CPU
		{26A23CFF-A778-47FF-AABC-434E21AB3143}.Release|Any CPU.ActiveCfg = Release|Any CPU
		{26A23CFF-A778-47FF-AABC-434E21AB3143}.Release|Any CPU.Build.0 = Release|Any CPU
		{08A2C610-AF9F-40A4-B35C-D0CD1EAE89C2}.Debug|Any CPU.ActiveCfg = Debug|Any CPU
		{08A2C610-AF9F-40A4-B35C-D0CD1EAE89C2}.Debug|Any CPU.Build.0 = Debug|Any CPU
		{08A2C610-AF9F-40A4-B35C-D0CD1EAE89C2}.Release|Any CPU.ActiveCfg = Release|Any CPU
		{08A2C610-AF9F-40A4-B35C-D0CD1EAE89C2}.Release|Any CPU.Build.0 = Release|Any CPU
		{73311CEE-0978-4605-A93D-4F0E3CEE0822}.Debug|Any CPU.ActiveCfg = Debug|Any CPU
		{73311CEE-0978-4605-A93D-4F0E3CEE0822}.Debug|Any CPU.Build.0 = Debug|Any CPU
		{73311CEE-0978-4605-A93D-4F0E3CEE0822}.Release|Any CPU.ActiveCfg = Release|Any CPU
		{73311CEE-0978-4605-A93D-4F0E3CEE0822}.Release|Any CPU.Build.0 = Release|Any CPU
		{01547782-B364-49BE-88BB-331576E8C842}.Debug|Any CPU.ActiveCfg = Debug|Any CPU
		{01547782-B364-49BE-88BB-331576E8C842}.Debug|Any CPU.Build.0 = Debug|Any CPU
		{01547782-B364-49BE-88BB-331576E8C842}.Release|Any CPU.ActiveCfg = Release|Any CPU
		{01547782-B364-49BE-88BB-331576E8C842}.Release|Any CPU.Build.0 = Release|Any CPU
		{A1E7ABDA-A12A-4E88-B29D-AE93B9462289}.Debug|Any CPU.ActiveCfg = Debug|Any CPU
		{A1E7ABDA-A12A-4E88-B29D-AE93B9462289}.Debug|Any CPU.Build.0 = Debug|Any CPU
		{A1E7ABDA-A12A-4E88-B29D-AE93B9462289}.Release|Any CPU.ActiveCfg = Release|Any CPU
		{A1E7ABDA-A12A-4E88-B29D-AE93B9462289}.Release|Any CPU.Build.0 = Release|Any CPU
		{9DA31247-DA06-4B1A-8CCF-52E75E306A3E}.Debug|Any CPU.ActiveCfg = Debug|Any CPU
		{9DA31247-DA06-4B1A-8CCF-52E75E306A3E}.Debug|Any CPU.Build.0 = Debug|Any CPU
		{9DA31247-DA06-4B1A-8CCF-52E75E306A3E}.Release|Any CPU.ActiveCfg = Release|Any CPU
		{9DA31247-DA06-4B1A-8CCF-52E75E306A3E}.Release|Any CPU.Build.0 = Release|Any CPU
		{52D796BA-DE4C-4340-9A7F-0FC0D87B7727}.Debug|Any CPU.ActiveCfg = Debug|Any CPU
		{52D796BA-DE4C-4340-9A7F-0FC0D87B7727}.Debug|Any CPU.Build.0 = Debug|Any CPU
		{52D796BA-DE4C-4340-9A7F-0FC0D87B7727}.Release|Any CPU.ActiveCfg = Release|Any CPU
		{52D796BA-DE4C-4340-9A7F-0FC0D87B7727}.Release|Any CPU.Build.0 = Release|Any CPU
		{E715A20F-F98B-496E-9E19-75322579B5AD}.Debug|Any CPU.ActiveCfg = Debug|Any CPU
		{E715A20F-F98B-496E-9E19-75322579B5AD}.Debug|Any CPU.Build.0 = Debug|Any CPU
		{E715A20F-F98B-496E-9E19-75322579B5AD}.Release|Any CPU.ActiveCfg = Release|Any CPU
		{E715A20F-F98B-496E-9E19-75322579B5AD}.Release|Any CPU.Build.0 = Release|Any CPU
		{0C80E2D7-6C22-4227-A43D-EAA91885DC13}.Debug|Any CPU.ActiveCfg = Debug|Any CPU
		{0C80E2D7-6C22-4227-A43D-EAA91885DC13}.Debug|Any CPU.Build.0 = Debug|Any CPU
		{0C80E2D7-6C22-4227-A43D-EAA91885DC13}.Release|Any CPU.ActiveCfg = Release|Any CPU
		{0C80E2D7-6C22-4227-A43D-EAA91885DC13}.Release|Any CPU.Build.0 = Release|Any CPU
		{D7974C0C-27F9-4512-90F2-0401466DCFA9}.Debug|Any CPU.ActiveCfg = Debug|Any CPU
		{D7974C0C-27F9-4512-90F2-0401466DCFA9}.Debug|Any CPU.Build.0 = Debug|Any CPU
		{D7974C0C-27F9-4512-90F2-0401466DCFA9}.Release|Any CPU.ActiveCfg = Release|Any CPU
		{D7974C0C-27F9-4512-90F2-0401466DCFA9}.Release|Any CPU.Build.0 = Release|Any CPU
		{55936DB4-B12D-45A2-90D2-DF34350BD4E3}.Debug|Any CPU.ActiveCfg = Debug|Any CPU
		{55936DB4-B12D-45A2-90D2-DF34350BD4E3}.Debug|Any CPU.Build.0 = Debug|Any CPU
		{55936DB4-B12D-45A2-90D2-DF34350BD4E3}.Release|Any CPU.ActiveCfg = Release|Any CPU
		{55936DB4-B12D-45A2-90D2-DF34350BD4E3}.Release|Any CPU.Build.0 = Release|Any CPU
		{8776D0AB-4757-4222-8B73-28CC30390C3E}.Debug|Any CPU.ActiveCfg = Debug|Any CPU
		{8776D0AB-4757-4222-8B73-28CC30390C3E}.Debug|Any CPU.Build.0 = Debug|Any CPU
		{8776D0AB-4757-4222-8B73-28CC30390C3E}.Release|Any CPU.ActiveCfg = Release|Any CPU
		{8776D0AB-4757-4222-8B73-28CC30390C3E}.Release|Any CPU.Build.0 = Release|Any CPU
		{C7AF3622-8757-4886-BDAD-3F0BF4F8507C}.Debug|Any CPU.ActiveCfg = Debug|Any CPU
		{C7AF3622-8757-4886-BDAD-3F0BF4F8507C}.Debug|Any CPU.Build.0 = Debug|Any CPU
		{C7AF3622-8757-4886-BDAD-3F0BF4F8507C}.Release|Any CPU.ActiveCfg = Release|Any CPU
		{C7AF3622-8757-4886-BDAD-3F0BF4F8507C}.Release|Any CPU.Build.0 = Release|Any CPU
		{0921709E-E349-447D-9988-1ACD8062501A}.Debug|Any CPU.ActiveCfg = Debug|Any CPU
		{0921709E-E349-447D-9988-1ACD8062501A}.Debug|Any CPU.Build.0 = Debug|Any CPU
		{0921709E-E349-447D-9988-1ACD8062501A}.Release|Any CPU.ActiveCfg = Release|Any CPU
		{0921709E-E349-447D-9988-1ACD8062501A}.Release|Any CPU.Build.0 = Release|Any CPU
		{DC549CEF-7F47-4F02-8795-275FC0F21243}.Debug|Any CPU.ActiveCfg = Debug|Any CPU
		{DC549CEF-7F47-4F02-8795-275FC0F21243}.Debug|Any CPU.Build.0 = Debug|Any CPU
		{DC549CEF-7F47-4F02-8795-275FC0F21243}.Release|Any CPU.ActiveCfg = Release|Any CPU
		{DC549CEF-7F47-4F02-8795-275FC0F21243}.Release|Any CPU.Build.0 = Release|Any CPU
		{4CEAF9C2-2783-41DC-BA08-43CE42882BD8}.Debug|Any CPU.ActiveCfg = Debug|Any CPU
		{4CEAF9C2-2783-41DC-BA08-43CE42882BD8}.Debug|Any CPU.Build.0 = Debug|Any CPU
		{4CEAF9C2-2783-41DC-BA08-43CE42882BD8}.Release|Any CPU.ActiveCfg = Release|Any CPU
		{4CEAF9C2-2783-41DC-BA08-43CE42882BD8}.Release|Any CPU.Build.0 = Release|Any CPU
		{F332E7BA-B0AB-4398-BA4C-406BC1F27186}.Debug|Any CPU.ActiveCfg = Debug|Any CPU
		{F332E7BA-B0AB-4398-BA4C-406BC1F27186}.Debug|Any CPU.Build.0 = Debug|Any CPU
		{F332E7BA-B0AB-4398-BA4C-406BC1F27186}.Release|Any CPU.ActiveCfg = Release|Any CPU
		{F332E7BA-B0AB-4398-BA4C-406BC1F27186}.Release|Any CPU.Build.0 = Release|Any CPU
		{2772DA52-A7CD-458E-B784-B1293CE6B68B}.Debug|Any CPU.ActiveCfg = Debug|Any CPU
		{2772DA52-A7CD-458E-B784-B1293CE6B68B}.Debug|Any CPU.Build.0 = Debug|Any CPU
		{2772DA52-A7CD-458E-B784-B1293CE6B68B}.Release|Any CPU.ActiveCfg = Release|Any CPU
		{2772DA52-A7CD-458E-B784-B1293CE6B68B}.Release|Any CPU.Build.0 = Release|Any CPU
		{3FAFFC6B-95B4-4D84-B708-2D2F5E3DB1BF}.Debug|Any CPU.ActiveCfg = Debug|Any CPU
		{3FAFFC6B-95B4-4D84-B708-2D2F5E3DB1BF}.Debug|Any CPU.Build.0 = Debug|Any CPU
		{3FAFFC6B-95B4-4D84-B708-2D2F5E3DB1BF}.Release|Any CPU.ActiveCfg = Release|Any CPU
		{3FAFFC6B-95B4-4D84-B708-2D2F5E3DB1BF}.Release|Any CPU.Build.0 = Release|Any CPU
		{D6CABB08-2AA7-4EBB-BBAC-5CA265068942}.Debug|Any CPU.ActiveCfg = Debug|Any CPU
		{D6CABB08-2AA7-4EBB-BBAC-5CA265068942}.Debug|Any CPU.Build.0 = Debug|Any CPU
		{D6CABB08-2AA7-4EBB-BBAC-5CA265068942}.Release|Any CPU.ActiveCfg = Release|Any CPU
		{D6CABB08-2AA7-4EBB-BBAC-5CA265068942}.Release|Any CPU.Build.0 = Release|Any CPU
		{1D941B91-2ED7-45AD-9009-97F6211CF4C4}.Debug|Any CPU.ActiveCfg = Debug|Any CPU
		{1D941B91-2ED7-45AD-9009-97F6211CF4C4}.Debug|Any CPU.Build.0 = Debug|Any CPU
		{1D941B91-2ED7-45AD-9009-97F6211CF4C4}.Release|Any CPU.ActiveCfg = Release|Any CPU
		{1D941B91-2ED7-45AD-9009-97F6211CF4C4}.Release|Any CPU.Build.0 = Release|Any CPU
		{3C8D6626-2B1D-4E94-A9DD-F06BB35BF604}.Debug|Any CPU.ActiveCfg = Debug|Any CPU
		{3C8D6626-2B1D-4E94-A9DD-F06BB35BF604}.Debug|Any CPU.Build.0 = Debug|Any CPU
		{3C8D6626-2B1D-4E94-A9DD-F06BB35BF604}.Release|Any CPU.ActiveCfg = Release|Any CPU
		{3C8D6626-2B1D-4E94-A9DD-F06BB35BF604}.Release|Any CPU.Build.0 = Release|Any CPU
		{614849C0-8434-4B60-8D1B-DEFD931D1438}.Debug|Any CPU.ActiveCfg = Debug|Any CPU
		{614849C0-8434-4B60-8D1B-DEFD931D1438}.Debug|Any CPU.Build.0 = Debug|Any CPU
		{614849C0-8434-4B60-8D1B-DEFD931D1438}.Release|Any CPU.ActiveCfg = Release|Any CPU
		{614849C0-8434-4B60-8D1B-DEFD931D1438}.Release|Any CPU.Build.0 = Release|Any CPU
		{4260E84C-2D40-4DE6-954E-396F53014611}.Debug|Any CPU.ActiveCfg = Debug|Any CPU
		{4260E84C-2D40-4DE6-954E-396F53014611}.Debug|Any CPU.Build.0 = Debug|Any CPU
		{4260E84C-2D40-4DE6-954E-396F53014611}.Release|Any CPU.ActiveCfg = Release|Any CPU
		{4260E84C-2D40-4DE6-954E-396F53014611}.Release|Any CPU.Build.0 = Release|Any CPU
		{45D4AC32-6863-4864-A069-4677E15C8069}.Debug|Any CPU.ActiveCfg = Debug|Any CPU
		{45D4AC32-6863-4864-A069-4677E15C8069}.Debug|Any CPU.Build.0 = Debug|Any CPU
		{45D4AC32-6863-4864-A069-4677E15C8069}.Release|Any CPU.ActiveCfg = Release|Any CPU
		{45D4AC32-6863-4864-A069-4677E15C8069}.Release|Any CPU.Build.0 = Release|Any CPU
		{AB20E167-CDE0-4F05-8669-19565BC0299A}.Debug|Any CPU.ActiveCfg = Debug|Any CPU
		{AB20E167-CDE0-4F05-8669-19565BC0299A}.Debug|Any CPU.Build.0 = Debug|Any CPU
		{AB20E167-CDE0-4F05-8669-19565BC0299A}.Release|Any CPU.ActiveCfg = Release|Any CPU
		{AB20E167-CDE0-4F05-8669-19565BC0299A}.Release|Any CPU.Build.0 = Release|Any CPU
		{3B56BA53-0821-4CA8-BEA2-9E38B0EDF508}.Debug|Any CPU.ActiveCfg = Debug|Any CPU
		{3B56BA53-0821-4CA8-BEA2-9E38B0EDF508}.Debug|Any CPU.Build.0 = Debug|Any CPU
		{3B56BA53-0821-4CA8-BEA2-9E38B0EDF508}.Release|Any CPU.ActiveCfg = Release|Any CPU
		{3B56BA53-0821-4CA8-BEA2-9E38B0EDF508}.Release|Any CPU.Build.0 = Release|Any CPU
		{CC073524-B669-42A7-92CF-AB9D8369C09C}.Debug|Any CPU.ActiveCfg = Debug|Any CPU
		{CC073524-B669-42A7-92CF-AB9D8369C09C}.Debug|Any CPU.Build.0 = Debug|Any CPU
		{CC073524-B669-42A7-92CF-AB9D8369C09C}.Release|Any CPU.ActiveCfg = Release|Any CPU
		{CC073524-B669-42A7-92CF-AB9D8369C09C}.Release|Any CPU.Build.0 = Release|Any CPU
	EndGlobalSection
	GlobalSection(SolutionProperties) = preSolution
		HideSolutionNode = FALSE
	EndGlobalSection
	GlobalSection(NestedProjects) = preSolution
		{A69328F4-C11C-4A08-BC53-F6C06725CF0C} = {510E9F99-3873-4844-980B-F440BF1350B1}
		{6F689E91-579B-4497-B8F2-7D91E4339EE6} = {510E9F99-3873-4844-980B-F440BF1350B1}
		{B2B3111E-6297-4AFF-B8FA-E90DBC41D2A6} = {510E9F99-3873-4844-980B-F440BF1350B1}
		{F8F60D11-DB27-46F4-907C-D7E5B97F94B3} = {510E9F99-3873-4844-980B-F440BF1350B1}
		{85AC5FBB-5C51-4A65-B6CE-B26C6D3266DF} = {510E9F99-3873-4844-980B-F440BF1350B1}
		{7844DB61-3723-4571-894D-EF03F5BF0298} = {510E9F99-3873-4844-980B-F440BF1350B1}
		{EC137B76-1C6E-41E9-A08C-F137458D2BA5} = {510E9F99-3873-4844-980B-F440BF1350B1}
		{5EFD2F76-6028-4477-BD8F-5EEC0237AD63} = {6F689E91-579B-4497-B8F2-7D91E4339EE6}
		{1DD256EC-E671-4406-B2C4-85FAEDACFCEE} = {6F689E91-579B-4497-B8F2-7D91E4339EE6}
		{2CA294F9-B718-497C-9E0C-AE761F5D13B4} = {A5BB97F6-5DA0-404B-B60E-356C04EE0538}
		{92C77034-1B33-4CFD-9C5E-033BBFCBFA90} = {A5BB97F6-5DA0-404B-B60E-356C04EE0538}
		{938F19AE-710F-4A35-87D6-85DEC753FA1B} = {A5BB97F6-5DA0-404B-B60E-356C04EE0538}
		{B59C46EA-44D8-4D69-BD0B-F5A7C1F390A7} = {D7CA87CA-8340-4E2C-A2ED-5CE46EEC455B}
		{6E9FF7DE-B696-4207-B4F9-7EDE67F53680} = {D7CA87CA-8340-4E2C-A2ED-5CE46EEC455B}
		{CC6888F4-83B1-4F54-8771-A99D2DBF63A1} = {D7CA87CA-8340-4E2C-A2ED-5CE46EEC455B}
		{067E0EEC-AA58-42C6-B66B-E401798D4D48} = {D7CA87CA-8340-4E2C-A2ED-5CE46EEC455B}
		{8E442FE8-C6A4-486A-9E5E-B55A0BB7EFAF} = {D7CA87CA-8340-4E2C-A2ED-5CE46EEC455B}
		{3C559F69-02D5-4767-9C84-244D1CB358E6} = {D7CA87CA-8340-4E2C-A2ED-5CE46EEC455B}
		{9B4F9908-CA9D-482F-86B9-7AA8E2104F6B} = {D7CA87CA-8340-4E2C-A2ED-5CE46EEC455B}
		{19AB3889-0ABE-40FD-B891-599910ECD4FD} = {D7CA87CA-8340-4E2C-A2ED-5CE46EEC455B}
		{92FBD1A0-2F7A-4DB0-A4CB-8866546E534F} = {D7CA87CA-8340-4E2C-A2ED-5CE46EEC455B}
		{D3167474-C2B9-4E35-BC26-FDC3AE84A69F} = {D7CA87CA-8340-4E2C-A2ED-5CE46EEC455B}
		{F58F65D1-6289-40FE-A3F2-A1CC4207191E} = {A69328F4-C11C-4A08-BC53-F6C06725CF0C}
		{1EF9545A-3EE6-44B8-8D93-037D94BAFF5E} = {A69328F4-C11C-4A08-BC53-F6C06725CF0C}
		{D98C172E-0F8D-434F-BB14-EE1CC12B2270} = {A69328F4-C11C-4A08-BC53-F6C06725CF0C}
		{8564A66E-95DD-46E7-B4B5-E3E191D9F1D6} = {5EFD2F76-6028-4477-BD8F-5EEC0237AD63}
		{8365202E-4D07-415A-A2D7-A92A238B0708} = {5EFD2F76-6028-4477-BD8F-5EEC0237AD63}
		{82C85190-BFFC-47C9-ACEA-ACFD6416DA34} = {1DD256EC-E671-4406-B2C4-85FAEDACFCEE}
		{84032E91-069B-454B-9D7D-036B48153FA1} = {1DD256EC-E671-4406-B2C4-85FAEDACFCEE}
		{F1786425-0672-401D-AC1E-48557B1C333A} = {6F689E91-579B-4497-B8F2-7D91E4339EE6}
		{56707BDA-F3C7-40B9-A5FA-B24C7699448B} = {6F689E91-579B-4497-B8F2-7D91E4339EE6}
		{5A9C6E60-22A7-4B41-B2ED-A19EE17FAC76} = {6F689E91-579B-4497-B8F2-7D91E4339EE6}
		{4C51402A-72E6-48C1-A134-9627A94DC183} = {F8F60D11-DB27-46F4-907C-D7E5B97F94B3}
		{00098288-5DCD-4C6E-AF3A-53A39F614397} = {F8F60D11-DB27-46F4-907C-D7E5B97F94B3}
		{CAE6A8EA-6254-478D-AECB-2B89C9B84870} = {F8F60D11-DB27-46F4-907C-D7E5B97F94B3}
		{A533465C-4A06-4FFC-94D1-BF119084808F} = {85AC5FBB-5C51-4A65-B6CE-B26C6D3266DF}
		{F71F57C8-F698-4224-B3CB-B226DE2D6AA8} = {B2B3111E-6297-4AFF-B8FA-E90DBC41D2A6}
		{87E8D43D-4D46-40FC-A750-91A038168389} = {B2B3111E-6297-4AFF-B8FA-E90DBC41D2A6}
		{5744DD88-FC4F-46C9-8772-AC2C145DCBA2} = {B2B3111E-6297-4AFF-B8FA-E90DBC41D2A6}
		{D00C8625-B286-4FCE-8E4F-4FDD271CA08F} = {7844DB61-3723-4571-894D-EF03F5BF0298}
		{F0499EC2-768B-4EC7-8ECE-27B9A318CF1D} = {7844DB61-3723-4571-894D-EF03F5BF0298}
		{E745DD76-600D-4F03-8E16-EEC4634FF84A} = {7844DB61-3723-4571-894D-EF03F5BF0298}
		{599B6EC4-E5CD-4D8D-BAE3-6662BD134D0E} = {EC137B76-1C6E-41E9-A08C-F137458D2BA5}
		{2CB904CC-FC85-42F9-8896-718D945F1E7C} = {EC137B76-1C6E-41E9-A08C-F137458D2BA5}
		{F73F3235-F078-4D1D-B583-C673C570378F} = {EC137B76-1C6E-41E9-A08C-F137458D2BA5}
		{26A23CFF-A778-47FF-AABC-434E21AB3143} = {4AB74B06-60FD-45F7-B46A-809A7A5DC33F}
		{08A2C610-AF9F-40A4-B35C-D0CD1EAE89C2} = {4AB74B06-60FD-45F7-B46A-809A7A5DC33F}
		{73311CEE-0978-4605-A93D-4F0E3CEE0822} = {4AB74B06-60FD-45F7-B46A-809A7A5DC33F}
		{01547782-B364-49BE-88BB-331576E8C842} = {4AB74B06-60FD-45F7-B46A-809A7A5DC33F}
		{A1E7ABDA-A12A-4E88-B29D-AE93B9462289} = {92C77034-1B33-4CFD-9C5E-033BBFCBFA90}
		{9DA31247-DA06-4B1A-8CCF-52E75E306A3E} = {92C77034-1B33-4CFD-9C5E-033BBFCBFA90}
		{52D796BA-DE4C-4340-9A7F-0FC0D87B7727} = {92C77034-1B33-4CFD-9C5E-033BBFCBFA90}
		{E715A20F-F98B-496E-9E19-75322579B5AD} = {92C77034-1B33-4CFD-9C5E-033BBFCBFA90}
		{0C80E2D7-6C22-4227-A43D-EAA91885DC13} = {92C77034-1B33-4CFD-9C5E-033BBFCBFA90}
		{D7974C0C-27F9-4512-90F2-0401466DCFA9} = {92C77034-1B33-4CFD-9C5E-033BBFCBFA90}
		{55936DB4-B12D-45A2-90D2-DF34350BD4E3} = {92C77034-1B33-4CFD-9C5E-033BBFCBFA90}
		{8776D0AB-4757-4222-8B73-28CC30390C3E} = {92C77034-1B33-4CFD-9C5E-033BBFCBFA90}
		{C7AF3622-8757-4886-BDAD-3F0BF4F8507C} = {938F19AE-710F-4A35-87D6-85DEC753FA1B}
		{0921709E-E349-447D-9988-1ACD8062501A} = {938F19AE-710F-4A35-87D6-85DEC753FA1B}
		{DC549CEF-7F47-4F02-8795-275FC0F21243} = {938F19AE-710F-4A35-87D6-85DEC753FA1B}
		{4CEAF9C2-2783-41DC-BA08-43CE42882BD8} = {938F19AE-710F-4A35-87D6-85DEC753FA1B}
		{F332E7BA-B0AB-4398-BA4C-406BC1F27186} = {938F19AE-710F-4A35-87D6-85DEC753FA1B}
		{2772DA52-A7CD-458E-B784-B1293CE6B68B} = {938F19AE-710F-4A35-87D6-85DEC753FA1B}
		{3FAFFC6B-95B4-4D84-B708-2D2F5E3DB1BF} = {938F19AE-710F-4A35-87D6-85DEC753FA1B}
		{D6CABB08-2AA7-4EBB-BBAC-5CA265068942} = {2CA294F9-B718-497C-9E0C-AE761F5D13B4}
		{1D941B91-2ED7-45AD-9009-97F6211CF4C4} = {2CA294F9-B718-497C-9E0C-AE761F5D13B4}
		{3C8D6626-2B1D-4E94-A9DD-F06BB35BF604} = {2CA294F9-B718-497C-9E0C-AE761F5D13B4}
		{614849C0-8434-4B60-8D1B-DEFD931D1438} = {2CA294F9-B718-497C-9E0C-AE761F5D13B4}
		{4260E84C-2D40-4DE6-954E-396F53014611} = {2CA294F9-B718-497C-9E0C-AE761F5D13B4}
		{45D4AC32-6863-4864-A069-4677E15C8069} = {A5BB97F6-5DA0-404B-B60E-356C04EE0538}
		{AB20E167-CDE0-4F05-8669-19565BC0299A} = {69C1955C-655F-4958-8C6B-243C39CEF0D7}
		{3B56BA53-0821-4CA8-BEA2-9E38B0EDF508} = {92C77034-1B33-4CFD-9C5E-033BBFCBFA90}
		{CC073524-B669-42A7-92CF-AB9D8369C09C} = {92C77034-1B33-4CFD-9C5E-033BBFCBFA90}
	EndGlobalSection
	GlobalSection(ExtensibilityGlobals) = postSolution
		SolutionGuid = {E9927CF8-C10C-47E1-87FD-7ACEEBCD340D}
	EndGlobalSection
EndGlobal
