
Microsoft Visual Studio Solution File, Format Version 12.00
# Visual Studio Version 17
VisualStudioVersion = 17.2.32616.157
MinimumVisualStudioVersion = 10.0.40219.1
Project("{2150E333-8FDC-42A3-9474-1A3956D46DE8}") = "Application", "Application", "{5FC23AD9-D43A-4F88-9E13-3D0371214BE1}"
EndProject
Project("{2150E333-8FDC-42A3-9474-1A3956D46DE8}") = "Core", "Core", "{2783FC5B-7D87-4F3C-9444-9DDA8F214856}"
EndProject
Project("{2150E333-8FDC-42A3-9474-1A3956D46DE8}") = "Infrastructure", "Infrastructure", "{18D55F78-BC4E-466B-AB5A-0641B11D54BC}"
EndProject
Project("{2150E333-8FDC-42A3-9474-1A3956D46DE8}") = "Security", "Security", "{5F3B2580-429C-4A97-9BBE-C17B7A327607}"
EndProject
Project("{2150E333-8FDC-42A3-9474-1A3956D46DE8}") = "WebApi", "WebApi", "{CB735B4C-219F-4231-AACE-6F94A103E99A}"
EndProject
Project("{9A19103F-16F7-4668-BE54-9A1E7A4F7556}") = "MerchantPortal.Application", "MerchantPortal.Application\MerchantPortal.Application.csproj", "{68667444-A9C5-4B56-9CD8-83C302D4D0F0}"
EndProject
Project("{9A19103F-16F7-4668-BE54-9A1E7A4F7556}") = "MerchantPortal.Application.Contracts", "MerchantPortal.Application.Contracts\MerchantPortal.Application.Contracts.csproj", "{5621A6C7-262D-4DE8-A514-BB39BB9C9261}"
EndProject
Project("{9A19103F-16F7-4668-BE54-9A1E7A4F7556}") = "MerchantPortal.Core", "MerchantPortal.Core\MerchantPortal.Core.csproj", "{079A254E-FAA0-49B0-B543-A91F303EB1E9}"
EndProject
Project("{9A19103F-16F7-4668-BE54-9A1E7A4F7556}") = "MerchantPortal.Infrastructure", "MerchantPortal.Infrastructure\MerchantPortal.Infrastructure.csproj", "{27A35C90-BEC2-4960-A552-6C8D2E87156B}"
EndProject
Project("{9A19103F-16F7-4668-BE54-9A1E7A4F7556}") = "MerchantPortal.Infrastructure.Identity", "MerchantPortal.Infrastructure.Identity\MerchantPortal.Infrastructure.Identity.csproj", "{93BDB869-B9A0-4ADB-B1A0-3EE69143D513}"
EndProject
Project("{9A19103F-16F7-4668-BE54-9A1E7A4F7556}") = "MerchantPortal.Infrastructure.Persistence", "MerchantPortal.Infrastructure.Persistence\MerchantPortal.Infrastructure.Persistence.csproj", "{C94A82F3-7181-4A11-9F7E-E1950082F3DA}"
EndProject
Project("{9A19103F-16F7-4668-BE54-9A1E7A4F7556}") = "MerchantPortal.Security", "MerchantPortal.Security\MerchantPortal.Security.csproj", "{E0E78E10-A9F5-4E80-8CEC-24C682D8BDFB}"
EndProject
Project("{9A19103F-16F7-4668-BE54-9A1E7A4F7556}") = "MerchantPortal.Security.Contracts", "MerchantPortal.Security.Contracts\MerchantPortal.Security.Contracts.csproj", "{F2A591C6-E860-4D91-B08A-6D7DD5BA5122}"
EndProject
Project("{FAE04EC0-301F-11D3-BF4B-00C04F79EFBC}") = "MerchantPortal.WebApi", "MerchantPortal.WebApi\MerchantPortal.WebApi.csproj", "{CF52FD21-6A95-461B-9480-6B20DA0DF3CA}"
EndProject
Global
	GlobalSection(SolutionConfigurationPlatforms) = preSolution
		Debug|Any CPU = Debug|Any CPU
		Release|Any CPU = Release|Any CPU
	EndGlobalSection
	GlobalSection(ProjectConfigurationPlatforms) = postSolution
		{68667444-A9C5-4B56-9CD8-83C302D4D0F0}.Debug|Any CPU.ActiveCfg = Debug|Any CPU
		{68667444-A9C5-4B56-9CD8-83C302D4D0F0}.Debug|Any CPU.Build.0 = Debug|Any CPU
		{68667444-A9C5-4B56-9CD8-83C302D4D0F0}.Release|Any CPU.ActiveCfg = Release|Any CPU
		{68667444-A9C5-4B56-9CD8-83C302D4D0F0}.Release|Any CPU.Build.0 = Release|Any CPU
		{5621A6C7-262D-4DE8-A514-BB39BB9C9261}.Debug|Any CPU.ActiveCfg = Debug|Any CPU
		{5621A6C7-262D-4DE8-A514-BB39BB9C9261}.Debug|Any CPU.Build.0 = Debug|Any CPU
		{5621A6C7-262D-4DE8-A514-BB39BB9C9261}.Release|Any CPU.ActiveCfg = Release|Any CPU
		{5621A6C7-262D-4DE8-A514-BB39BB9C9261}.Release|Any CPU.Build.0 = Release|Any CPU
		{079A254E-FAA0-49B0-B543-A91F303EB1E9}.Debug|Any CPU.ActiveCfg = Debug|Any CPU
		{079A254E-FAA0-49B0-B543-A91F303EB1E9}.Debug|Any CPU.Build.0 = Debug|Any CPU
		{079A254E-FAA0-49B0-B543-A91F303EB1E9}.Release|Any CPU.ActiveCfg = Release|Any CPU
		{079A254E-FAA0-49B0-B543-A91F303EB1E9}.Release|Any CPU.Build.0 = Release|Any CPU
		{27A35C90-BEC2-4960-A552-6C8D2E87156B}.Debug|Any CPU.ActiveCfg = Debug|Any CPU
		{27A35C90-BEC2-4960-A552-6C8D2E87156B}.Debug|Any CPU.Build.0 = Debug|Any CPU
		{27A35C90-BEC2-4960-A552-6C8D2E87156B}.Release|Any CPU.ActiveCfg = Release|Any CPU
		{27A35C90-BEC2-4960-A552-6C8D2E87156B}.Release|Any CPU.Build.0 = Release|Any CPU
		{93BDB869-B9A0-4ADB-B1A0-3EE69143D513}.Debug|Any CPU.ActiveCfg = Debug|Any CPU
		{93BDB869-B9A0-4ADB-B1A0-3EE69143D513}.Debug|Any CPU.Build.0 = Debug|Any CPU
		{93BDB869-B9A0-4ADB-B1A0-3EE69143D513}.Release|Any CPU.ActiveCfg = Release|Any CPU
		{93BDB869-B9A0-4ADB-B1A0-3EE69143D513}.Release|Any CPU.Build.0 = Release|Any CPU
		{C94A82F3-7181-4A11-9F7E-E1950082F3DA}.Debug|Any CPU.ActiveCfg = Debug|Any CPU
		{C94A82F3-7181-4A11-9F7E-E1950082F3DA}.Debug|Any CPU.Build.0 = Debug|Any CPU
		{C94A82F3-7181-4A11-9F7E-E1950082F3DA}.Release|Any CPU.ActiveCfg = Release|Any CPU
		{C94A82F3-7181-4A11-9F7E-E1950082F3DA}.Release|Any CPU.Build.0 = Release|Any CPU
		{E0E78E10-A9F5-4E80-8CEC-24C682D8BDFB}.Debug|Any CPU.ActiveCfg = Debug|Any CPU
		{E0E78E10-A9F5-4E80-8CEC-24C682D8BDFB}.Debug|Any CPU.Build.0 = Debug|Any CPU
		{E0E78E10-A9F5-4E80-8CEC-24C682D8BDFB}.Release|Any CPU.ActiveCfg = Release|Any CPU
		{E0E78E10-A9F5-4E80-8CEC-24C682D8BDFB}.Release|Any CPU.Build.0 = Release|Any CPU
		{F2A591C6-E860-4D91-B08A-6D7DD5BA5122}.Debug|Any CPU.ActiveCfg = Debug|Any CPU
		{F2A591C6-E860-4D91-B08A-6D7DD5BA5122}.Debug|Any CPU.Build.0 = Debug|Any CPU
		{F2A591C6-E860-4D91-B08A-6D7DD5BA5122}.Release|Any CPU.ActiveCfg = Release|Any CPU
		{F2A591C6-E860-4D91-B08A-6D7DD5BA5122}.Release|Any CPU.Build.0 = Release|Any CPU
		{CF52FD21-6A95-461B-9480-6B20DA0DF3CA}.Debug|Any CPU.ActiveCfg = Debug|Any CPU
		{CF52FD21-6A95-461B-9480-6B20DA0DF3CA}.Debug|Any CPU.Build.0 = Debug|Any CPU
		{CF52FD21-6A95-461B-9480-6B20DA0DF3CA}.Release|Any CPU.ActiveCfg = Release|Any CPU
		{CF52FD21-6A95-461B-9480-6B20DA0DF3CA}.Release|Any CPU.Build.0 = Release|Any CPU
	EndGlobalSection
	GlobalSection(SolutionProperties) = preSolution
		HideSolutionNode = FALSE
	EndGlobalSection
	GlobalSection(NestedProjects) = preSolution
		{68667444-A9C5-4B56-9CD8-83C302D4D0F0} = {5FC23AD9-D43A-4F88-9E13-3D0371214BE1}
		{5621A6C7-262D-4DE8-A514-BB39BB9C9261} = {5FC23AD9-D43A-4F88-9E13-3D0371214BE1}
		{079A254E-FAA0-49B0-B543-A91F303EB1E9} = {2783FC5B-7D87-4F3C-9444-9DDA8F214856}
		{27A35C90-BEC2-4960-A552-6C8D2E87156B} = {18D55F78-BC4E-466B-AB5A-0641B11D54BC}
		{93BDB869-B9A0-4ADB-B1A0-3EE69143D513} = {18D55F78-BC4E-466B-AB5A-0641B11D54BC}
		{C94A82F3-7181-4A11-9F7E-E1950082F3DA} = {18D55F78-BC4E-466B-AB5A-0641B11D54BC}
		{E0E78E10-A9F5-4E80-8CEC-24C682D8BDFB} = {5F3B2580-429C-4A97-9BBE-C17B7A327607}
		{F2A591C6-E860-4D91-B08A-6D7DD5BA5122} = {5F3B2580-429C-4A97-9BBE-C17B7A327607}
		{CF52FD21-6A95-461B-9480-6B20DA0DF3CA} = {CB735B4C-219F-4231-AACE-6F94A103E99A}
	EndGlobalSection
	GlobalSection(ExtensibilityGlobals) = postSolution
		SolutionGuid = {D6833603-DD22-4624-AB4A-235C51671F62}
	EndGlobalSection
EndGlobal
