
Microsoft Visual Studio Solution File, Format Version 12.00
# Visual Studio Version 17
VisualStudioVersion = 17.2.32616.157
MinimumVisualStudioVersion = 10.0.40219.1
Project("{2150E333-8FDC-42A3-9474-1A3956D46DE8}") = "Infrastructure", "Infrastructure", "{18D55F78-BC4E-466B-AB5A-0641B11D54BC}"
EndProject
Project("{9A19103F-16F7-4668-BE54-9A1E7A4F7556}") = "Play.Domain", "Infrastructure\Play.Domain\Play.Domain.csproj", "{41FAD4DF-A288-46A2-BB44-06F26A1EAA35}"
EndProject
Project("{9A19103F-16F7-4668-BE54-9A1E7A4F7556}") = "Play.Persistence.Mongo", "Infrastructure\Play.Persistence.Mongo\Play.Persistence.Mongo.csproj", "{42772BCA-4B19-4F17-AD03-1E6A628CB28A}"
EndProject
Project("{9A19103F-16F7-4668-BE54-9A1E7A4F7556}") = "Play.Persistence.Sql", "Infrastructure\Play.Persistence.Sql\Play.Persistence.Sql.csproj", "{0FA698C8-FCF7-444A-8C4A-C764CF66ADB3}"
EndProject
Project("{9A19103F-16F7-4668-BE54-9A1E7A4F7556}") = "Play.Globalization", "..\Emvco\Core\Play.Globalization\Play.Globalization.csproj", "{44D1ED40-3D73-4862-96AC-4D2C2BABF22D}"
EndProject
Project("{2150E333-8FDC-42A3-9474-1A3956D46DE8}") = "Accounts", "Accounts", "{460B0CC6-3EFF-4FC8-B4E0-A01349EE3803}"
EndProject
Project("{9A19103F-16F7-4668-BE54-9A1E7A4F7556}") = "Play.Accounts.Contracts", "Accounts\Play.Accounts.Contracts\Play.Accounts.Contracts.csproj", "{FE3AD17E-B250-4A4B-8FF4-3FA0D1B87A6D}"
EndProject
Project("{9A19103F-16F7-4668-BE54-9A1E7A4F7556}") = "Play.Accounts.Domain", "Accounts\Play.Accounts.Domain\Play.Accounts.Domain.csproj", "{FAEAC8F8-498D-40A8-9607-CDA46F14E8AF}"
EndProject
Project("{9A19103F-16F7-4668-BE54-9A1E7A4F7556}") = "Play.Accounts.Sql", "Accounts\Play.Accounts.Sql\Play.Accounts.Sql.csproj", "{834FCE12-8D19-41B7-B430-6C30F659E7E2}"
EndProject
Project("{9A19103F-16F7-4668-BE54-9A1E7A4F7556}") = "Play.Accounts.Application", "Accounts\Play.Accounts.Application\Play.Accounts.Application.csproj", "{2EFBAC6F-EE2E-40DD-825F-7376E7996BE6}"
EndProject
Project("{9A19103F-16F7-4668-BE54-9A1E7A4F7556}") = "Play.Messaging.NServiceBus", "Infrastructure\Play.Messaging.NServiceBus\Play.Messaging.NServiceBus.csproj", "{4DB6BA4E-1F79-4E53-B234-373D955FA349}"
EndProject
Project("{9A19103F-16F7-4668-BE54-9A1E7A4F7556}") = "Play.Logging", "Infrastructure\Play.Logging\Play.Logging.csproj", "{C2CA4F33-E5B1-46B9-A341-D585786CF324}"
EndProject
Project("{9A19103F-16F7-4668-BE54-9A1E7A4F7556}") = "Play.Randoms", "..\Emvco\Core\Play.Randoms\Play.Randoms.csproj", "{8FC02437-8597-45C1-B7A1-FC09C0468E6C}"
EndProject
Project("{2150E333-8FDC-42A3-9474-1A3956D46DE8}") = "IAM", "IAM", "{1BED97E7-2358-4FD9-9C7A-C40D8F5C3845}"
EndProject
Project("{2150E333-8FDC-42A3-9474-1A3956D46DE8}") = "_HackingShit", "_HackingShit", "{16E21962-CC11-4612-9E81-42F8E97732E0}"
EndProject
Project("{9A19103F-16F7-4668-BE54-9A1E7A4F7556}") = "_DeleteMe.MerchantPortal.DeleteMe", "_HackingShit\_DeleteMe.MerchantPortal.DeleteMe\_DeleteMe.MerchantPortal.DeleteMe.csproj", "{72E96B99-26CD-4496-B247-CD10366E479C}"
EndProject
Project("{9A19103F-16F7-4668-BE54-9A1E7A4F7556}") = "Play.Identity.Api", "IAM\Play.Identity.Api\Play.Identity.Api.csproj", "{15D230CB-4F27-40C2-8FA4-B85764D9F063}"
EndProject
Project("{9A19103F-16F7-4668-BE54-9A1E7A4F7556}") = "Play.Persistence", "Infrastructure\Play.Persistence\Play.Persistence.csproj", "{0E25D2E8-C051-430E-812A-BD796D126010}"
EndProject
Project("{9A19103F-16F7-4668-BE54-9A1E7A4F7556}") = "Play.Identity.Application", "IAM\Play.Identity.Application\Play.Identity.Application.csproj", "{C0E269B2-9207-496A-9BD3-20A254F80501}"
EndProject
Project("{FAE04EC0-301F-11D3-BF4B-00C04F79EFBC}") = "Play.Telecom.SendGrid", "Infrastructure\Play.Telecom\Play.Telecom.SendGrid.csproj", "{4DE8A436-9400-4C6F-803D-8ECCE7025F14}"
EndProject
Project("{9A19103F-16F7-4668-BE54-9A1E7A4F7556}") = "Play.Core", "..\Emvco\Core\Play.Core\Play.Core.csproj", "{DAC70B20-4856-4735-911F-560FF437C15D}"
EndProject
Project("{FAE04EC0-301F-11D3-BF4B-00C04F79EFBC}") = "Play.Identity.Domain", "IAM\Play.Identity.Domain\Play.Identity.Domain.csproj", "{971B7D8E-6188-4193-8273-7F07C5C75ECB}"
EndProject
Project("{FAE04EC0-301F-11D3-BF4B-00C04F79EFBC}") = "Play.Identity.Contracts", "IAM\Play.Identity.Contracts\Play.Identity.Contracts.csproj", "{2C0DA2AC-C697-4F77-9C3A-2FB18AF1B4F4}"
EndProject
Global
	GlobalSection(SolutionConfigurationPlatforms) = preSolution
		Debug|Any CPU = Debug|Any CPU
		Release|Any CPU = Release|Any CPU
	EndGlobalSection
	GlobalSection(ProjectConfigurationPlatforms) = postSolution
		{41FAD4DF-A288-46A2-BB44-06F26A1EAA35}.Debug|Any CPU.ActiveCfg = Debug|Any CPU
		{41FAD4DF-A288-46A2-BB44-06F26A1EAA35}.Debug|Any CPU.Build.0 = Debug|Any CPU
		{41FAD4DF-A288-46A2-BB44-06F26A1EAA35}.Release|Any CPU.ActiveCfg = Release|Any CPU
		{41FAD4DF-A288-46A2-BB44-06F26A1EAA35}.Release|Any CPU.Build.0 = Release|Any CPU
		{42772BCA-4B19-4F17-AD03-1E6A628CB28A}.Debug|Any CPU.ActiveCfg = Debug|Any CPU
		{42772BCA-4B19-4F17-AD03-1E6A628CB28A}.Debug|Any CPU.Build.0 = Debug|Any CPU
		{42772BCA-4B19-4F17-AD03-1E6A628CB28A}.Release|Any CPU.ActiveCfg = Release|Any CPU
		{42772BCA-4B19-4F17-AD03-1E6A628CB28A}.Release|Any CPU.Build.0 = Release|Any CPU
		{0FA698C8-FCF7-444A-8C4A-C764CF66ADB3}.Debug|Any CPU.ActiveCfg = Debug|Any CPU
		{0FA698C8-FCF7-444A-8C4A-C764CF66ADB3}.Debug|Any CPU.Build.0 = Debug|Any CPU
		{0FA698C8-FCF7-444A-8C4A-C764CF66ADB3}.Release|Any CPU.ActiveCfg = Release|Any CPU
		{0FA698C8-FCF7-444A-8C4A-C764CF66ADB3}.Release|Any CPU.Build.0 = Release|Any CPU
		{44D1ED40-3D73-4862-96AC-4D2C2BABF22D}.Debug|Any CPU.ActiveCfg = Debug|Any CPU
		{44D1ED40-3D73-4862-96AC-4D2C2BABF22D}.Debug|Any CPU.Build.0 = Debug|Any CPU
		{44D1ED40-3D73-4862-96AC-4D2C2BABF22D}.Release|Any CPU.ActiveCfg = Release|Any CPU
		{44D1ED40-3D73-4862-96AC-4D2C2BABF22D}.Release|Any CPU.Build.0 = Release|Any CPU
		{FE3AD17E-B250-4A4B-8FF4-3FA0D1B87A6D}.Debug|Any CPU.ActiveCfg = Debug|Any CPU
		{FE3AD17E-B250-4A4B-8FF4-3FA0D1B87A6D}.Debug|Any CPU.Build.0 = Debug|Any CPU
		{FE3AD17E-B250-4A4B-8FF4-3FA0D1B87A6D}.Release|Any CPU.ActiveCfg = Release|Any CPU
		{FE3AD17E-B250-4A4B-8FF4-3FA0D1B87A6D}.Release|Any CPU.Build.0 = Release|Any CPU
		{FAEAC8F8-498D-40A8-9607-CDA46F14E8AF}.Debug|Any CPU.ActiveCfg = Debug|Any CPU
		{FAEAC8F8-498D-40A8-9607-CDA46F14E8AF}.Debug|Any CPU.Build.0 = Debug|Any CPU
		{FAEAC8F8-498D-40A8-9607-CDA46F14E8AF}.Release|Any CPU.ActiveCfg = Release|Any CPU
		{FAEAC8F8-498D-40A8-9607-CDA46F14E8AF}.Release|Any CPU.Build.0 = Release|Any CPU
		{834FCE12-8D19-41B7-B430-6C30F659E7E2}.Debug|Any CPU.ActiveCfg = Debug|Any CPU
		{834FCE12-8D19-41B7-B430-6C30F659E7E2}.Debug|Any CPU.Build.0 = Debug|Any CPU
		{834FCE12-8D19-41B7-B430-6C30F659E7E2}.Release|Any CPU.ActiveCfg = Release|Any CPU
		{834FCE12-8D19-41B7-B430-6C30F659E7E2}.Release|Any CPU.Build.0 = Release|Any CPU
		{2EFBAC6F-EE2E-40DD-825F-7376E7996BE6}.Debug|Any CPU.ActiveCfg = Debug|Any CPU
		{2EFBAC6F-EE2E-40DD-825F-7376E7996BE6}.Debug|Any CPU.Build.0 = Debug|Any CPU
		{2EFBAC6F-EE2E-40DD-825F-7376E7996BE6}.Release|Any CPU.ActiveCfg = Release|Any CPU
		{2EFBAC6F-EE2E-40DD-825F-7376E7996BE6}.Release|Any CPU.Build.0 = Release|Any CPU
		{4DB6BA4E-1F79-4E53-B234-373D955FA349}.Debug|Any CPU.ActiveCfg = Debug|Any CPU
		{4DB6BA4E-1F79-4E53-B234-373D955FA349}.Debug|Any CPU.Build.0 = Debug|Any CPU
		{4DB6BA4E-1F79-4E53-B234-373D955FA349}.Release|Any CPU.ActiveCfg = Release|Any CPU
		{4DB6BA4E-1F79-4E53-B234-373D955FA349}.Release|Any CPU.Build.0 = Release|Any CPU
		{C2CA4F33-E5B1-46B9-A341-D585786CF324}.Debug|Any CPU.ActiveCfg = Debug|Any CPU
		{C2CA4F33-E5B1-46B9-A341-D585786CF324}.Debug|Any CPU.Build.0 = Debug|Any CPU
		{C2CA4F33-E5B1-46B9-A341-D585786CF324}.Release|Any CPU.ActiveCfg = Release|Any CPU
		{C2CA4F33-E5B1-46B9-A341-D585786CF324}.Release|Any CPU.Build.0 = Release|Any CPU
		{8FC02437-8597-45C1-B7A1-FC09C0468E6C}.Debug|Any CPU.ActiveCfg = Debug|Any CPU
		{8FC02437-8597-45C1-B7A1-FC09C0468E6C}.Debug|Any CPU.Build.0 = Debug|Any CPU
		{8FC02437-8597-45C1-B7A1-FC09C0468E6C}.Release|Any CPU.ActiveCfg = Release|Any CPU
		{8FC02437-8597-45C1-B7A1-FC09C0468E6C}.Release|Any CPU.Build.0 = Release|Any CPU
		{72E96B99-26CD-4496-B247-CD10366E479C}.Debug|Any CPU.ActiveCfg = Debug|Any CPU
		{72E96B99-26CD-4496-B247-CD10366E479C}.Debug|Any CPU.Build.0 = Debug|Any CPU
		{72E96B99-26CD-4496-B247-CD10366E479C}.Release|Any CPU.ActiveCfg = Release|Any CPU
		{72E96B99-26CD-4496-B247-CD10366E479C}.Release|Any CPU.Build.0 = Release|Any CPU
		{15D230CB-4F27-40C2-8FA4-B85764D9F063}.Debug|Any CPU.ActiveCfg = Debug|Any CPU
		{15D230CB-4F27-40C2-8FA4-B85764D9F063}.Debug|Any CPU.Build.0 = Debug|Any CPU
		{15D230CB-4F27-40C2-8FA4-B85764D9F063}.Release|Any CPU.ActiveCfg = Release|Any CPU
		{15D230CB-4F27-40C2-8FA4-B85764D9F063}.Release|Any CPU.Build.0 = Release|Any CPU
		{0E25D2E8-C051-430E-812A-BD796D126010}.Debug|Any CPU.ActiveCfg = Debug|Any CPU
		{0E25D2E8-C051-430E-812A-BD796D126010}.Debug|Any CPU.Build.0 = Debug|Any CPU
		{0E25D2E8-C051-430E-812A-BD796D126010}.Release|Any CPU.ActiveCfg = Release|Any CPU
		{0E25D2E8-C051-430E-812A-BD796D126010}.Release|Any CPU.Build.0 = Release|Any CPU
		{C0E269B2-9207-496A-9BD3-20A254F80501}.Debug|Any CPU.ActiveCfg = Debug|Any CPU
		{C0E269B2-9207-496A-9BD3-20A254F80501}.Debug|Any CPU.Build.0 = Debug|Any CPU
		{C0E269B2-9207-496A-9BD3-20A254F80501}.Release|Any CPU.ActiveCfg = Release|Any CPU
		{C0E269B2-9207-496A-9BD3-20A254F80501}.Release|Any CPU.Build.0 = Release|Any CPU
		{4DE8A436-9400-4C6F-803D-8ECCE7025F14}.Debug|Any CPU.ActiveCfg = Debug|Any CPU
		{4DE8A436-9400-4C6F-803D-8ECCE7025F14}.Debug|Any CPU.Build.0 = Debug|Any CPU
		{4DE8A436-9400-4C6F-803D-8ECCE7025F14}.Release|Any CPU.ActiveCfg = Release|Any CPU
		{4DE8A436-9400-4C6F-803D-8ECCE7025F14}.Release|Any CPU.Build.0 = Release|Any CPU
		{DAC70B20-4856-4735-911F-560FF437C15D}.Debug|Any CPU.ActiveCfg = Debug|Any CPU
		{DAC70B20-4856-4735-911F-560FF437C15D}.Debug|Any CPU.Build.0 = Debug|Any CPU
		{DAC70B20-4856-4735-911F-560FF437C15D}.Release|Any CPU.ActiveCfg = Release|Any CPU
		{DAC70B20-4856-4735-911F-560FF437C15D}.Release|Any CPU.Build.0 = Release|Any CPU
		{971B7D8E-6188-4193-8273-7F07C5C75ECB}.Debug|Any CPU.ActiveCfg = Debug|Any CPU
		{971B7D8E-6188-4193-8273-7F07C5C75ECB}.Debug|Any CPU.Build.0 = Debug|Any CPU
		{971B7D8E-6188-4193-8273-7F07C5C75ECB}.Release|Any CPU.ActiveCfg = Release|Any CPU
		{971B7D8E-6188-4193-8273-7F07C5C75ECB}.Release|Any CPU.Build.0 = Release|Any CPU
		{2C0DA2AC-C697-4F77-9C3A-2FB18AF1B4F4}.Debug|Any CPU.ActiveCfg = Debug|Any CPU
		{2C0DA2AC-C697-4F77-9C3A-2FB18AF1B4F4}.Debug|Any CPU.Build.0 = Debug|Any CPU
		{2C0DA2AC-C697-4F77-9C3A-2FB18AF1B4F4}.Release|Any CPU.ActiveCfg = Release|Any CPU
		{2C0DA2AC-C697-4F77-9C3A-2FB18AF1B4F4}.Release|Any CPU.Build.0 = Release|Any CPU
	EndGlobalSection
	GlobalSection(SolutionProperties) = preSolution
		HideSolutionNode = FALSE
	EndGlobalSection
	GlobalSection(NestedProjects) = preSolution
		{41FAD4DF-A288-46A2-BB44-06F26A1EAA35} = {18D55F78-BC4E-466B-AB5A-0641B11D54BC}
		{42772BCA-4B19-4F17-AD03-1E6A628CB28A} = {18D55F78-BC4E-466B-AB5A-0641B11D54BC}
		{0FA698C8-FCF7-444A-8C4A-C764CF66ADB3} = {18D55F78-BC4E-466B-AB5A-0641B11D54BC}
		{44D1ED40-3D73-4862-96AC-4D2C2BABF22D} = {18D55F78-BC4E-466B-AB5A-0641B11D54BC}
		{FE3AD17E-B250-4A4B-8FF4-3FA0D1B87A6D} = {460B0CC6-3EFF-4FC8-B4E0-A01349EE3803}
		{FAEAC8F8-498D-40A8-9607-CDA46F14E8AF} = {460B0CC6-3EFF-4FC8-B4E0-A01349EE3803}
		{834FCE12-8D19-41B7-B430-6C30F659E7E2} = {460B0CC6-3EFF-4FC8-B4E0-A01349EE3803}
		{2EFBAC6F-EE2E-40DD-825F-7376E7996BE6} = {460B0CC6-3EFF-4FC8-B4E0-A01349EE3803}
		{4DB6BA4E-1F79-4E53-B234-373D955FA349} = {18D55F78-BC4E-466B-AB5A-0641B11D54BC}
		{C2CA4F33-E5B1-46B9-A341-D585786CF324} = {18D55F78-BC4E-466B-AB5A-0641B11D54BC}
		{8FC02437-8597-45C1-B7A1-FC09C0468E6C} = {18D55F78-BC4E-466B-AB5A-0641B11D54BC}
		{72E96B99-26CD-4496-B247-CD10366E479C} = {16E21962-CC11-4612-9E81-42F8E97732E0}
		{15D230CB-4F27-40C2-8FA4-B85764D9F063} = {1BED97E7-2358-4FD9-9C7A-C40D8F5C3845}
		{0E25D2E8-C051-430E-812A-BD796D126010} = {18D55F78-BC4E-466B-AB5A-0641B11D54BC}
		{C0E269B2-9207-496A-9BD3-20A254F80501} = {1BED97E7-2358-4FD9-9C7A-C40D8F5C3845}
		{4DE8A436-9400-4C6F-803D-8ECCE7025F14} = {18D55F78-BC4E-466B-AB5A-0641B11D54BC}
		{DAC70B20-4856-4735-911F-560FF437C15D} = {18D55F78-BC4E-466B-AB5A-0641B11D54BC}
		{971B7D8E-6188-4193-8273-7F07C5C75ECB} = {1BED97E7-2358-4FD9-9C7A-C40D8F5C3845}
		{2C0DA2AC-C697-4F77-9C3A-2FB18AF1B4F4} = {1BED97E7-2358-4FD9-9C7A-C40D8F5C3845}
	EndGlobalSection
	GlobalSection(ExtensibilityGlobals) = postSolution
		SolutionGuid = {D6833603-DD22-4624-AB4A-235C51671F62}
	EndGlobalSection
EndGlobal
