
Microsoft Visual Studio Solution File, Format Version 12.00
# Visual Studio Version 17
VisualStudioVersion = 17.2.32616.157
MinimumVisualStudioVersion = 10.0.40219.1
Project("{2150E333-8FDC-42A3-9474-1A3956D46DE8}") = "Infrastructure", "Infrastructure", "{18D55F78-BC4E-466B-AB5A-0641B11D54BC}"
EndProject
Project("{9A19103F-16F7-4668-BE54-9A1E7A4F7556}") = "Play.Domain", "Infrastructure\Play.Domain\Play.Domain.csproj", "{41FAD4DF-A288-46A2-BB44-06F26A1EAA35}"
EndProject
Project("{9A19103F-16F7-4668-BE54-9A1E7A4F7556}") = "Play.Persistence.Mongo", "Infrastructure\Play.Persistence.Mongo\Play.Persistence.Mongo.csproj", "{42772BCA-4B19-4F17-AD03-1E6A628CB28A}"
EndProject
Project("{9A19103F-16F7-4668-BE54-9A1E7A4F7556}") = "Play.Persistence.Sql", "Infrastructure\Play.Persistence.Sql\Play.Persistence.Sql.csproj", "{0FA698C8-FCF7-444A-8C4A-C764CF66ADB3}"
EndProject
Project("{9A19103F-16F7-4668-BE54-9A1E7A4F7556}") = "Play.Globalization", "..\Emvco\Core\Play.Globalization\Play.Globalization.csproj", "{44D1ED40-3D73-4862-96AC-4D2C2BABF22D}"
EndProject
Project("{2150E333-8FDC-42A3-9474-1A3956D46DE8}") = "Accounts", "Accounts", "{460B0CC6-3EFF-4FC8-B4E0-A01349EE3803}"
EndProject
Project("{9A19103F-16F7-4668-BE54-9A1E7A4F7556}") = "Play.Accounts.Contracts", "Accounts\Play.Accounts.Contracts\Play.Accounts.Contracts.csproj", "{FE3AD17E-B250-4A4B-8FF4-3FA0D1B87A6D}"
EndProject
Project("{9A19103F-16F7-4668-BE54-9A1E7A4F7556}") = "Play.Accounts.Domain", "Accounts\Play.Accounts.Domain\Play.Accounts.Domain.csproj", "{FAEAC8F8-498D-40A8-9607-CDA46F14E8AF}"
EndProject
Project("{9A19103F-16F7-4668-BE54-9A1E7A4F7556}") = "Play.Accounts.Application", "Accounts\Play.Accounts.Application\Play.Accounts.Application.csproj", "{2EFBAC6F-EE2E-40DD-825F-7376E7996BE6}"
EndProject
Project("{9A19103F-16F7-4668-BE54-9A1E7A4F7556}") = "Play.Messaging.NServiceBus", "Infrastructure\Play.Messaging.NServiceBus\Play.Messaging.NServiceBus.csproj", "{4DB6BA4E-1F79-4E53-B234-373D955FA349}"
EndProject
Project("{9A19103F-16F7-4668-BE54-9A1E7A4F7556}") = "Play.Randoms", "..\Emvco\Core\Play.Randoms\Play.Randoms.csproj", "{8FC02437-8597-45C1-B7A1-FC09C0468E6C}"
EndProject
Project("{9A19103F-16F7-4668-BE54-9A1E7A4F7556}") = "Play.Telecom.Twilio", "Infrastructure\Play.Telecom\Play.Telecom.Twilio.csproj", "{4DE8A436-9400-4C6F-803D-8ECCE7025F14}"
EndProject
Project("{9A19103F-16F7-4668-BE54-9A1E7A4F7556}") = "Play.Core", "..\Emvco\Core\Play.Core\Play.Core.csproj", "{DAC70B20-4856-4735-911F-560FF437C15D}"
EndProject
Project("{2150E333-8FDC-42A3-9474-1A3956D46DE8}") = "Terminals", "Terminals", "{C7DC960F-14D9-43E4-92AA-2A933F241475}"
EndProject
Project("{9A19103F-16F7-4668-BE54-9A1E7A4F7556}") = "Play.Terminals.Application", "Terminals\Play.Terminals.Application\Play.Terminals.Application.csproj", "{C7B0E54D-78BE-491E-BCFE-CBCDBD7CFE53}"
EndProject
Project("{9A19103F-16F7-4668-BE54-9A1E7A4F7556}") = "Play.Terminals.Contracts", "Terminals\Play.Terminals.Contracts\Play.Terminals.Contracts.csproj", "{E6E8C275-F17B-4099-8EC2-9433B7BA8561}"
EndProject
Project("{9A19103F-16F7-4668-BE54-9A1E7A4F7556}") = "Play.Terminals.Domain", "Terminals\Play.Terminals.Domain\Play.Terminals.Domain.csproj", "{9E8D3129-9C38-408D-8578-26EFB2A729EB}"
EndProject
Project("{9A19103F-16F7-4668-BE54-9A1E7A4F7556}") = "Play.Accounts.Persistence.Sql", "Accounts\Play.Accounts.Persistence.Sql\Play.Accounts.Persistence.Sql.csproj", "{A5F05D2E-8E7D-493C-94B1-D8A3F92CB344}"
EndProject
Project("{9A19103F-16F7-4668-BE54-9A1E7A4F7556}") = "Play.Identity.Api", "Accounts\Play.Identity.Api\Play.Identity.Api.csproj", "{8E4CBF7D-DD4D-4BAF-B6D9-550D2401765B}"
EndProject
Project("{2150E333-8FDC-42A3-9474-1A3956D46DE8}") = "Portal", "Portal", "{80F844CF-229E-44FB-98D3-5BE625E2BF5C}"
	ProjectSection(SolutionItems) = preProject
		Notes.txt = Notes.txt
	EndProjectSection
EndProject
Project("{9A19103F-16F7-4668-BE54-9A1E7A4F7556}") = "Play.Mvc", "Infrastructure\Play.Mvc\Play.Mvc.csproj", "{0DF6E768-4EAF-4023-90BA-CFC1BB03FAB2}"
EndProject
Project("{9A19103F-16F7-4668-BE54-9A1E7A4F7556}") = "MockWebClient", "Portal\MockWebClient\MockWebClient.csproj", "{7AAF0609-BCBD-4FED-B67B-B553F205A5FF}"
EndProject
Project("{2150E333-8FDC-42A3-9474-1A3956D46DE8}") = "Underwriting", "Underwriting", "{78428D96-A538-4F58-A955-9993063A6BAB}"
EndProject
Project("{9A19103F-16F7-4668-BE54-9A1E7A4F7556}") = "Play.Scheduling", "Infrastructure\Play.Scheduling\Play.Scheduling.csproj", "{763E8D7D-3E31-4386-A456-C263CF32C24C}"
EndProject
Project("{9A19103F-16F7-4668-BE54-9A1E7A4F7556}") = "Play.Underwriting.Persistence.Sql", "Underwriting\Play.Underwriting.Persistence.Sql\Play.Underwriting.Persistence.Sql.csproj", "{F540BE88-745E-43BC-864B-703813060DEE}"
EndProject
Project("{9A19103F-16F7-4668-BE54-9A1E7A4F7556}") = "Play.Underwriting.Application", "Underwriting\Play.Underwriting.Application\Play.Underwriting.Application.csproj", "{8EA4772F-36F3-4784-B375-A11EF575174F}"
EndProject
Project("{9A19103F-16F7-4668-BE54-9A1E7A4F7556}") = "Play.Underwriting.ConsoleApp", "Underwriting\Play.Underwriting.ConsoleApp\Play.Underwriting.ConsoleApp.csproj", "{2D69E008-76D8-4FD7-AD52-8EF4C1602044}"
EndProject
Project("{9A19103F-16F7-4668-BE54-9A1E7A4F7556}") = "Play.Underwriting.Domain", "Underwriting\Play.Underwriting.Domain\Play.Underwriting.Domain.csproj", "{FEC887CC-E68F-48F3-9C8C-043756D440FB}"
EndProject
Global
	GlobalSection(SolutionConfigurationPlatforms) = preSolution
		Debug|Any CPU = Debug|Any CPU
		Release|Any CPU = Release|Any CPU
	EndGlobalSection
	GlobalSection(ProjectConfigurationPlatforms) = postSolution
		{41FAD4DF-A288-46A2-BB44-06F26A1EAA35}.Debug|Any CPU.ActiveCfg = Debug|Any CPU
		{41FAD4DF-A288-46A2-BB44-06F26A1EAA35}.Debug|Any CPU.Build.0 = Debug|Any CPU
		{41FAD4DF-A288-46A2-BB44-06F26A1EAA35}.Release|Any CPU.ActiveCfg = Release|Any CPU
		{41FAD4DF-A288-46A2-BB44-06F26A1EAA35}.Release|Any CPU.Build.0 = Release|Any CPU
		{42772BCA-4B19-4F17-AD03-1E6A628CB28A}.Debug|Any CPU.ActiveCfg = Debug|Any CPU
		{42772BCA-4B19-4F17-AD03-1E6A628CB28A}.Debug|Any CPU.Build.0 = Debug|Any CPU
		{42772BCA-4B19-4F17-AD03-1E6A628CB28A}.Release|Any CPU.ActiveCfg = Release|Any CPU
		{42772BCA-4B19-4F17-AD03-1E6A628CB28A}.Release|Any CPU.Build.0 = Release|Any CPU
		{0FA698C8-FCF7-444A-8C4A-C764CF66ADB3}.Debug|Any CPU.ActiveCfg = Debug|Any CPU
		{0FA698C8-FCF7-444A-8C4A-C764CF66ADB3}.Debug|Any CPU.Build.0 = Debug|Any CPU
		{0FA698C8-FCF7-444A-8C4A-C764CF66ADB3}.Release|Any CPU.ActiveCfg = Release|Any CPU
		{0FA698C8-FCF7-444A-8C4A-C764CF66ADB3}.Release|Any CPU.Build.0 = Release|Any CPU
		{44D1ED40-3D73-4862-96AC-4D2C2BABF22D}.Debug|Any CPU.ActiveCfg = Debug|Any CPU
		{44D1ED40-3D73-4862-96AC-4D2C2BABF22D}.Debug|Any CPU.Build.0 = Debug|Any CPU
		{44D1ED40-3D73-4862-96AC-4D2C2BABF22D}.Release|Any CPU.ActiveCfg = Release|Any CPU
		{44D1ED40-3D73-4862-96AC-4D2C2BABF22D}.Release|Any CPU.Build.0 = Release|Any CPU
		{FE3AD17E-B250-4A4B-8FF4-3FA0D1B87A6D}.Debug|Any CPU.ActiveCfg = Debug|Any CPU
		{FE3AD17E-B250-4A4B-8FF4-3FA0D1B87A6D}.Debug|Any CPU.Build.0 = Debug|Any CPU
		{FE3AD17E-B250-4A4B-8FF4-3FA0D1B87A6D}.Release|Any CPU.ActiveCfg = Release|Any CPU
		{FE3AD17E-B250-4A4B-8FF4-3FA0D1B87A6D}.Release|Any CPU.Build.0 = Release|Any CPU
		{FAEAC8F8-498D-40A8-9607-CDA46F14E8AF}.Debug|Any CPU.ActiveCfg = Debug|Any CPU
		{FAEAC8F8-498D-40A8-9607-CDA46F14E8AF}.Debug|Any CPU.Build.0 = Debug|Any CPU
		{FAEAC8F8-498D-40A8-9607-CDA46F14E8AF}.Release|Any CPU.ActiveCfg = Release|Any CPU
		{FAEAC8F8-498D-40A8-9607-CDA46F14E8AF}.Release|Any CPU.Build.0 = Release|Any CPU
		{2EFBAC6F-EE2E-40DD-825F-7376E7996BE6}.Debug|Any CPU.ActiveCfg = Debug|Any CPU
		{2EFBAC6F-EE2E-40DD-825F-7376E7996BE6}.Debug|Any CPU.Build.0 = Debug|Any CPU
		{2EFBAC6F-EE2E-40DD-825F-7376E7996BE6}.Release|Any CPU.ActiveCfg = Release|Any CPU
		{2EFBAC6F-EE2E-40DD-825F-7376E7996BE6}.Release|Any CPU.Build.0 = Release|Any CPU
		{4DB6BA4E-1F79-4E53-B234-373D955FA349}.Debug|Any CPU.ActiveCfg = Debug|Any CPU
		{4DB6BA4E-1F79-4E53-B234-373D955FA349}.Debug|Any CPU.Build.0 = Debug|Any CPU
		{4DB6BA4E-1F79-4E53-B234-373D955FA349}.Release|Any CPU.ActiveCfg = Release|Any CPU
		{4DB6BA4E-1F79-4E53-B234-373D955FA349}.Release|Any CPU.Build.0 = Release|Any CPU
		{8FC02437-8597-45C1-B7A1-FC09C0468E6C}.Debug|Any CPU.ActiveCfg = Debug|Any CPU
		{8FC02437-8597-45C1-B7A1-FC09C0468E6C}.Debug|Any CPU.Build.0 = Debug|Any CPU
		{8FC02437-8597-45C1-B7A1-FC09C0468E6C}.Release|Any CPU.ActiveCfg = Release|Any CPU
		{8FC02437-8597-45C1-B7A1-FC09C0468E6C}.Release|Any CPU.Build.0 = Release|Any CPU
		{4DE8A436-9400-4C6F-803D-8ECCE7025F14}.Debug|Any CPU.ActiveCfg = Debug|Any CPU
		{4DE8A436-9400-4C6F-803D-8ECCE7025F14}.Debug|Any CPU.Build.0 = Debug|Any CPU
		{4DE8A436-9400-4C6F-803D-8ECCE7025F14}.Release|Any CPU.ActiveCfg = Release|Any CPU
		{4DE8A436-9400-4C6F-803D-8ECCE7025F14}.Release|Any CPU.Build.0 = Release|Any CPU
		{DAC70B20-4856-4735-911F-560FF437C15D}.Debug|Any CPU.ActiveCfg = Debug|Any CPU
		{DAC70B20-4856-4735-911F-560FF437C15D}.Debug|Any CPU.Build.0 = Debug|Any CPU
		{DAC70B20-4856-4735-911F-560FF437C15D}.Release|Any CPU.ActiveCfg = Release|Any CPU
		{DAC70B20-4856-4735-911F-560FF437C15D}.Release|Any CPU.Build.0 = Release|Any CPU
		{C7B0E54D-78BE-491E-BCFE-CBCDBD7CFE53}.Debug|Any CPU.ActiveCfg = Debug|Any CPU
		{C7B0E54D-78BE-491E-BCFE-CBCDBD7CFE53}.Debug|Any CPU.Build.0 = Debug|Any CPU
		{C7B0E54D-78BE-491E-BCFE-CBCDBD7CFE53}.Release|Any CPU.ActiveCfg = Release|Any CPU
		{C7B0E54D-78BE-491E-BCFE-CBCDBD7CFE53}.Release|Any CPU.Build.0 = Release|Any CPU
		{E6E8C275-F17B-4099-8EC2-9433B7BA8561}.Debug|Any CPU.ActiveCfg = Debug|Any CPU
		{E6E8C275-F17B-4099-8EC2-9433B7BA8561}.Debug|Any CPU.Build.0 = Debug|Any CPU
		{E6E8C275-F17B-4099-8EC2-9433B7BA8561}.Release|Any CPU.ActiveCfg = Release|Any CPU
		{E6E8C275-F17B-4099-8EC2-9433B7BA8561}.Release|Any CPU.Build.0 = Release|Any CPU
		{9E8D3129-9C38-408D-8578-26EFB2A729EB}.Debug|Any CPU.ActiveCfg = Debug|Any CPU
		{9E8D3129-9C38-408D-8578-26EFB2A729EB}.Debug|Any CPU.Build.0 = Debug|Any CPU
		{9E8D3129-9C38-408D-8578-26EFB2A729EB}.Release|Any CPU.ActiveCfg = Release|Any CPU
		{9E8D3129-9C38-408D-8578-26EFB2A729EB}.Release|Any CPU.Build.0 = Release|Any CPU
		{A5F05D2E-8E7D-493C-94B1-D8A3F92CB344}.Debug|Any CPU.ActiveCfg = Debug|Any CPU
		{A5F05D2E-8E7D-493C-94B1-D8A3F92CB344}.Debug|Any CPU.Build.0 = Debug|Any CPU
		{A5F05D2E-8E7D-493C-94B1-D8A3F92CB344}.Release|Any CPU.ActiveCfg = Release|Any CPU
		{A5F05D2E-8E7D-493C-94B1-D8A3F92CB344}.Release|Any CPU.Build.0 = Release|Any CPU
		{8E4CBF7D-DD4D-4BAF-B6D9-550D2401765B}.Debug|Any CPU.ActiveCfg = Debug|Any CPU
		{8E4CBF7D-DD4D-4BAF-B6D9-550D2401765B}.Debug|Any CPU.Build.0 = Debug|Any CPU
		{8E4CBF7D-DD4D-4BAF-B6D9-550D2401765B}.Release|Any CPU.ActiveCfg = Release|Any CPU
		{8E4CBF7D-DD4D-4BAF-B6D9-550D2401765B}.Release|Any CPU.Build.0 = Release|Any CPU
		{0DF6E768-4EAF-4023-90BA-CFC1BB03FAB2}.Debug|Any CPU.ActiveCfg = Debug|Any CPU
		{0DF6E768-4EAF-4023-90BA-CFC1BB03FAB2}.Debug|Any CPU.Build.0 = Debug|Any CPU
		{0DF6E768-4EAF-4023-90BA-CFC1BB03FAB2}.Release|Any CPU.ActiveCfg = Release|Any CPU
		{0DF6E768-4EAF-4023-90BA-CFC1BB03FAB2}.Release|Any CPU.Build.0 = Release|Any CPU
		{7AAF0609-BCBD-4FED-B67B-B553F205A5FF}.Debug|Any CPU.ActiveCfg = Debug|Any CPU
		{7AAF0609-BCBD-4FED-B67B-B553F205A5FF}.Debug|Any CPU.Build.0 = Debug|Any CPU
		{7AAF0609-BCBD-4FED-B67B-B553F205A5FF}.Release|Any CPU.ActiveCfg = Release|Any CPU
		{7AAF0609-BCBD-4FED-B67B-B553F205A5FF}.Release|Any CPU.Build.0 = Release|Any CPU
		{763E8D7D-3E31-4386-A456-C263CF32C24C}.Debug|Any CPU.ActiveCfg = Debug|Any CPU
		{763E8D7D-3E31-4386-A456-C263CF32C24C}.Debug|Any CPU.Build.0 = Debug|Any CPU
		{763E8D7D-3E31-4386-A456-C263CF32C24C}.Release|Any CPU.ActiveCfg = Release|Any CPU
		{763E8D7D-3E31-4386-A456-C263CF32C24C}.Release|Any CPU.Build.0 = Release|Any CPU
		{F540BE88-745E-43BC-864B-703813060DEE}.Debug|Any CPU.ActiveCfg = Debug|Any CPU
		{F540BE88-745E-43BC-864B-703813060DEE}.Debug|Any CPU.Build.0 = Debug|Any CPU
		{F540BE88-745E-43BC-864B-703813060DEE}.Release|Any CPU.ActiveCfg = Release|Any CPU
		{F540BE88-745E-43BC-864B-703813060DEE}.Release|Any CPU.Build.0 = Release|Any CPU
		{8EA4772F-36F3-4784-B375-A11EF575174F}.Debug|Any CPU.ActiveCfg = Debug|Any CPU
		{8EA4772F-36F3-4784-B375-A11EF575174F}.Debug|Any CPU.Build.0 = Debug|Any CPU
		{8EA4772F-36F3-4784-B375-A11EF575174F}.Release|Any CPU.ActiveCfg = Release|Any CPU
		{8EA4772F-36F3-4784-B375-A11EF575174F}.Release|Any CPU.Build.0 = Release|Any CPU
		{2D69E008-76D8-4FD7-AD52-8EF4C1602044}.Debug|Any CPU.ActiveCfg = Debug|Any CPU
		{2D69E008-76D8-4FD7-AD52-8EF4C1602044}.Debug|Any CPU.Build.0 = Debug|Any CPU
		{2D69E008-76D8-4FD7-AD52-8EF4C1602044}.Release|Any CPU.ActiveCfg = Release|Any CPU
		{2D69E008-76D8-4FD7-AD52-8EF4C1602044}.Release|Any CPU.Build.0 = Release|Any CPU
		{FEC887CC-E68F-48F3-9C8C-043756D440FB}.Debug|Any CPU.ActiveCfg = Debug|Any CPU
		{FEC887CC-E68F-48F3-9C8C-043756D440FB}.Debug|Any CPU.Build.0 = Debug|Any CPU
		{FEC887CC-E68F-48F3-9C8C-043756D440FB}.Release|Any CPU.ActiveCfg = Release|Any CPU
		{FEC887CC-E68F-48F3-9C8C-043756D440FB}.Release|Any CPU.Build.0 = Release|Any CPU
	EndGlobalSection
	GlobalSection(SolutionProperties) = preSolution
		HideSolutionNode = FALSE
	EndGlobalSection
	GlobalSection(NestedProjects) = preSolution
		{41FAD4DF-A288-46A2-BB44-06F26A1EAA35} = {18D55F78-BC4E-466B-AB5A-0641B11D54BC}
		{42772BCA-4B19-4F17-AD03-1E6A628CB28A} = {18D55F78-BC4E-466B-AB5A-0641B11D54BC}
		{0FA698C8-FCF7-444A-8C4A-C764CF66ADB3} = {18D55F78-BC4E-466B-AB5A-0641B11D54BC}
		{44D1ED40-3D73-4862-96AC-4D2C2BABF22D} = {18D55F78-BC4E-466B-AB5A-0641B11D54BC}
		{FE3AD17E-B250-4A4B-8FF4-3FA0D1B87A6D} = {460B0CC6-3EFF-4FC8-B4E0-A01349EE3803}
		{FAEAC8F8-498D-40A8-9607-CDA46F14E8AF} = {460B0CC6-3EFF-4FC8-B4E0-A01349EE3803}
		{2EFBAC6F-EE2E-40DD-825F-7376E7996BE6} = {460B0CC6-3EFF-4FC8-B4E0-A01349EE3803}
		{4DB6BA4E-1F79-4E53-B234-373D955FA349} = {18D55F78-BC4E-466B-AB5A-0641B11D54BC}
		{8FC02437-8597-45C1-B7A1-FC09C0468E6C} = {18D55F78-BC4E-466B-AB5A-0641B11D54BC}
		{4DE8A436-9400-4C6F-803D-8ECCE7025F14} = {18D55F78-BC4E-466B-AB5A-0641B11D54BC}
		{DAC70B20-4856-4735-911F-560FF437C15D} = {18D55F78-BC4E-466B-AB5A-0641B11D54BC}
		{C7B0E54D-78BE-491E-BCFE-CBCDBD7CFE53} = {C7DC960F-14D9-43E4-92AA-2A933F241475}
		{E6E8C275-F17B-4099-8EC2-9433B7BA8561} = {C7DC960F-14D9-43E4-92AA-2A933F241475}
		{9E8D3129-9C38-408D-8578-26EFB2A729EB} = {C7DC960F-14D9-43E4-92AA-2A933F241475}
		{A5F05D2E-8E7D-493C-94B1-D8A3F92CB344} = {460B0CC6-3EFF-4FC8-B4E0-A01349EE3803}
		{8E4CBF7D-DD4D-4BAF-B6D9-550D2401765B} = {460B0CC6-3EFF-4FC8-B4E0-A01349EE3803}
		{0DF6E768-4EAF-4023-90BA-CFC1BB03FAB2} = {18D55F78-BC4E-466B-AB5A-0641B11D54BC}
		{7AAF0609-BCBD-4FED-B67B-B553F205A5FF} = {80F844CF-229E-44FB-98D3-5BE625E2BF5C}
		{763E8D7D-3E31-4386-A456-C263CF32C24C} = {18D55F78-BC4E-466B-AB5A-0641B11D54BC}
		{F540BE88-745E-43BC-864B-703813060DEE} = {78428D96-A538-4F58-A955-9993063A6BAB}
		{8EA4772F-36F3-4784-B375-A11EF575174F} = {78428D96-A538-4F58-A955-9993063A6BAB}
		{2D69E008-76D8-4FD7-AD52-8EF4C1602044} = {78428D96-A538-4F58-A955-9993063A6BAB}
		{FEC887CC-E68F-48F3-9C8C-043756D440FB} = {78428D96-A538-4F58-A955-9993063A6BAB}
	EndGlobalSection
	GlobalSection(ExtensibilityGlobals) = postSolution
		SolutionGuid = {D6833603-DD22-4624-AB4A-235C51671F62}
	EndGlobalSection
EndGlobal
