
Microsoft Visual Studio Solution File, Format Version 12.00
# Visual Studio Version 17
VisualStudioVersion = 17.2.32616.157
MinimumVisualStudioVersion = 10.0.40219.1
Project("{2150E333-8FDC-42A3-9474-1A3956D46DE8}") = "Infrastructure", "Infrastructure", "{18D55F78-BC4E-466B-AB5A-0641B11D54BC}"
EndProject
Project("{9A19103F-16F7-4668-BE54-9A1E7A4F7556}") = "Play.Domain", "Infrastructure\Play.Domain\Play.Domain.csproj", "{41FAD4DF-A288-46A2-BB44-06F26A1EAA35}"
EndProject
Project("{9A19103F-16F7-4668-BE54-9A1E7A4F7556}") = "Play.Persistence.Mongo", "Infrastructure\Play.Persistence.Mongo\Play.Persistence.Mongo.csproj", "{42772BCA-4B19-4F17-AD03-1E6A628CB28A}"
EndProject
Project("{9A19103F-16F7-4668-BE54-9A1E7A4F7556}") = "Play.Persistence.Sql", "Infrastructure\Play.Persistence.Sql\Play.Persistence.Sql.csproj", "{0FA698C8-FCF7-444A-8C4A-C764CF66ADB3}"
EndProject
Project("{9A19103F-16F7-4668-BE54-9A1E7A4F7556}") = "Play.Globalization", "..\Emvco\Core\Play.Globalization\Play.Globalization.csproj", "{44D1ED40-3D73-4862-96AC-4D2C2BABF22D}"
EndProject
Project("{2150E333-8FDC-42A3-9474-1A3956D46DE8}") = "Identity", "Identity", "{460B0CC6-3EFF-4FC8-B4E0-A01349EE3803}"
EndProject
Project("{9A19103F-16F7-4668-BE54-9A1E7A4F7556}") = "Play.Messaging.NServiceBus", "Infrastructure\Play.Messaging.NServiceBus\Play.Messaging.NServiceBus.csproj", "{4DB6BA4E-1F79-4E53-B234-373D955FA349}"
EndProject
Project("{9A19103F-16F7-4668-BE54-9A1E7A4F7556}") = "Play.Randoms", "..\Emvco\Core\Play.Randoms\Play.Randoms.csproj", "{8FC02437-8597-45C1-B7A1-FC09C0468E6C}"
EndProject
Project("{9A19103F-16F7-4668-BE54-9A1E7A4F7556}") = "Play.Telecom.Twilio", "Infrastructure\Play.Telecom\Play.Telecom.Twilio.csproj", "{4DE8A436-9400-4C6F-803D-8ECCE7025F14}"
EndProject
Project("{9A19103F-16F7-4668-BE54-9A1E7A4F7556}") = "Play.Core", "..\Emvco\Core\Play.Core\Play.Core.csproj", "{DAC70B20-4856-4735-911F-560FF437C15D}"
EndProject
Project("{2150E333-8FDC-42A3-9474-1A3956D46DE8}") = "Terminals", "Terminals", "{C7DC960F-14D9-43E4-92AA-2A933F241475}"
EndProject
Project("{9A19103F-16F7-4668-BE54-9A1E7A4F7556}") = "Play.Terminals.Application", "Terminals\Play.Terminals.Application\Play.Terminals.Application.csproj", "{C7B0E54D-78BE-491E-BCFE-CBCDBD7CFE53}"
EndProject
Project("{9A19103F-16F7-4668-BE54-9A1E7A4F7556}") = "Play.Terminals.Contracts", "Terminals\Play.Terminals.Contracts\Play.Terminals.Contracts.csproj", "{E6E8C275-F17B-4099-8EC2-9433B7BA8561}"
EndProject
Project("{9A19103F-16F7-4668-BE54-9A1E7A4F7556}") = "Play.Terminals.Domain", "Terminals\Play.Terminals.Domain\Play.Terminals.Domain.csproj", "{9E8D3129-9C38-408D-8578-26EFB2A729EB}"
EndProject
Project("{2150E333-8FDC-42A3-9474-1A3956D46DE8}") = "Portal", "Portal", "{80F844CF-229E-44FB-98D3-5BE625E2BF5C}"
	ProjectSection(SolutionItems) = preProject
		Notes.txt = Notes.txt
	EndProjectSection
EndProject
Project("{9A19103F-16F7-4668-BE54-9A1E7A4F7556}") = "Play.Mvc", "Infrastructure\Play.Mvc\Play.Mvc.csproj", "{0DF6E768-4EAF-4023-90BA-CFC1BB03FAB2}"
EndProject
Project("{9A19103F-16F7-4668-BE54-9A1E7A4F7556}") = "MockWebClient", "Portal\MockWebClient\MockWebClient.csproj", "{7AAF0609-BCBD-4FED-B67B-B553F205A5FF}"
EndProject
Project("{2150E333-8FDC-42A3-9474-1A3956D46DE8}") = "Inventory", "Inventory", "{E6F1C4BC-39E1-4E66-B1F9-B471533B4508}"
EndProject
Project("{9A19103F-16F7-4668-BE54-9A1E7A4F7556}") = "Play.Inventory.Domain", "Inventory\Play.Inventory.Domain\Play.Inventory.Domain.csproj", "{C5B00F79-C7FE-47C9-8B50-EC101F4A0CED}"
EndProject
Project("{9A19103F-16F7-4668-BE54-9A1E7A4F7556}") = "Play.Inventory.Contracts", "Inventory\Play.Inventory.Contracts\Play.Inventory.Contracts.csproj", "{917BD80C-5B4A-47C4-80C7-99C40CE9364D}"
EndProject
Project("{9A19103F-16F7-4668-BE54-9A1E7A4F7556}") = "Play.Domain.Common", "Infrastructure\Play.Domain.Common\Play.Domain.Common.csproj", "{2321858C-3F63-45C2-AE84-9ECB7EF32DB5}"
EndProject
Project("{9A19103F-16F7-4668-BE54-9A1E7A4F7556}") = "Play.Inventory.Application", "Inventory\Play.Inventory.Application\Play.Inventory.Application.csproj", "{AD695F48-9F0B-48D4-BDBD-496D467A2C29}"
EndProject
Project("{9A19103F-16F7-4668-BE54-9A1E7A4F7556}") = "Play.Inventory.Persistence.Sql", "Inventory\Play.Inventory.Persistence.Sql\Play.Inventory.Persistence.Sql.csproj", "{71900EBB-0282-4E0D-BC8E-EED1BAD45B0C}"
EndProject
Project("{9A19103F-16F7-4668-BE54-9A1E7A4F7556}") = "Play.Inventory.Api", "Inventory\Play.Inventory.Api\Play.Inventory.Api.csproj", "{9A5F9E04-B28E-4256-B9F1-ECB8B6CA21C4}"
EndProject
Project("{2150E333-8FDC-42A3-9474-1A3956D46DE8}") = "Solution Items", "Solution Items", "{CE75F693-8920-4C45-B98B-A5AFB98D9D79}"
	ProjectSection(SolutionItems) = preProject
		..\Emvco\.editorconfig = ..\Emvco\.editorconfig
	EndProjectSection
EndProject
Project("{9A19103F-16F7-4668-BE54-9A1E7A4F7556}") = "Play.Identity.Api", "Identity\Play.Identity.Api\Play.Identity.Api.csproj", "{9DBF9A96-1675-489B-9F3A-A8714BF2DB3D}"
EndProject
Project("{9A19103F-16F7-4668-BE54-9A1E7A4F7556}") = "Play.Identity.Application", "Identity\Play.Identity.Application\Play.Identity.Application.csproj", "{7FF4DCA3-2A3F-45A3-B325-F15E0C1B20E5}"
EndProject
Project("{9A19103F-16F7-4668-BE54-9A1E7A4F7556}") = "Play.Identity.Contracts", "Identity\Play.Identity.Contracts\Play.Identity.Contracts.csproj", "{DC5DF79D-9874-4302-BF24-A248260177C4}"
EndProject
Project("{9A19103F-16F7-4668-BE54-9A1E7A4F7556}") = "Play.Identity.Domain", "Identity\Play.Identity.Domain\Play.Identity.Domain.csproj", "{51EAB9F2-E4CD-4770-9122-32754E049FF9}"
EndProject
Project("{9A19103F-16F7-4668-BE54-9A1E7A4F7556}") = "Play.Identity.Persistence.Sql", "Identity\Play.Identity.Persistence.Sql\Play.Identity.Persistence.Sql.csproj", "{DAF4D02B-46F1-41FB-B33B-4BDB78C29562}"
EndProject
Project("{9A19103F-16F7-4668-BE54-9A1E7A4F7556}") = "Play.Identity.Api.Client", "Identity\Play.Identity.Api.Client\Play.Identity.Api.Client.csproj", "{164755C7-DE9A-4E46-9CDD-63A266A0BD6C}"
EndProject
Project("{9A19103F-16F7-4668-BE54-9A1E7A4F7556}") = "Play.Restful", "Infrastructure\Play.Restful\Play.Restful.csproj", "{0F04518D-4A09-4595-8B7E-50413C343315}"
EndProject
Project("{9A19103F-16F7-4668-BE54-9A1E7A4F7556}") = "Play.Inventory.Api.Client", "Inventory\Play.Inventory.Api.Client\Play.Inventory.Api.Client.csproj", "{9D247066-3DAA-4561-BE9B-B6F4C1F2D5CC}"
EndProject
Project("{2150E333-8FDC-42A3-9474-1A3956D46DE8}") = "Underwriting", "Underwriting", "{3C081964-5A13-4F81-A78D-418A0D7149AC}"
EndProject
Project("{9A19103F-16F7-4668-BE54-9A1E7A4F7556}") = "Play.Underwriting.Application", "Underwriting\Play.Underwriting.Application\Play.Underwriting.Application.csproj", "{30E191B8-2603-4EC1-9EC0-AFC1D0D819D8}"
EndProject
Project("{9A19103F-16F7-4668-BE54-9A1E7A4F7556}") = "Play.Underwriting.Api", "Underwriting\Play.Underwriting.ConsoleApp\Play.Underwriting.Api.csproj", "{4B9003F7-4A64-434C-A7BF-C6307AADE1EC}"
EndProject
Project("{9A19103F-16F7-4668-BE54-9A1E7A4F7556}") = "Play.Underwriting.Contracts", "Underwriting\Play.Underwriting.Contracts\Play.Underwriting.Contracts.csproj", "{AA028890-9DD6-440B-9F64-A4B5A48D1632}"
EndProject
Project("{9A19103F-16F7-4668-BE54-9A1E7A4F7556}") = "Play.Underwriting.Domain", "Underwriting\Play.Underwriting.Domain\Play.Underwriting.Domain.csproj", "{F22C0952-6CF6-40D4-B708-BA543D0F92CA}"
EndProject
Project("{9A19103F-16F7-4668-BE54-9A1E7A4F7556}") = "Play.Underwriting.Persistence.Sql", "Underwriting\Play.Underwriting.Persistence.Sql\Play.Underwriting.Persistence.Sql.csproj", "{05E047D6-C33A-470A-B7BF-8ECD6B60E425}"
EndProject
Project("{2150E333-8FDC-42A3-9474-1A3956D46DE8}") = "_Archive", "_Archive", "{58FDBE94-E9B8-4A8A-A5E5-D24967A58F28}"
EndProject
Project("{2150E333-8FDC-42A3-9474-1A3956D46DE8}") = "Loyalty", "Loyalty", "{D90B1335-FA53-4B1A-AEF6-8A37C89CB3A8}"
EndProject
Project("{9A19103F-16F7-4668-BE54-9A1E7A4F7556}") = "Play.Loyalty.Domain", "Loyalty\Play.Loyalty.Domain\Play.Loyalty.Domain.csproj", "{06A8AE7C-6E47-43C9-941D-D40671AA37AB}"
EndProject
Project("{9A19103F-16F7-4668-BE54-9A1E7A4F7556}") = "Play.Loyalty.Contracts", "Loyalty\Play.Loyalty.Contracts\Play.Loyalty.Contracts.csproj", "{90A0200D-BDA8-4DF5-A790-2D5667F9EEE1}"
EndProject
Project("{9A19103F-16F7-4668-BE54-9A1E7A4F7556}") = "Play.Loyalty.Application", "Loyalty\Play.Loyalty.Application\Play.Loyalty.Application.csproj", "{A65446B2-9EFB-4CF3-AEBD-2636677BE248}"
EndProject
Project("{9A19103F-16F7-4668-BE54-9A1E7A4F7556}") = "Play.Loyalty.Persistence.Sql", "Loyalty\Play.Loyalty.Persistence.Sql\Play.Loyalty.Persistence.Sql.csproj", "{039A6632-5999-4FD1-A98D-EF7736643A7E}"
EndProject
Project("{9A19103F-16F7-4668-BE54-9A1E7A4F7556}") = "Play.Loyalty.Api", "Loyalty\Play.Loyalty.Api\Play.Loyalty.Api.csproj", "{60FC008B-DDCB-4686-8E08-5FB11B42C044}"
EndProject
Project("{9A19103F-16F7-4668-BE54-9A1E7A4F7556}") = "Play.Loyalty.Api.Client", "Loyalty\Play.Loyalty.Api.Client\Play.Loyalty.Api.Client.csproj", "{ECC7334D-3690-49E3-A810-2D2936768BA0}"
EndProject
Project("{2150E333-8FDC-42A3-9474-1A3956D46DE8}") = "TimeClock", "TimeClock", "{1E250512-7DCE-440C-AD5E-DC491F6E54BE}"
EndProject
Project("{FAE04EC0-301F-11D3-BF4B-00C04F79EFBC}") = "Play.TimeClock.Domain", "TimeClock\Play.TimeClock.Domain\Play.TimeClock.Domain.csproj", "{D80105A4-7573-409E-BB32-702FA5163F81}"
EndProject
Project("{2150E333-8FDC-42A3-9474-1A3956D46DE8}") = "Payroll", "Payroll", "{867291DD-9BAE-492A-AEA1-33E2F1A23305}"
EndProject
Project("{FAE04EC0-301F-11D3-BF4B-00C04F79EFBC}") = "Play.Payroll.Domain", "Payroll\Play.Payroll.Domain\Play.Payroll.Domain.csproj", "{10F70A17-9A23-42C3-9D73-077D3D78F2C6}"
EndProject
Project("{FAE04EC0-301F-11D3-BF4B-00C04F79EFBC}") = "Play.Domain.EventSourcing", "Infrastructure\Play.Domain.EventSourcing\Play.Domain.EventSourcing.csproj", "{80BF5520-5064-48D4-8FEB-11F88EE395E3}"
EndProject
Project("{FAE04EC0-301F-11D3-BF4B-00C04F79EFBC}") = "Play.TimeClock.Contracts", "TimeClock\Play.TimeClock.Contracts\Play.TimeClock.Contracts.csproj", "{012CC293-7094-4E9B-B93E-E56D1919348D}"
EndProject
Global
	GlobalSection(SolutionConfigurationPlatforms) = preSolution
		Debug|Any CPU = Debug|Any CPU
		Release|Any CPU = Release|Any CPU
	EndGlobalSection
	GlobalSection(ProjectConfigurationPlatforms) = postSolution
		{41FAD4DF-A288-46A2-BB44-06F26A1EAA35}.Debug|Any CPU.ActiveCfg = Debug|Any CPU
		{41FAD4DF-A288-46A2-BB44-06F26A1EAA35}.Debug|Any CPU.Build.0 = Debug|Any CPU
		{41FAD4DF-A288-46A2-BB44-06F26A1EAA35}.Release|Any CPU.ActiveCfg = Release|Any CPU
		{41FAD4DF-A288-46A2-BB44-06F26A1EAA35}.Release|Any CPU.Build.0 = Release|Any CPU
		{42772BCA-4B19-4F17-AD03-1E6A628CB28A}.Debug|Any CPU.ActiveCfg = Debug|Any CPU
		{42772BCA-4B19-4F17-AD03-1E6A628CB28A}.Debug|Any CPU.Build.0 = Debug|Any CPU
		{42772BCA-4B19-4F17-AD03-1E6A628CB28A}.Release|Any CPU.ActiveCfg = Release|Any CPU
		{42772BCA-4B19-4F17-AD03-1E6A628CB28A}.Release|Any CPU.Build.0 = Release|Any CPU
		{0FA698C8-FCF7-444A-8C4A-C764CF66ADB3}.Debug|Any CPU.ActiveCfg = Debug|Any CPU
		{0FA698C8-FCF7-444A-8C4A-C764CF66ADB3}.Debug|Any CPU.Build.0 = Debug|Any CPU
		{0FA698C8-FCF7-444A-8C4A-C764CF66ADB3}.Release|Any CPU.ActiveCfg = Release|Any CPU
		{0FA698C8-FCF7-444A-8C4A-C764CF66ADB3}.Release|Any CPU.Build.0 = Release|Any CPU
		{44D1ED40-3D73-4862-96AC-4D2C2BABF22D}.Debug|Any CPU.ActiveCfg = Debug|Any CPU
		{44D1ED40-3D73-4862-96AC-4D2C2BABF22D}.Debug|Any CPU.Build.0 = Debug|Any CPU
		{44D1ED40-3D73-4862-96AC-4D2C2BABF22D}.Release|Any CPU.ActiveCfg = Release|Any CPU
		{44D1ED40-3D73-4862-96AC-4D2C2BABF22D}.Release|Any CPU.Build.0 = Release|Any CPU
		{4DB6BA4E-1F79-4E53-B234-373D955FA349}.Debug|Any CPU.ActiveCfg = Debug|Any CPU
		{4DB6BA4E-1F79-4E53-B234-373D955FA349}.Debug|Any CPU.Build.0 = Debug|Any CPU
		{4DB6BA4E-1F79-4E53-B234-373D955FA349}.Release|Any CPU.ActiveCfg = Release|Any CPU
		{4DB6BA4E-1F79-4E53-B234-373D955FA349}.Release|Any CPU.Build.0 = Release|Any CPU
		{8FC02437-8597-45C1-B7A1-FC09C0468E6C}.Debug|Any CPU.ActiveCfg = Debug|Any CPU
		{8FC02437-8597-45C1-B7A1-FC09C0468E6C}.Debug|Any CPU.Build.0 = Debug|Any CPU
		{8FC02437-8597-45C1-B7A1-FC09C0468E6C}.Release|Any CPU.ActiveCfg = Release|Any CPU
		{8FC02437-8597-45C1-B7A1-FC09C0468E6C}.Release|Any CPU.Build.0 = Release|Any CPU
		{4DE8A436-9400-4C6F-803D-8ECCE7025F14}.Debug|Any CPU.ActiveCfg = Debug|Any CPU
		{4DE8A436-9400-4C6F-803D-8ECCE7025F14}.Debug|Any CPU.Build.0 = Debug|Any CPU
		{4DE8A436-9400-4C6F-803D-8ECCE7025F14}.Release|Any CPU.ActiveCfg = Release|Any CPU
		{4DE8A436-9400-4C6F-803D-8ECCE7025F14}.Release|Any CPU.Build.0 = Release|Any CPU
		{DAC70B20-4856-4735-911F-560FF437C15D}.Debug|Any CPU.ActiveCfg = Debug|Any CPU
		{DAC70B20-4856-4735-911F-560FF437C15D}.Debug|Any CPU.Build.0 = Debug|Any CPU
		{DAC70B20-4856-4735-911F-560FF437C15D}.Release|Any CPU.ActiveCfg = Release|Any CPU
		{DAC70B20-4856-4735-911F-560FF437C15D}.Release|Any CPU.Build.0 = Release|Any CPU
		{C7B0E54D-78BE-491E-BCFE-CBCDBD7CFE53}.Debug|Any CPU.ActiveCfg = Debug|Any CPU
		{C7B0E54D-78BE-491E-BCFE-CBCDBD7CFE53}.Debug|Any CPU.Build.0 = Debug|Any CPU
		{C7B0E54D-78BE-491E-BCFE-CBCDBD7CFE53}.Release|Any CPU.ActiveCfg = Release|Any CPU
		{C7B0E54D-78BE-491E-BCFE-CBCDBD7CFE53}.Release|Any CPU.Build.0 = Release|Any CPU
		{E6E8C275-F17B-4099-8EC2-9433B7BA8561}.Debug|Any CPU.ActiveCfg = Debug|Any CPU
		{E6E8C275-F17B-4099-8EC2-9433B7BA8561}.Debug|Any CPU.Build.0 = Debug|Any CPU
		{E6E8C275-F17B-4099-8EC2-9433B7BA8561}.Release|Any CPU.ActiveCfg = Release|Any CPU
		{E6E8C275-F17B-4099-8EC2-9433B7BA8561}.Release|Any CPU.Build.0 = Release|Any CPU
		{9E8D3129-9C38-408D-8578-26EFB2A729EB}.Debug|Any CPU.ActiveCfg = Debug|Any CPU
		{9E8D3129-9C38-408D-8578-26EFB2A729EB}.Debug|Any CPU.Build.0 = Debug|Any CPU
		{9E8D3129-9C38-408D-8578-26EFB2A729EB}.Release|Any CPU.ActiveCfg = Release|Any CPU
		{9E8D3129-9C38-408D-8578-26EFB2A729EB}.Release|Any CPU.Build.0 = Release|Any CPU
		{0DF6E768-4EAF-4023-90BA-CFC1BB03FAB2}.Debug|Any CPU.ActiveCfg = Debug|Any CPU
		{0DF6E768-4EAF-4023-90BA-CFC1BB03FAB2}.Debug|Any CPU.Build.0 = Debug|Any CPU
		{0DF6E768-4EAF-4023-90BA-CFC1BB03FAB2}.Release|Any CPU.ActiveCfg = Release|Any CPU
		{0DF6E768-4EAF-4023-90BA-CFC1BB03FAB2}.Release|Any CPU.Build.0 = Release|Any CPU
		{7AAF0609-BCBD-4FED-B67B-B553F205A5FF}.Debug|Any CPU.ActiveCfg = Debug|Any CPU
		{7AAF0609-BCBD-4FED-B67B-B553F205A5FF}.Debug|Any CPU.Build.0 = Debug|Any CPU
		{7AAF0609-BCBD-4FED-B67B-B553F205A5FF}.Release|Any CPU.ActiveCfg = Release|Any CPU
		{7AAF0609-BCBD-4FED-B67B-B553F205A5FF}.Release|Any CPU.Build.0 = Release|Any CPU
		{C5B00F79-C7FE-47C9-8B50-EC101F4A0CED}.Debug|Any CPU.ActiveCfg = Debug|Any CPU
		{C5B00F79-C7FE-47C9-8B50-EC101F4A0CED}.Debug|Any CPU.Build.0 = Debug|Any CPU
		{C5B00F79-C7FE-47C9-8B50-EC101F4A0CED}.Release|Any CPU.ActiveCfg = Release|Any CPU
		{C5B00F79-C7FE-47C9-8B50-EC101F4A0CED}.Release|Any CPU.Build.0 = Release|Any CPU
		{917BD80C-5B4A-47C4-80C7-99C40CE9364D}.Debug|Any CPU.ActiveCfg = Debug|Any CPU
		{917BD80C-5B4A-47C4-80C7-99C40CE9364D}.Debug|Any CPU.Build.0 = Debug|Any CPU
		{917BD80C-5B4A-47C4-80C7-99C40CE9364D}.Release|Any CPU.ActiveCfg = Release|Any CPU
		{917BD80C-5B4A-47C4-80C7-99C40CE9364D}.Release|Any CPU.Build.0 = Release|Any CPU
		{2321858C-3F63-45C2-AE84-9ECB7EF32DB5}.Debug|Any CPU.ActiveCfg = Debug|Any CPU
		{2321858C-3F63-45C2-AE84-9ECB7EF32DB5}.Debug|Any CPU.Build.0 = Debug|Any CPU
		{2321858C-3F63-45C2-AE84-9ECB7EF32DB5}.Release|Any CPU.ActiveCfg = Release|Any CPU
		{2321858C-3F63-45C2-AE84-9ECB7EF32DB5}.Release|Any CPU.Build.0 = Release|Any CPU
		{AD695F48-9F0B-48D4-BDBD-496D467A2C29}.Debug|Any CPU.ActiveCfg = Debug|Any CPU
		{AD695F48-9F0B-48D4-BDBD-496D467A2C29}.Debug|Any CPU.Build.0 = Debug|Any CPU
		{AD695F48-9F0B-48D4-BDBD-496D467A2C29}.Release|Any CPU.ActiveCfg = Release|Any CPU
		{AD695F48-9F0B-48D4-BDBD-496D467A2C29}.Release|Any CPU.Build.0 = Release|Any CPU
		{71900EBB-0282-4E0D-BC8E-EED1BAD45B0C}.Debug|Any CPU.ActiveCfg = Debug|Any CPU
		{71900EBB-0282-4E0D-BC8E-EED1BAD45B0C}.Debug|Any CPU.Build.0 = Debug|Any CPU
		{71900EBB-0282-4E0D-BC8E-EED1BAD45B0C}.Release|Any CPU.ActiveCfg = Release|Any CPU
		{71900EBB-0282-4E0D-BC8E-EED1BAD45B0C}.Release|Any CPU.Build.0 = Release|Any CPU
		{9A5F9E04-B28E-4256-B9F1-ECB8B6CA21C4}.Debug|Any CPU.ActiveCfg = Debug|Any CPU
		{9A5F9E04-B28E-4256-B9F1-ECB8B6CA21C4}.Debug|Any CPU.Build.0 = Debug|Any CPU
		{9A5F9E04-B28E-4256-B9F1-ECB8B6CA21C4}.Release|Any CPU.ActiveCfg = Release|Any CPU
		{9A5F9E04-B28E-4256-B9F1-ECB8B6CA21C4}.Release|Any CPU.Build.0 = Release|Any CPU
		{9DBF9A96-1675-489B-9F3A-A8714BF2DB3D}.Debug|Any CPU.ActiveCfg = Debug|Any CPU
		{9DBF9A96-1675-489B-9F3A-A8714BF2DB3D}.Debug|Any CPU.Build.0 = Debug|Any CPU
		{9DBF9A96-1675-489B-9F3A-A8714BF2DB3D}.Release|Any CPU.ActiveCfg = Release|Any CPU
		{9DBF9A96-1675-489B-9F3A-A8714BF2DB3D}.Release|Any CPU.Build.0 = Release|Any CPU
		{7FF4DCA3-2A3F-45A3-B325-F15E0C1B20E5}.Debug|Any CPU.ActiveCfg = Debug|Any CPU
		{7FF4DCA3-2A3F-45A3-B325-F15E0C1B20E5}.Debug|Any CPU.Build.0 = Debug|Any CPU
		{7FF4DCA3-2A3F-45A3-B325-F15E0C1B20E5}.Release|Any CPU.ActiveCfg = Release|Any CPU
		{7FF4DCA3-2A3F-45A3-B325-F15E0C1B20E5}.Release|Any CPU.Build.0 = Release|Any CPU
		{DC5DF79D-9874-4302-BF24-A248260177C4}.Debug|Any CPU.ActiveCfg = Debug|Any CPU
		{DC5DF79D-9874-4302-BF24-A248260177C4}.Debug|Any CPU.Build.0 = Debug|Any CPU
		{DC5DF79D-9874-4302-BF24-A248260177C4}.Release|Any CPU.ActiveCfg = Release|Any CPU
		{DC5DF79D-9874-4302-BF24-A248260177C4}.Release|Any CPU.Build.0 = Release|Any CPU
		{51EAB9F2-E4CD-4770-9122-32754E049FF9}.Debug|Any CPU.ActiveCfg = Debug|Any CPU
		{51EAB9F2-E4CD-4770-9122-32754E049FF9}.Debug|Any CPU.Build.0 = Debug|Any CPU
		{51EAB9F2-E4CD-4770-9122-32754E049FF9}.Release|Any CPU.ActiveCfg = Release|Any CPU
		{51EAB9F2-E4CD-4770-9122-32754E049FF9}.Release|Any CPU.Build.0 = Release|Any CPU
		{DAF4D02B-46F1-41FB-B33B-4BDB78C29562}.Debug|Any CPU.ActiveCfg = Debug|Any CPU
		{DAF4D02B-46F1-41FB-B33B-4BDB78C29562}.Debug|Any CPU.Build.0 = Debug|Any CPU
		{DAF4D02B-46F1-41FB-B33B-4BDB78C29562}.Release|Any CPU.ActiveCfg = Release|Any CPU
		{DAF4D02B-46F1-41FB-B33B-4BDB78C29562}.Release|Any CPU.Build.0 = Release|Any CPU
		{164755C7-DE9A-4E46-9CDD-63A266A0BD6C}.Debug|Any CPU.ActiveCfg = Debug|Any CPU
		{164755C7-DE9A-4E46-9CDD-63A266A0BD6C}.Debug|Any CPU.Build.0 = Debug|Any CPU
		{164755C7-DE9A-4E46-9CDD-63A266A0BD6C}.Release|Any CPU.ActiveCfg = Release|Any CPU
		{164755C7-DE9A-4E46-9CDD-63A266A0BD6C}.Release|Any CPU.Build.0 = Release|Any CPU
		{0F04518D-4A09-4595-8B7E-50413C343315}.Debug|Any CPU.ActiveCfg = Debug|Any CPU
		{0F04518D-4A09-4595-8B7E-50413C343315}.Debug|Any CPU.Build.0 = Debug|Any CPU
		{0F04518D-4A09-4595-8B7E-50413C343315}.Release|Any CPU.ActiveCfg = Release|Any CPU
		{0F04518D-4A09-4595-8B7E-50413C343315}.Release|Any CPU.Build.0 = Release|Any CPU
		{9D247066-3DAA-4561-BE9B-B6F4C1F2D5CC}.Debug|Any CPU.ActiveCfg = Debug|Any CPU
		{9D247066-3DAA-4561-BE9B-B6F4C1F2D5CC}.Debug|Any CPU.Build.0 = Debug|Any CPU
		{9D247066-3DAA-4561-BE9B-B6F4C1F2D5CC}.Release|Any CPU.ActiveCfg = Release|Any CPU
		{9D247066-3DAA-4561-BE9B-B6F4C1F2D5CC}.Release|Any CPU.Build.0 = Release|Any CPU
		{30E191B8-2603-4EC1-9EC0-AFC1D0D819D8}.Debug|Any CPU.ActiveCfg = Debug|Any CPU
		{30E191B8-2603-4EC1-9EC0-AFC1D0D819D8}.Debug|Any CPU.Build.0 = Debug|Any CPU
		{30E191B8-2603-4EC1-9EC0-AFC1D0D819D8}.Release|Any CPU.ActiveCfg = Release|Any CPU
		{30E191B8-2603-4EC1-9EC0-AFC1D0D819D8}.Release|Any CPU.Build.0 = Release|Any CPU
		{4B9003F7-4A64-434C-A7BF-C6307AADE1EC}.Debug|Any CPU.ActiveCfg = Debug|Any CPU
		{4B9003F7-4A64-434C-A7BF-C6307AADE1EC}.Debug|Any CPU.Build.0 = Debug|Any CPU
		{4B9003F7-4A64-434C-A7BF-C6307AADE1EC}.Release|Any CPU.ActiveCfg = Release|Any CPU
		{4B9003F7-4A64-434C-A7BF-C6307AADE1EC}.Release|Any CPU.Build.0 = Release|Any CPU
		{AA028890-9DD6-440B-9F64-A4B5A48D1632}.Debug|Any CPU.ActiveCfg = Debug|Any CPU
		{AA028890-9DD6-440B-9F64-A4B5A48D1632}.Debug|Any CPU.Build.0 = Debug|Any CPU
		{AA028890-9DD6-440B-9F64-A4B5A48D1632}.Release|Any CPU.ActiveCfg = Release|Any CPU
		{AA028890-9DD6-440B-9F64-A4B5A48D1632}.Release|Any CPU.Build.0 = Release|Any CPU
		{F22C0952-6CF6-40D4-B708-BA543D0F92CA}.Debug|Any CPU.ActiveCfg = Debug|Any CPU
		{F22C0952-6CF6-40D4-B708-BA543D0F92CA}.Debug|Any CPU.Build.0 = Debug|Any CPU
		{F22C0952-6CF6-40D4-B708-BA543D0F92CA}.Release|Any CPU.ActiveCfg = Release|Any CPU
		{F22C0952-6CF6-40D4-B708-BA543D0F92CA}.Release|Any CPU.Build.0 = Release|Any CPU
		{05E047D6-C33A-470A-B7BF-8ECD6B60E425}.Debug|Any CPU.ActiveCfg = Debug|Any CPU
		{05E047D6-C33A-470A-B7BF-8ECD6B60E425}.Debug|Any CPU.Build.0 = Debug|Any CPU
		{05E047D6-C33A-470A-B7BF-8ECD6B60E425}.Release|Any CPU.ActiveCfg = Release|Any CPU
		{05E047D6-C33A-470A-B7BF-8ECD6B60E425}.Release|Any CPU.Build.0 = Release|Any CPU
		{06A8AE7C-6E47-43C9-941D-D40671AA37AB}.Debug|Any CPU.ActiveCfg = Debug|Any CPU
		{06A8AE7C-6E47-43C9-941D-D40671AA37AB}.Debug|Any CPU.Build.0 = Debug|Any CPU
		{06A8AE7C-6E47-43C9-941D-D40671AA37AB}.Release|Any CPU.ActiveCfg = Release|Any CPU
		{06A8AE7C-6E47-43C9-941D-D40671AA37AB}.Release|Any CPU.Build.0 = Release|Any CPU
		{90A0200D-BDA8-4DF5-A790-2D5667F9EEE1}.Debug|Any CPU.ActiveCfg = Debug|Any CPU
		{90A0200D-BDA8-4DF5-A790-2D5667F9EEE1}.Debug|Any CPU.Build.0 = Debug|Any CPU
		{90A0200D-BDA8-4DF5-A790-2D5667F9EEE1}.Release|Any CPU.ActiveCfg = Release|Any CPU
		{90A0200D-BDA8-4DF5-A790-2D5667F9EEE1}.Release|Any CPU.Build.0 = Release|Any CPU
		{A65446B2-9EFB-4CF3-AEBD-2636677BE248}.Debug|Any CPU.ActiveCfg = Debug|Any CPU
		{A65446B2-9EFB-4CF3-AEBD-2636677BE248}.Debug|Any CPU.Build.0 = Debug|Any CPU
		{A65446B2-9EFB-4CF3-AEBD-2636677BE248}.Release|Any CPU.ActiveCfg = Release|Any CPU
		{A65446B2-9EFB-4CF3-AEBD-2636677BE248}.Release|Any CPU.Build.0 = Release|Any CPU
		{039A6632-5999-4FD1-A98D-EF7736643A7E}.Debug|Any CPU.ActiveCfg = Debug|Any CPU
		{039A6632-5999-4FD1-A98D-EF7736643A7E}.Debug|Any CPU.Build.0 = Debug|Any CPU
		{039A6632-5999-4FD1-A98D-EF7736643A7E}.Release|Any CPU.ActiveCfg = Release|Any CPU
		{039A6632-5999-4FD1-A98D-EF7736643A7E}.Release|Any CPU.Build.0 = Release|Any CPU
		{60FC008B-DDCB-4686-8E08-5FB11B42C044}.Debug|Any CPU.ActiveCfg = Debug|Any CPU
		{60FC008B-DDCB-4686-8E08-5FB11B42C044}.Debug|Any CPU.Build.0 = Debug|Any CPU
		{60FC008B-DDCB-4686-8E08-5FB11B42C044}.Release|Any CPU.ActiveCfg = Release|Any CPU
		{60FC008B-DDCB-4686-8E08-5FB11B42C044}.Release|Any CPU.Build.0 = Release|Any CPU
		{ECC7334D-3690-49E3-A810-2D2936768BA0}.Debug|Any CPU.ActiveCfg = Debug|Any CPU
		{ECC7334D-3690-49E3-A810-2D2936768BA0}.Debug|Any CPU.Build.0 = Debug|Any CPU
		{ECC7334D-3690-49E3-A810-2D2936768BA0}.Release|Any CPU.ActiveCfg = Release|Any CPU
		{ECC7334D-3690-49E3-A810-2D2936768BA0}.Release|Any CPU.Build.0 = Release|Any CPU
		{D80105A4-7573-409E-BB32-702FA5163F81}.Debug|Any CPU.ActiveCfg = Debug|Any CPU
		{D80105A4-7573-409E-BB32-702FA5163F81}.Debug|Any CPU.Build.0 = Debug|Any CPU
		{D80105A4-7573-409E-BB32-702FA5163F81}.Release|Any CPU.ActiveCfg = Release|Any CPU
		{D80105A4-7573-409E-BB32-702FA5163F81}.Release|Any CPU.Build.0 = Release|Any CPU
		{10F70A17-9A23-42C3-9D73-077D3D78F2C6}.Debug|Any CPU.ActiveCfg = Debug|Any CPU
		{10F70A17-9A23-42C3-9D73-077D3D78F2C6}.Debug|Any CPU.Build.0 = Debug|Any CPU
		{10F70A17-9A23-42C3-9D73-077D3D78F2C6}.Release|Any CPU.ActiveCfg = Release|Any CPU
		{10F70A17-9A23-42C3-9D73-077D3D78F2C6}.Release|Any CPU.Build.0 = Release|Any CPU
		{80BF5520-5064-48D4-8FEB-11F88EE395E3}.Debug|Any CPU.ActiveCfg = Debug|Any CPU
		{80BF5520-5064-48D4-8FEB-11F88EE395E3}.Debug|Any CPU.Build.0 = Debug|Any CPU
		{80BF5520-5064-48D4-8FEB-11F88EE395E3}.Release|Any CPU.ActiveCfg = Release|Any CPU
		{80BF5520-5064-48D4-8FEB-11F88EE395E3}.Release|Any CPU.Build.0 = Release|Any CPU
		{012CC293-7094-4E9B-B93E-E56D1919348D}.Debug|Any CPU.ActiveCfg = Debug|Any CPU
		{012CC293-7094-4E9B-B93E-E56D1919348D}.Debug|Any CPU.Build.0 = Debug|Any CPU
		{012CC293-7094-4E9B-B93E-E56D1919348D}.Release|Any CPU.ActiveCfg = Release|Any CPU
		{012CC293-7094-4E9B-B93E-E56D1919348D}.Release|Any CPU.Build.0 = Release|Any CPU
	EndGlobalSection
	GlobalSection(SolutionProperties) = preSolution
		HideSolutionNode = FALSE
	EndGlobalSection
	GlobalSection(NestedProjects) = preSolution
		{41FAD4DF-A288-46A2-BB44-06F26A1EAA35} = {18D55F78-BC4E-466B-AB5A-0641B11D54BC}
		{42772BCA-4B19-4F17-AD03-1E6A628CB28A} = {18D55F78-BC4E-466B-AB5A-0641B11D54BC}
		{0FA698C8-FCF7-444A-8C4A-C764CF66ADB3} = {18D55F78-BC4E-466B-AB5A-0641B11D54BC}
		{44D1ED40-3D73-4862-96AC-4D2C2BABF22D} = {18D55F78-BC4E-466B-AB5A-0641B11D54BC}
		{4DB6BA4E-1F79-4E53-B234-373D955FA349} = {18D55F78-BC4E-466B-AB5A-0641B11D54BC}
		{8FC02437-8597-45C1-B7A1-FC09C0468E6C} = {18D55F78-BC4E-466B-AB5A-0641B11D54BC}
		{4DE8A436-9400-4C6F-803D-8ECCE7025F14} = {18D55F78-BC4E-466B-AB5A-0641B11D54BC}
		{DAC70B20-4856-4735-911F-560FF437C15D} = {18D55F78-BC4E-466B-AB5A-0641B11D54BC}
		{C7B0E54D-78BE-491E-BCFE-CBCDBD7CFE53} = {C7DC960F-14D9-43E4-92AA-2A933F241475}
		{E6E8C275-F17B-4099-8EC2-9433B7BA8561} = {C7DC960F-14D9-43E4-92AA-2A933F241475}
		{9E8D3129-9C38-408D-8578-26EFB2A729EB} = {C7DC960F-14D9-43E4-92AA-2A933F241475}
		{0DF6E768-4EAF-4023-90BA-CFC1BB03FAB2} = {18D55F78-BC4E-466B-AB5A-0641B11D54BC}
		{7AAF0609-BCBD-4FED-B67B-B553F205A5FF} = {80F844CF-229E-44FB-98D3-5BE625E2BF5C}
		{C5B00F79-C7FE-47C9-8B50-EC101F4A0CED} = {E6F1C4BC-39E1-4E66-B1F9-B471533B4508}
		{917BD80C-5B4A-47C4-80C7-99C40CE9364D} = {E6F1C4BC-39E1-4E66-B1F9-B471533B4508}
		{2321858C-3F63-45C2-AE84-9ECB7EF32DB5} = {18D55F78-BC4E-466B-AB5A-0641B11D54BC}
		{AD695F48-9F0B-48D4-BDBD-496D467A2C29} = {E6F1C4BC-39E1-4E66-B1F9-B471533B4508}
		{71900EBB-0282-4E0D-BC8E-EED1BAD45B0C} = {E6F1C4BC-39E1-4E66-B1F9-B471533B4508}
		{9A5F9E04-B28E-4256-B9F1-ECB8B6CA21C4} = {E6F1C4BC-39E1-4E66-B1F9-B471533B4508}
		{9DBF9A96-1675-489B-9F3A-A8714BF2DB3D} = {460B0CC6-3EFF-4FC8-B4E0-A01349EE3803}
		{7FF4DCA3-2A3F-45A3-B325-F15E0C1B20E5} = {460B0CC6-3EFF-4FC8-B4E0-A01349EE3803}
		{DC5DF79D-9874-4302-BF24-A248260177C4} = {460B0CC6-3EFF-4FC8-B4E0-A01349EE3803}
		{51EAB9F2-E4CD-4770-9122-32754E049FF9} = {460B0CC6-3EFF-4FC8-B4E0-A01349EE3803}
		{DAF4D02B-46F1-41FB-B33B-4BDB78C29562} = {460B0CC6-3EFF-4FC8-B4E0-A01349EE3803}
		{164755C7-DE9A-4E46-9CDD-63A266A0BD6C} = {460B0CC6-3EFF-4FC8-B4E0-A01349EE3803}
		{0F04518D-4A09-4595-8B7E-50413C343315} = {18D55F78-BC4E-466B-AB5A-0641B11D54BC}
		{9D247066-3DAA-4561-BE9B-B6F4C1F2D5CC} = {E6F1C4BC-39E1-4E66-B1F9-B471533B4508}
		{3C081964-5A13-4F81-A78D-418A0D7149AC} = {58FDBE94-E9B8-4A8A-A5E5-D24967A58F28}
		{30E191B8-2603-4EC1-9EC0-AFC1D0D819D8} = {3C081964-5A13-4F81-A78D-418A0D7149AC}
		{4B9003F7-4A64-434C-A7BF-C6307AADE1EC} = {3C081964-5A13-4F81-A78D-418A0D7149AC}
		{AA028890-9DD6-440B-9F64-A4B5A48D1632} = {3C081964-5A13-4F81-A78D-418A0D7149AC}
		{F22C0952-6CF6-40D4-B708-BA543D0F92CA} = {3C081964-5A13-4F81-A78D-418A0D7149AC}
		{05E047D6-C33A-470A-B7BF-8ECD6B60E425} = {3C081964-5A13-4F81-A78D-418A0D7149AC}
		{06A8AE7C-6E47-43C9-941D-D40671AA37AB} = {D90B1335-FA53-4B1A-AEF6-8A37C89CB3A8}
		{90A0200D-BDA8-4DF5-A790-2D5667F9EEE1} = {D90B1335-FA53-4B1A-AEF6-8A37C89CB3A8}
		{A65446B2-9EFB-4CF3-AEBD-2636677BE248} = {D90B1335-FA53-4B1A-AEF6-8A37C89CB3A8}
		{039A6632-5999-4FD1-A98D-EF7736643A7E} = {D90B1335-FA53-4B1A-AEF6-8A37C89CB3A8}
		{60FC008B-DDCB-4686-8E08-5FB11B42C044} = {D90B1335-FA53-4B1A-AEF6-8A37C89CB3A8}
		{ECC7334D-3690-49E3-A810-2D2936768BA0} = {D90B1335-FA53-4B1A-AEF6-8A37C89CB3A8}
		{D80105A4-7573-409E-BB32-702FA5163F81} = {1E250512-7DCE-440C-AD5E-DC491F6E54BE}
		{10F70A17-9A23-42C3-9D73-077D3D78F2C6} = {867291DD-9BAE-492A-AEA1-33E2F1A23305}
		{80BF5520-5064-48D4-8FEB-11F88EE395E3} = {18D55F78-BC4E-466B-AB5A-0641B11D54BC}
		{012CC293-7094-4E9B-B93E-E56D1919348D} = {1E250512-7DCE-440C-AD5E-DC491F6E54BE}
	EndGlobalSection
	GlobalSection(ExtensibilityGlobals) = postSolution
		SolutionGuid = {D6833603-DD22-4624-AB4A-235C51671F62}
	EndGlobalSection
EndGlobal
