
Microsoft Visual Studio Solution File, Format Version 12.00
# Visual Studio Version 17
VisualStudioVersion = 17.1.32328.378
MinimumVisualStudioVersion = 10.0.40219.1
Project("{2150E333-8FDC-42A3-9474-1A3956D46DE8}") = "Infrastructure", "Infrastructure", "{E5E6DB94-6370-4488-A0B7-30AB916316A9}"
EndProject
Project("{2150E333-8FDC-42A3-9474-1A3956D46DE8}") = "Acquirer", "Acquirer", "{C5E4290F-DD71-4390-A314-3086F9CEE322}"
EndProject
Project("{9A19103F-16F7-4668-BE54-9A1E7A4F7556}") = "Play.Interchange", "Infrastructure\Play.Interchange\Play.Interchange.csproj", "{85448373-F928-4267-9513-6A4E81B9878C}"
EndProject
Project("{2150E333-8FDC-42A3-9474-1A3956D46DE8}") = "Elavon", "Elavon", "{24FF855D-9CBA-4E5D-BC88-F9C500055BAD}"
EndProject
Project("{9A19103F-16F7-4668-BE54-9A1E7A4F7556}") = "Play.Emv.Acquirer", "Acquirer\Play.Emv.Acquirer\Play.Emv.Acquirer.csproj", "{CCF5303E-925A-49A9-816D-FE9DEAE01CD1}"
EndProject
Project("{9A19103F-16F7-4668-BE54-9A1E7A4F7556}") = "Play.Emv.Acquirer.Contracts", "Acquirer\Play.Emv.Acquirer.Contracts\Play.Emv.Acquirer.Contracts.csproj", "{92EF7E44-B6D3-4652-A9E7-B0F5E62541F0}"
EndProject
Project("{9A19103F-16F7-4668-BE54-9A1E7A4F7556}") = "Play.Emv.Acquirer.Services", "Acquirer\Play.Emv.Acquirer.Services\Play.Emv.Acquirer.Services.csproj", "{78BAA83E-B82D-4ADE-B430-979B02A1116C}"
EndProject
Project("{9A19103F-16F7-4668-BE54-9A1E7A4F7556}") = "Play.Emv.Acquirer.Elavon", "Acquirer\Elavon\Play.Emv.Acquirer.Elavon\Play.Emv.Acquirer.Elavon.csproj", "{D9BB544A-E028-4B77-B491-A5FDAB8B10C7}"
EndProject
Project("{2150E333-8FDC-42A3-9474-1A3956D46DE8}") = "Emv", "Emv", "{9FCB5E0E-A746-4362-BC51-D56AC99BE6BB}"
EndProject
Project("{9A19103F-16F7-4668-BE54-9A1E7A4F7556}") = "Play.Ber", "..\Emvco\Core\Play.Ber\Play.Ber.csproj", "{C75AED09-6140-47E4-B8DB-68850A8C7D95}"
EndProject
Project("{9A19103F-16F7-4668-BE54-9A1E7A4F7556}") = "Play.Codecs", "..\Emvco\Core\Play.Codecs\Play.Codecs.csproj", "{B432227A-136C-40EE-AE3A-1A373C00B44C}"
EndProject
Project("{9A19103F-16F7-4668-BE54-9A1E7A4F7556}") = "Play.Core", "..\Emvco\Core\Play.Core\Play.Core.csproj", "{B2724975-AC42-455B-AF16-7346BCFECA7A}"
EndProject
Project("{9A19103F-16F7-4668-BE54-9A1E7A4F7556}") = "Play.Messaging", "..\Emvco\Core\Play.Messaging\Play.Messaging.csproj", "{BA955482-1A74-4147-9585-FF2143B579A8}"
EndProject
Global
	GlobalSection(SolutionConfigurationPlatforms) = preSolution
		Debug|Any CPU = Debug|Any CPU
		Release|Any CPU = Release|Any CPU
	EndGlobalSection
	GlobalSection(ProjectConfigurationPlatforms) = postSolution
		{85448373-F928-4267-9513-6A4E81B9878C}.Debug|Any CPU.ActiveCfg = Debug|Any CPU
		{85448373-F928-4267-9513-6A4E81B9878C}.Debug|Any CPU.Build.0 = Debug|Any CPU
		{85448373-F928-4267-9513-6A4E81B9878C}.Release|Any CPU.ActiveCfg = Release|Any CPU
		{85448373-F928-4267-9513-6A4E81B9878C}.Release|Any CPU.Build.0 = Release|Any CPU
		{CCF5303E-925A-49A9-816D-FE9DEAE01CD1}.Debug|Any CPU.ActiveCfg = Debug|Any CPU
		{CCF5303E-925A-49A9-816D-FE9DEAE01CD1}.Debug|Any CPU.Build.0 = Debug|Any CPU
		{CCF5303E-925A-49A9-816D-FE9DEAE01CD1}.Release|Any CPU.ActiveCfg = Release|Any CPU
		{CCF5303E-925A-49A9-816D-FE9DEAE01CD1}.Release|Any CPU.Build.0 = Release|Any CPU
		{92EF7E44-B6D3-4652-A9E7-B0F5E62541F0}.Debug|Any CPU.ActiveCfg = Debug|Any CPU
		{92EF7E44-B6D3-4652-A9E7-B0F5E62541F0}.Debug|Any CPU.Build.0 = Debug|Any CPU
		{92EF7E44-B6D3-4652-A9E7-B0F5E62541F0}.Release|Any CPU.ActiveCfg = Release|Any CPU
		{92EF7E44-B6D3-4652-A9E7-B0F5E62541F0}.Release|Any CPU.Build.0 = Release|Any CPU
		{78BAA83E-B82D-4ADE-B430-979B02A1116C}.Debug|Any CPU.ActiveCfg = Debug|Any CPU
		{78BAA83E-B82D-4ADE-B430-979B02A1116C}.Debug|Any CPU.Build.0 = Debug|Any CPU
		{78BAA83E-B82D-4ADE-B430-979B02A1116C}.Release|Any CPU.ActiveCfg = Release|Any CPU
		{78BAA83E-B82D-4ADE-B430-979B02A1116C}.Release|Any CPU.Build.0 = Release|Any CPU
		{D9BB544A-E028-4B77-B491-A5FDAB8B10C7}.Debug|Any CPU.ActiveCfg = Debug|Any CPU
		{D9BB544A-E028-4B77-B491-A5FDAB8B10C7}.Debug|Any CPU.Build.0 = Debug|Any CPU
		{D9BB544A-E028-4B77-B491-A5FDAB8B10C7}.Release|Any CPU.ActiveCfg = Release|Any CPU
		{D9BB544A-E028-4B77-B491-A5FDAB8B10C7}.Release|Any CPU.Build.0 = Release|Any CPU
		{C75AED09-6140-47E4-B8DB-68850A8C7D95}.Debug|Any CPU.ActiveCfg = Debug|Any CPU
		{C75AED09-6140-47E4-B8DB-68850A8C7D95}.Debug|Any CPU.Build.0 = Debug|Any CPU
		{C75AED09-6140-47E4-B8DB-68850A8C7D95}.Release|Any CPU.ActiveCfg = Release|Any CPU
		{C75AED09-6140-47E4-B8DB-68850A8C7D95}.Release|Any CPU.Build.0 = Release|Any CPU
		{B432227A-136C-40EE-AE3A-1A373C00B44C}.Debug|Any CPU.ActiveCfg = Debug|Any CPU
		{B432227A-136C-40EE-AE3A-1A373C00B44C}.Debug|Any CPU.Build.0 = Debug|Any CPU
		{B432227A-136C-40EE-AE3A-1A373C00B44C}.Release|Any CPU.ActiveCfg = Release|Any CPU
		{B432227A-136C-40EE-AE3A-1A373C00B44C}.Release|Any CPU.Build.0 = Release|Any CPU
		{B2724975-AC42-455B-AF16-7346BCFECA7A}.Debug|Any CPU.ActiveCfg = Debug|Any CPU
		{B2724975-AC42-455B-AF16-7346BCFECA7A}.Debug|Any CPU.Build.0 = Debug|Any CPU
		{B2724975-AC42-455B-AF16-7346BCFECA7A}.Release|Any CPU.ActiveCfg = Release|Any CPU
		{B2724975-AC42-455B-AF16-7346BCFECA7A}.Release|Any CPU.Build.0 = Release|Any CPU
		{BA955482-1A74-4147-9585-FF2143B579A8}.Debug|Any CPU.ActiveCfg = Debug|Any CPU
		{BA955482-1A74-4147-9585-FF2143B579A8}.Debug|Any CPU.Build.0 = Debug|Any CPU
		{BA955482-1A74-4147-9585-FF2143B579A8}.Release|Any CPU.ActiveCfg = Release|Any CPU
		{BA955482-1A74-4147-9585-FF2143B579A8}.Release|Any CPU.Build.0 = Release|Any CPU
	EndGlobalSection
	GlobalSection(SolutionProperties) = preSolution
		HideSolutionNode = FALSE
	EndGlobalSection
	GlobalSection(NestedProjects) = preSolution
		{85448373-F928-4267-9513-6A4E81B9878C} = {E5E6DB94-6370-4488-A0B7-30AB916316A9}
		{24FF855D-9CBA-4E5D-BC88-F9C500055BAD} = {C5E4290F-DD71-4390-A314-3086F9CEE322}
		{CCF5303E-925A-49A9-816D-FE9DEAE01CD1} = {C5E4290F-DD71-4390-A314-3086F9CEE322}
		{92EF7E44-B6D3-4652-A9E7-B0F5E62541F0} = {C5E4290F-DD71-4390-A314-3086F9CEE322}
		{78BAA83E-B82D-4ADE-B430-979B02A1116C} = {C5E4290F-DD71-4390-A314-3086F9CEE322}
		{D9BB544A-E028-4B77-B491-A5FDAB8B10C7} = {24FF855D-9CBA-4E5D-BC88-F9C500055BAD}
		{9FCB5E0E-A746-4362-BC51-D56AC99BE6BB} = {E5E6DB94-6370-4488-A0B7-30AB916316A9}
		{C75AED09-6140-47E4-B8DB-68850A8C7D95} = {E5E6DB94-6370-4488-A0B7-30AB916316A9}
		{B432227A-136C-40EE-AE3A-1A373C00B44C} = {E5E6DB94-6370-4488-A0B7-30AB916316A9}
		{B2724975-AC42-455B-AF16-7346BCFECA7A} = {E5E6DB94-6370-4488-A0B7-30AB916316A9}
		{BA955482-1A74-4147-9585-FF2143B579A8} = {E5E6DB94-6370-4488-A0B7-30AB916316A9}
	EndGlobalSection
	GlobalSection(ExtensibilityGlobals) = postSolution
		SolutionGuid = {1540E497-9799-4213-9ADF-7F2D48161C91}
	EndGlobalSection
EndGlobal
