
Microsoft Visual Studio Solution File, Format Version 12.00
# Visual Studio Version 17
VisualStudioVersion = 17.6.33829.357
MinimumVisualStudioVersion = 10.0.40219.1
Project("{FAE04EC0-301F-11D3-BF4B-00C04F79EFBC}") = "MPAndroidChart", "MPAndroidChart.csproj", "{4220DB43-6CCD-46E2-8DC9-E1F85DC18031}"
EndProject
Global
	GlobalSection(SolutionConfigurationPlatforms) = preSolution
		Debug|Any CPU = Debug|Any CPU
		Release|Any CPU = Release|Any CPU
	EndGlobalSection
	GlobalSection(ProjectConfigurationPlatforms) = postSolution
		{4220DB43-6CCD-46E2-8DC9-E1F85DC18031}.Debug|Any CPU.ActiveCfg = Debug|Any CPU
		{4220DB43-6CCD-46E2-8DC9-E1F85DC18031}.Debug|Any CPU.Build.0 = Debug|Any CPU
		{4220DB43-6CCD-46E2-8DC9-E1F85DC18031}.Release|Any CPU.ActiveCfg = Release|Any CPU
		{4220DB43-6CCD-46E2-8DC9-E1F85DC18031}.Release|Any CPU.Build.0 = Release|Any CPU
	EndGlobalSection
	GlobalSection(SolutionProperties) = preSolution
		HideSolutionNode = FALSE
	EndGlobalSection
	GlobalSection(ExtensibilityGlobals) = postSolution
		SolutionGuid = {398B90F7-13C0-4ACA-955F-E6A119EDCE75}
	EndGlobalSection
EndGlobal
