
Microsoft Visual Studio Solution File, Format Version 12.00
# Visual Studio Version 17
VisualStudioVersion = 17.1.31911.260
MinimumVisualStudioVersion = 10.0.40219.1
Project("{2150E333-8FDC-42A3-9474-1A3956D46DE8}") = "Core", "Core", "{D7CA87CA-8340-4E2C-A2ED-5CE46EEC455B}"
EndProject
Project("{2150E333-8FDC-42A3-9474-1A3956D46DE8}") = "Emv", "Emv", "{4AB74B06-60FD-45F7-B46A-809A7A5DC33F}"
EndProject
Project("{2150E333-8FDC-42A3-9474-1A3956D46DE8}") = "Tests", "Tests", "{A5BB97F6-5DA0-404B-B60E-356C04EE0538}"
EndProject
Project("{9A19103F-16F7-4668-BE54-9A1E7A4F7556}") = "Play.Ber", "Infrastructure\Play.Ber\Play.Ber.csproj", "{31967D68-9404-4568-8152-2C22E1AAEAB8}"
EndProject
Project("{9A19103F-16F7-4668-BE54-9A1E7A4F7556}") = "Play.Core", "Infrastructure\Play.Core\Play.Core.csproj", "{9AA22CA1-5018-4478-ACC4-108CA00C71CF}"
EndProject
Project("{2150E333-8FDC-42A3-9474-1A3956D46DE8}") = "Contactless", "Contactless", "{510E9F99-3873-4844-980B-F440BF1350B1}"
EndProject
Project("{9A19103F-16F7-4668-BE54-9A1E7A4F7556}") = "Play.Events", "Infrastructure\Play.Events\Play.Events.csproj", "{87CFBCDE-B0AF-42DE-B8A9-910D8008DBA6}"
EndProject
Project("{9A19103F-16F7-4668-BE54-9A1E7A4F7556}") = "Play.Messaging", "Infrastructure\Play.Messaging\Play.Messaging.csproj", "{467DC1E2-2600-4FCE-A193-2567CCF35318}"
EndProject
Project("{9A19103F-16F7-4668-BE54-9A1E7A4F7556}") = "Play.Unmanaged", "Infrastructure\Play.Unmanaged\Play.Unmanaged.csproj", "{6CBC5B25-0090-4C20-92F8-0184F4D65276}"
EndProject
Project("{2150E333-8FDC-42A3-9474-1A3956D46DE8}") = "Display", "Display", "{A69328F4-C11C-4A08-BC53-F6C06725CF0C}"
EndProject
Project("{2150E333-8FDC-42A3-9474-1A3956D46DE8}") = "Kernel", "Kernel", "{6F689E91-579B-4497-B8F2-7D91E4339EE6}"
EndProject
Project("{2150E333-8FDC-42A3-9474-1A3956D46DE8}") = "Reader", "Reader", "{B2B3111E-6297-4AFF-B8FA-E90DBC41D2A6}"
EndProject
Project("{2150E333-8FDC-42A3-9474-1A3956D46DE8}") = "Pcd", "Pcd", "{F8F60D11-DB27-46F4-907C-D7E5B97F94B3}"
EndProject
Project("{2150E333-8FDC-42A3-9474-1A3956D46DE8}") = "Pos", "Pos", "{85AC5FBB-5C51-4A65-B6CE-B26C6D3266DF}"
EndProject
Project("{2150E333-8FDC-42A3-9474-1A3956D46DE8}") = "Selection", "Selection", "{7844DB61-3723-4571-894D-EF03F5BF0298}"
EndProject
Project("{2150E333-8FDC-42A3-9474-1A3956D46DE8}") = "Terminal", "Terminal", "{EC137B76-1C6E-41E9-A08C-F137458D2BA5}"
EndProject
Project("{9A19103F-16F7-4668-BE54-9A1E7A4F7556}") = "Play.Emv.Display", "Emv\Contactless\Display\Play.Emv.Display\Play.Emv.Display.csproj", "{05C8286D-DB9C-4820-8455-A47930B724E5}"
EndProject
Project("{9A19103F-16F7-4668-BE54-9A1E7A4F7556}") = "Play.Emv.Display.Contracts", "Emv\Contactless\Display\Play.Emv.Display.Contracts\Play.Emv.Display.Contracts.csproj", "{D79F52C3-BC30-4151-BC80-2EF960BA1FE1}"
EndProject
Project("{9A19103F-16F7-4668-BE54-9A1E7A4F7556}") = "Play.Emv.Display.Services", "Emv\Contactless\Display\Play.Emv.Display.Services\Play.Emv.Display.Services.csproj", "{7151E9F0-C414-4257-ADC0-78F622AB0D7B}"
EndProject
Project("{2150E333-8FDC-42A3-9474-1A3956D46DE8}") = "Kernel2", "Kernel2", "{5EFD2F76-6028-4477-BD8F-5EEC0237AD63}"
EndProject
Project("{9A19103F-16F7-4668-BE54-9A1E7A4F7556}") = "Play.Emv.Kernel", "Emv\Contactless\Kernel\Play.Emv.Kernel\Play.Emv.Kernel.csproj", "{940252D7-F3F1-41D0-BB74-55DBAF7F67F6}"
EndProject
Project("{9A19103F-16F7-4668-BE54-9A1E7A4F7556}") = "Play.Emv.Kernel.Contracts", "Emv\Contactless\Kernel\Play.Emv.Kernel.Contracts\Play.Emv.Kernel.Contracts.csproj", "{A132998F-5408-4CBF-BB29-4C30D253C3FE}"
EndProject
Project("{9A19103F-16F7-4668-BE54-9A1E7A4F7556}") = "Play.Emv.Kernel.Services", "Emv\Contactless\Kernel\Play.Emv.Kernel.Services\Play.Emv.Kernel.Services.csproj", "{36C2019D-85E7-4003-956D-F246BBC87083}"
EndProject
Project("{9A19103F-16F7-4668-BE54-9A1E7A4F7556}") = "Play.Emv.Kernel2", "Emv\Contactless\Kernel\Play.Emv.Kernel2\Play.Emv.Kernel2.csproj", "{2157E992-1FD7-440F-A57B-4D94E60093B0}"
EndProject
Project("{9A19103F-16F7-4668-BE54-9A1E7A4F7556}") = "Play.Emv.Kernel2.Services", "Emv\Contactless\Kernel\Play.Emv.Kernel2.Services\Play.Emv.Kernel2.Services.csproj", "{DCC19D14-928F-4F56-9B3C-0A4968E39BDB}"
EndProject
Project("{9A19103F-16F7-4668-BE54-9A1E7A4F7556}") = "Play.Emv.Pcd", "Emv\Contactless\Pcd\Play.Emv.Pcd\Play.Emv.Pcd.csproj", "{B4BA833B-3B7F-403C-810F-B213F6EF3406}"
EndProject
Project("{9A19103F-16F7-4668-BE54-9A1E7A4F7556}") = "Play.Emv.Pcd.Contracts", "Emv\Contactless\Pcd\Play.Emv.Pcd.Contracts\Play.Emv.Pcd.Contracts.csproj", "{E1E4401C-B2DF-4411-AD7C-B782986D9E70}"
EndProject
Project("{9A19103F-16F7-4668-BE54-9A1E7A4F7556}") = "Play.Emv.Pcd.Services", "Emv\Contactless\Pcd\Play.Emv.Pcd.Services\Play.Emv.Pcd.Services.csproj", "{560E7B06-F730-4267-87D8-CE991616DB9E}"
EndProject
Project("{9A19103F-16F7-4668-BE54-9A1E7A4F7556}") = "Play.Emv.Pos", "Emv\Contactless\Pos\Play.Emv.Pos\Play.Emv.Pos.csproj", "{BB1CD5EC-5311-45C0-9090-D5DAE3891B51}"
EndProject
Project("{9A19103F-16F7-4668-BE54-9A1E7A4F7556}") = "Play.Emv.Reader", "Emv\Contactless\Reader\Play.Emv.Reader\Play.Emv.Reader.csproj", "{0C47815F-193A-4FF3-B6B7-415D094D928D}"
EndProject
Project("{9A19103F-16F7-4668-BE54-9A1E7A4F7556}") = "Play.Emv.Reader.Contracts", "Emv\Contactless\Reader\Play.Emv.Reader.Contracts\Play.Emv.Reader.Contracts.csproj", "{BC0AF5CF-50F2-4A6C-A944-C5C6E6355E84}"
EndProject
Project("{9A19103F-16F7-4668-BE54-9A1E7A4F7556}") = "Play.Emv.Reader.Services", "Emv\Contactless\Reader\Play.Emv.Reader.Services\Play.Emv.Reader.Services.csproj", "{AD4373E1-DCED-4F5F-AFC7-80CF43703153}"
EndProject
Project("{9A19103F-16F7-4668-BE54-9A1E7A4F7556}") = "Play.Emv.Selection", "Emv\Contactless\Selection\Play.Emv.Selection\Play.Emv.Selection.csproj", "{CE8F1B41-9C34-47D1-AF68-9064ABEE0213}"
EndProject
Project("{9A19103F-16F7-4668-BE54-9A1E7A4F7556}") = "Play.Emv.Selection.Contracts", "Emv\Contactless\Selection\Play.Emv.Selection.Contracts\Play.Emv.Selection.Contracts.csproj", "{66717E62-D740-47AD-8A6A-0E907031EDE0}"
EndProject
Project("{9A19103F-16F7-4668-BE54-9A1E7A4F7556}") = "Play.Emv.Selection.Services", "Emv\Contactless\Selection\Play.Emv.Selection.Services\Play.Emv.Selection.Services.csproj", "{4E3C6A58-9ABF-4B7F-9959-87AC92315774}"
EndProject
Project("{9A19103F-16F7-4668-BE54-9A1E7A4F7556}") = "Play.Emv.Terminal", "Emv\Contactless\Terminal\Play.Emv.Terminal\Play.Emv.Terminal.csproj", "{5D2615BD-B848-4ACA-89A3-D75B416B7DD8}"
EndProject
Project("{9A19103F-16F7-4668-BE54-9A1E7A4F7556}") = "Play.Emv.Terminal.Contracts", "Emv\Contactless\Terminal\Play.Emv.Terminal.Contracts\Play.Emv.Terminal.Contracts.csproj", "{E3CE59B3-D204-4C1A-8770-22309A835BD3}"
EndProject
Project("{9A19103F-16F7-4668-BE54-9A1E7A4F7556}") = "Play.Emv.Terminal.Services", "Emv\Contactless\Terminal\Play.Emv.Terminal.Services\Play.Emv.Terminal.Services.csproj", "{792A2149-F745-4F68-A3EC-2688B2ED6179}"
EndProject
Project("{2150E333-8FDC-42A3-9474-1A3956D46DE8}") = "Solution Items", "Solution Items", "{2E4E332F-6AE9-4B51-8B22-7DEA72CFE311}"
	ProjectSection(SolutionItems) = preProject
		.editorconfig = .editorconfig
	EndProjectSection
EndProject
Project("{9A19103F-16F7-4668-BE54-9A1E7A4F7556}") = "Play.Globalization", "Infrastructure\Play.Globalization\Play.Globalization.csproj", "{DC42BCD8-37A2-482D-9FC8-20703F31E4D3}"
EndProject
Project("{9A19103F-16F7-4668-BE54-9A1E7A4F7556}") = "Play.Icc", "Infrastructure\Play.Icc\Play.Icc.csproj", "{3683E86F-0A42-4CA0-9A52-472AB2C48D14}"
EndProject
Project("{9A19103F-16F7-4668-BE54-9A1E7A4F7556}") = "Play.Randoms", "Infrastructure\Play.Randoms\Play.Randoms.csproj", "{2B470913-7193-45E5-AEAC-0643A7669475}"
EndProject
Project("{2150E333-8FDC-42A3-9474-1A3956D46DE8}") = "_TODO", "_TODO", "{0E71B2BA-A7D0-4CD2-AF23-A11E9DE80966}"
	ProjectSection(SolutionItems) = preProject
		_TODO\Cleanup.txt = _TODO\Cleanup.txt
		_TODO\ModularArchitecture.txt = _TODO\ModularArchitecture.txt
		TODO.txt = TODO.txt
		Warning.txt = Warning.txt
	EndProjectSection
EndProject
Project("{9A19103F-16F7-4668-BE54-9A1E7A4F7556}") = "Play.Encryption", "Infrastructure\Play.Encryption\Play.Encryption.csproj", "{7A4390AC-7C1F-4E4C-8CAD-6ED6AA79984E}"
EndProject
Project("{2150E333-8FDC-42A3-9474-1A3956D46DE8}") = "Kernel3", "Kernel3", "{1DD256EC-E671-4406-B2C4-85FAEDACFCEE}"
EndProject
Project("{9A19103F-16F7-4668-BE54-9A1E7A4F7556}") = "Play.Emv.Kernel3", "Emv\Contactless\Kernel\Play.Emv.Kernel3\Play.Emv.Kernel3.csproj", "{9BE0C8C9-C79B-4637-929B-1E27C4EAA9C6}"
EndProject
Project("{9A19103F-16F7-4668-BE54-9A1E7A4F7556}") = "Play.Emv.Kernel3.Services", "Emv\Contactless\Kernel\Play.Emv.Kernel3.Services\Play.Emv.Kernel3.Services.csproj", "{6397C6D1-56C0-484C-8412-BA4BB59CA4C1}"
EndProject
Project("{9A19103F-16F7-4668-BE54-9A1E7A4F7556}") = "Play.Emv", "Emv\Common\Play.Emv\Play.Emv.csproj", "{955857F2-2BD4-4BEC-941A-4D8D2B1135FA}"
EndProject
Project("{9A19103F-16F7-4668-BE54-9A1E7A4F7556}") = "Play.Emv.Icc", "Emv\Common\Play.Emv.Icc\Play.Emv.Icc.csproj", "{C091DF17-BBC2-4469-9485-4235272B19BE}"
EndProject
Project("{9A19103F-16F7-4668-BE54-9A1E7A4F7556}") = "Play.Codecs", "Infrastructure\Play.Codecs\Play.Codecs.csproj", "{120416FF-9470-40DA-93D3-B9D02EA66DC6}"
EndProject
Project("{9A19103F-16F7-4668-BE54-9A1E7A4F7556}") = "Play.Emv.Ber", "Emv\Common\Play.Emv.Ber\Play.Emv.Ber.csproj", "{A5FBB91D-38CE-41EC-875A-1CFCE00B2821}"
EndProject
Project("{9A19103F-16F7-4668-BE54-9A1E7A4F7556}") = "Play.Emv.Security", "Emv\Common\Play.Emv.Security\Play.Emv.Security.csproj", "{DAE8877C-E80B-4DB5-B24B-588851904908}"
EndProject
Project("{2150E333-8FDC-42A3-9474-1A3956D46DE8}") = "Emv", "Emv", "{2CA294F9-B718-497C-9E0C-AE761F5D13B4}"
EndProject
Project("{2150E333-8FDC-42A3-9474-1A3956D46DE8}") = "Core", "Core", "{92C77034-1B33-4CFD-9C5E-033BBFCBFA90}"
EndProject
Project("{9A19103F-16F7-4668-BE54-9A1E7A4F7556}") = "Play.Emv.Kernel3.Tests", "Tests\Emv\Contactless\Play.Emv.Kernel3.Tests\Play.Emv.Kernel3.Tests.csproj", "{87A65578-9880-4CF3-8D40-92B8FF8E9B88}"
EndProject
Project("{9A19103F-16F7-4668-BE54-9A1E7A4F7556}") = "Play.Emv.Pcd.Tests", "Tests\Emv\Contactless\Play.Emv.Pcd.Tests\Play.Emv.Pcd.Tests.csproj", "{6D40015C-86C6-4600-992E-6D2630DF274B}"
EndProject
Project("{9A19103F-16F7-4668-BE54-9A1E7A4F7556}") = "Play.Emv.Reader.Tests", "Tests\Emv\Contactless\Play.Emv.Reader.Tests\Play.Emv.Reader.Tests.csproj", "{B881BBF4-A634-493E-9D98-7CDC020F8578}"
EndProject
Project("{9A19103F-16F7-4668-BE54-9A1E7A4F7556}") = "Play.Emv.Selection.Tests", "Tests\Emv\Contactless\Play.Emv.Selection.Tests\Play.Emv.Selection.Tests.csproj", "{22D73833-B3C7-44F3-9C54-9075886AFC3F}"
EndProject
Project("{9A19103F-16F7-4668-BE54-9A1E7A4F7556}") = "Play.Emv.Terminal.Tests", "Tests\Emv\Contactless\Play.Emv.Terminal.Tests\Play.Emv.Terminal.Tests.csproj", "{70C24F5F-6549-44BD-B687-FB0E53159798}"
EndProject
Project("{9A19103F-16F7-4668-BE54-9A1E7A4F7556}") = "Play.Emv.Icc.Tests", "Tests\Emv\Infrastructure\Play.Emv.Icc.Tests\Play.Emv.Icc.Tests.csproj", "{016AC348-11F4-4311-91D6-17367B866192}"
EndProject
Project("{9A19103F-16F7-4668-BE54-9A1E7A4F7556}") = "Play.Emv.Security.Tests", "Tests\Emv\Infrastructure\Play.Emv.Security.Tests\Play.Emv.Security.Tests.csproj", "{CE220BAE-F248-43CA-96B1-769AFF94FB37}"
EndProject
Project("{9A19103F-16F7-4668-BE54-9A1E7A4F7556}") = "Play.Emv.Tests", "Tests\Emv\Infrastructure\Play.Emv.Tests\Play.Emv.Tests.csproj", "{91572D16-CBF0-496A-9CA0-B214A17CC360}"
EndProject
Project("{9A19103F-16F7-4668-BE54-9A1E7A4F7556}") = "Play.Ber.Tests", "Tests\Infrastructure\Play.Ber.Tests\Play.Ber.Tests.csproj", "{AC25D674-A479-4EAA-BD3C-9A922C7A3B7E}"
EndProject
Project("{9A19103F-16F7-4668-BE54-9A1E7A4F7556}") = "Play.Codecs.Tests", "Tests\Infrastructure\Play.Codecs.Tests\Play.Codecs.Tests.csproj", "{671009D3-7190-44D6-A72B-DF34101FAF8D}"
EndProject
Project("{9A19103F-16F7-4668-BE54-9A1E7A4F7556}") = "Play.Core.Tests", "Tests\Infrastructure\Play.Core.Tests\Play.Core.Tests.csproj", "{90506B95-0F16-4F17-AD1C-387C254F6122}"
EndProject
Project("{9A19103F-16F7-4668-BE54-9A1E7A4F7556}") = "Play.Encryption.Tests", "Tests\Infrastructure\Play.Encryption.Tests\Play.Encryption.Tests.csproj", "{F1C858F7-4FCD-4128-AC99-B5233CBACEB7}"
EndProject
Project("{9A19103F-16F7-4668-BE54-9A1E7A4F7556}") = "Play.Globalization.Tests", "Tests\Infrastructure\Play.Globalization.Tests\Play.Globalization.Tests.csproj", "{C5E8566B-62FC-4C3A-8837-B79E6146F8E7}"
EndProject
Project("{9A19103F-16F7-4668-BE54-9A1E7A4F7556}") = "Play.Icc.Tests", "Tests\Infrastructure\Play.Icc.Tests\Play.Icc.Tests.csproj", "{8C400FD6-B9CE-4A8E-B7EF-F6167DC6D904}"
EndProject
Project("{9A19103F-16F7-4668-BE54-9A1E7A4F7556}") = "Play.Interchange.Tests", "Tests\Infrastructure\Play.Interchange.Tests\Play.Interchange.Tests.csproj", "{B11E13E3-8EBB-421C-AB32-C59435CF2E54}"
EndProject
Project("{9A19103F-16F7-4668-BE54-9A1E7A4F7556}") = "Play.Messaging.Tests", "Tests\Infrastructure\Play.Messaging.Tests\Play.Messaging.Tests.csproj", "{FD05C47E-B608-4167-878C-588E221E613A}"
EndProject
Project("{9A19103F-16F7-4668-BE54-9A1E7A4F7556}") = "Play.Randoms.Tests", "Tests\Infrastructure\Play.Randoms.Tests\Play.Randoms.Tests.csproj", "{DC5FF8C7-71D2-4989-84BF-B67730BDB277}"
EndProject
Project("{9A19103F-16F7-4668-BE54-9A1E7A4F7556}") = "Play.Emv.Ber.Tests", "Tests\Emv\Infrastructure\Play.Emv.Ber.Tests\Play.Emv.Ber.Tests.csproj", "{B0111F8F-6E28-4B95-979B-3CED9746E560}"
EndProject
Project("{9A19103F-16F7-4668-BE54-9A1E7A4F7556}") = "Play.Testing", "Tests\Common\Play.Testing\Play.Testing.csproj", "{8773855A-91A8-4564-AAF1-96BB8E60EC6A}"
EndProject
Project("{9A19103F-16F7-4668-BE54-9A1E7A4F7556}") = "Play.Testing.Emv", "Tests\Common\Play.Testing.Emv\Play.Testing.Emv.csproj", "{80F6B483-7E2A-4BAA-AFB8-E4EC11201315}"
EndProject
Project("{9A19103F-16F7-4668-BE54-9A1E7A4F7556}") = "Play.Testing.Emv.Contactless", "Tests\Common\Play.Testing.Emv.Contactless\Play.Testing.Emv.Contactless.csproj", "{F32E9845-5246-45F8-AEB7-99B0BFD1D9CD}"
EndProject
Project("{9A19103F-16F7-4668-BE54-9A1E7A4F7556}") = "Play.Testing.Infrastructure", "Tests\Common\Play.Testing.Infrastructure\Play.Testing.Infrastructure.csproj", "{5C16FBC9-A94F-4640-840E-B263DD47833A}"
EndProject
Project("{2150E333-8FDC-42A3-9474-1A3956D46DE8}") = "Acquirer", "Acquirer", "{69C1955C-655F-4958-8C6B-243C39CEF0D7}"
EndProject
Project("{9A19103F-16F7-4668-BE54-9A1E7A4F7556}") = "Play.Emv.Acquirer.Contracts", "..\..\Interchange\Source\Acquirer\Play.Emv.Acquirer.Contracts\Play.Emv.Acquirer.Contracts.csproj", "{93C93ACC-F0FB-4AE8-B1D3-569CF7036109}"
EndProject
Project("{9A19103F-16F7-4668-BE54-9A1E7A4F7556}") = "Play.Emv.Kernel2.Tests", "Tests\Emv\Contactless\Play.Emv.Kernel2.Tests\Play.Emv.Kernel2.Tests.csproj", "{8F4A639E-9F2F-4B4B-9AF7-D475ECFC17E8}"
EndProject
Project("{2150E333-8FDC-42A3-9474-1A3956D46DE8}") = "Contactless", "Contactless", "{938F19AE-710F-4A35-87D6-85DEC753FA1B}"
EndProject
Global
	GlobalSection(SolutionConfigurationPlatforms) = preSolution
		Debug|Any CPU = Debug|Any CPU
		Release|Any CPU = Release|Any CPU
	EndGlobalSection
	GlobalSection(ProjectConfigurationPlatforms) = postSolution
		{31967D68-9404-4568-8152-2C22E1AAEAB8}.Debug|Any CPU.ActiveCfg = Debug|Any CPU
		{31967D68-9404-4568-8152-2C22E1AAEAB8}.Debug|Any CPU.Build.0 = Debug|Any CPU
		{31967D68-9404-4568-8152-2C22E1AAEAB8}.Release|Any CPU.ActiveCfg = Release|Any CPU
		{31967D68-9404-4568-8152-2C22E1AAEAB8}.Release|Any CPU.Build.0 = Release|Any CPU
		{9AA22CA1-5018-4478-ACC4-108CA00C71CF}.Debug|Any CPU.ActiveCfg = Debug|Any CPU
		{9AA22CA1-5018-4478-ACC4-108CA00C71CF}.Debug|Any CPU.Build.0 = Debug|Any CPU
		{9AA22CA1-5018-4478-ACC4-108CA00C71CF}.Release|Any CPU.ActiveCfg = Release|Any CPU
		{9AA22CA1-5018-4478-ACC4-108CA00C71CF}.Release|Any CPU.Build.0 = Release|Any CPU
		{87CFBCDE-B0AF-42DE-B8A9-910D8008DBA6}.Debug|Any CPU.ActiveCfg = Debug|Any CPU
		{87CFBCDE-B0AF-42DE-B8A9-910D8008DBA6}.Debug|Any CPU.Build.0 = Debug|Any CPU
		{87CFBCDE-B0AF-42DE-B8A9-910D8008DBA6}.Release|Any CPU.ActiveCfg = Release|Any CPU
		{87CFBCDE-B0AF-42DE-B8A9-910D8008DBA6}.Release|Any CPU.Build.0 = Release|Any CPU
		{467DC1E2-2600-4FCE-A193-2567CCF35318}.Debug|Any CPU.ActiveCfg = Debug|Any CPU
		{467DC1E2-2600-4FCE-A193-2567CCF35318}.Debug|Any CPU.Build.0 = Debug|Any CPU
		{467DC1E2-2600-4FCE-A193-2567CCF35318}.Release|Any CPU.ActiveCfg = Release|Any CPU
		{467DC1E2-2600-4FCE-A193-2567CCF35318}.Release|Any CPU.Build.0 = Release|Any CPU
		{6CBC5B25-0090-4C20-92F8-0184F4D65276}.Debug|Any CPU.ActiveCfg = Debug|Any CPU
		{6CBC5B25-0090-4C20-92F8-0184F4D65276}.Debug|Any CPU.Build.0 = Debug|Any CPU
		{6CBC5B25-0090-4C20-92F8-0184F4D65276}.Release|Any CPU.ActiveCfg = Release|Any CPU
		{6CBC5B25-0090-4C20-92F8-0184F4D65276}.Release|Any CPU.Build.0 = Release|Any CPU
		{05C8286D-DB9C-4820-8455-A47930B724E5}.Debug|Any CPU.ActiveCfg = Debug|Any CPU
		{05C8286D-DB9C-4820-8455-A47930B724E5}.Debug|Any CPU.Build.0 = Debug|Any CPU
		{05C8286D-DB9C-4820-8455-A47930B724E5}.Release|Any CPU.ActiveCfg = Release|Any CPU
		{05C8286D-DB9C-4820-8455-A47930B724E5}.Release|Any CPU.Build.0 = Release|Any CPU
		{D79F52C3-BC30-4151-BC80-2EF960BA1FE1}.Debug|Any CPU.ActiveCfg = Debug|Any CPU
		{D79F52C3-BC30-4151-BC80-2EF960BA1FE1}.Debug|Any CPU.Build.0 = Debug|Any CPU
		{D79F52C3-BC30-4151-BC80-2EF960BA1FE1}.Release|Any CPU.ActiveCfg = Release|Any CPU
		{D79F52C3-BC30-4151-BC80-2EF960BA1FE1}.Release|Any CPU.Build.0 = Release|Any CPU
		{7151E9F0-C414-4257-ADC0-78F622AB0D7B}.Debug|Any CPU.ActiveCfg = Debug|Any CPU
		{7151E9F0-C414-4257-ADC0-78F622AB0D7B}.Debug|Any CPU.Build.0 = Debug|Any CPU
		{7151E9F0-C414-4257-ADC0-78F622AB0D7B}.Release|Any CPU.ActiveCfg = Release|Any CPU
		{7151E9F0-C414-4257-ADC0-78F622AB0D7B}.Release|Any CPU.Build.0 = Release|Any CPU
		{940252D7-F3F1-41D0-BB74-55DBAF7F67F6}.Debug|Any CPU.ActiveCfg = Debug|Any CPU
		{940252D7-F3F1-41D0-BB74-55DBAF7F67F6}.Debug|Any CPU.Build.0 = Debug|Any CPU
		{940252D7-F3F1-41D0-BB74-55DBAF7F67F6}.Release|Any CPU.ActiveCfg = Release|Any CPU
		{940252D7-F3F1-41D0-BB74-55DBAF7F67F6}.Release|Any CPU.Build.0 = Release|Any CPU
		{A132998F-5408-4CBF-BB29-4C30D253C3FE}.Debug|Any CPU.ActiveCfg = Debug|Any CPU
		{A132998F-5408-4CBF-BB29-4C30D253C3FE}.Debug|Any CPU.Build.0 = Debug|Any CPU
		{A132998F-5408-4CBF-BB29-4C30D253C3FE}.Release|Any CPU.ActiveCfg = Release|Any CPU
		{A132998F-5408-4CBF-BB29-4C30D253C3FE}.Release|Any CPU.Build.0 = Release|Any CPU
		{36C2019D-85E7-4003-956D-F246BBC87083}.Debug|Any CPU.ActiveCfg = Debug|Any CPU
		{36C2019D-85E7-4003-956D-F246BBC87083}.Debug|Any CPU.Build.0 = Debug|Any CPU
		{36C2019D-85E7-4003-956D-F246BBC87083}.Release|Any CPU.ActiveCfg = Release|Any CPU
		{36C2019D-85E7-4003-956D-F246BBC87083}.Release|Any CPU.Build.0 = Release|Any CPU
		{2157E992-1FD7-440F-A57B-4D94E60093B0}.Debug|Any CPU.ActiveCfg = Debug|Any CPU
		{2157E992-1FD7-440F-A57B-4D94E60093B0}.Debug|Any CPU.Build.0 = Debug|Any CPU
		{2157E992-1FD7-440F-A57B-4D94E60093B0}.Release|Any CPU.ActiveCfg = Release|Any CPU
		{2157E992-1FD7-440F-A57B-4D94E60093B0}.Release|Any CPU.Build.0 = Release|Any CPU
		{DCC19D14-928F-4F56-9B3C-0A4968E39BDB}.Debug|Any CPU.ActiveCfg = Debug|Any CPU
		{DCC19D14-928F-4F56-9B3C-0A4968E39BDB}.Debug|Any CPU.Build.0 = Debug|Any CPU
		{DCC19D14-928F-4F56-9B3C-0A4968E39BDB}.Release|Any CPU.ActiveCfg = Release|Any CPU
		{DCC19D14-928F-4F56-9B3C-0A4968E39BDB}.Release|Any CPU.Build.0 = Release|Any CPU
		{B4BA833B-3B7F-403C-810F-B213F6EF3406}.Debug|Any CPU.ActiveCfg = Debug|Any CPU
		{B4BA833B-3B7F-403C-810F-B213F6EF3406}.Debug|Any CPU.Build.0 = Debug|Any CPU
		{B4BA833B-3B7F-403C-810F-B213F6EF3406}.Release|Any CPU.ActiveCfg = Release|Any CPU
		{B4BA833B-3B7F-403C-810F-B213F6EF3406}.Release|Any CPU.Build.0 = Release|Any CPU
		{E1E4401C-B2DF-4411-AD7C-B782986D9E70}.Debug|Any CPU.ActiveCfg = Debug|Any CPU
		{E1E4401C-B2DF-4411-AD7C-B782986D9E70}.Debug|Any CPU.Build.0 = Debug|Any CPU
		{E1E4401C-B2DF-4411-AD7C-B782986D9E70}.Release|Any CPU.ActiveCfg = Release|Any CPU
		{E1E4401C-B2DF-4411-AD7C-B782986D9E70}.Release|Any CPU.Build.0 = Release|Any CPU
		{560E7B06-F730-4267-87D8-CE991616DB9E}.Debug|Any CPU.ActiveCfg = Debug|Any CPU
		{560E7B06-F730-4267-87D8-CE991616DB9E}.Debug|Any CPU.Build.0 = Debug|Any CPU
		{560E7B06-F730-4267-87D8-CE991616DB9E}.Release|Any CPU.ActiveCfg = Release|Any CPU
		{560E7B06-F730-4267-87D8-CE991616DB9E}.Release|Any CPU.Build.0 = Release|Any CPU
		{BB1CD5EC-5311-45C0-9090-D5DAE3891B51}.Debug|Any CPU.ActiveCfg = Debug|Any CPU
		{BB1CD5EC-5311-45C0-9090-D5DAE3891B51}.Debug|Any CPU.Build.0 = Debug|Any CPU
		{BB1CD5EC-5311-45C0-9090-D5DAE3891B51}.Release|Any CPU.ActiveCfg = Release|Any CPU
		{BB1CD5EC-5311-45C0-9090-D5DAE3891B51}.Release|Any CPU.Build.0 = Release|Any CPU
		{0C47815F-193A-4FF3-B6B7-415D094D928D}.Debug|Any CPU.ActiveCfg = Debug|Any CPU
		{0C47815F-193A-4FF3-B6B7-415D094D928D}.Debug|Any CPU.Build.0 = Debug|Any CPU
		{0C47815F-193A-4FF3-B6B7-415D094D928D}.Release|Any CPU.ActiveCfg = Release|Any CPU
		{0C47815F-193A-4FF3-B6B7-415D094D928D}.Release|Any CPU.Build.0 = Release|Any CPU
		{BC0AF5CF-50F2-4A6C-A944-C5C6E6355E84}.Debug|Any CPU.ActiveCfg = Debug|Any CPU
		{BC0AF5CF-50F2-4A6C-A944-C5C6E6355E84}.Debug|Any CPU.Build.0 = Debug|Any CPU
		{BC0AF5CF-50F2-4A6C-A944-C5C6E6355E84}.Release|Any CPU.ActiveCfg = Release|Any CPU
		{BC0AF5CF-50F2-4A6C-A944-C5C6E6355E84}.Release|Any CPU.Build.0 = Release|Any CPU
		{AD4373E1-DCED-4F5F-AFC7-80CF43703153}.Debug|Any CPU.ActiveCfg = Debug|Any CPU
		{AD4373E1-DCED-4F5F-AFC7-80CF43703153}.Debug|Any CPU.Build.0 = Debug|Any CPU
		{AD4373E1-DCED-4F5F-AFC7-80CF43703153}.Release|Any CPU.ActiveCfg = Release|Any CPU
		{AD4373E1-DCED-4F5F-AFC7-80CF43703153}.Release|Any CPU.Build.0 = Release|Any CPU
		{CE8F1B41-9C34-47D1-AF68-9064ABEE0213}.Debug|Any CPU.ActiveCfg = Debug|Any CPU
		{CE8F1B41-9C34-47D1-AF68-9064ABEE0213}.Debug|Any CPU.Build.0 = Debug|Any CPU
		{CE8F1B41-9C34-47D1-AF68-9064ABEE0213}.Release|Any CPU.ActiveCfg = Release|Any CPU
		{CE8F1B41-9C34-47D1-AF68-9064ABEE0213}.Release|Any CPU.Build.0 = Release|Any CPU
		{66717E62-D740-47AD-8A6A-0E907031EDE0}.Debug|Any CPU.ActiveCfg = Debug|Any CPU
		{66717E62-D740-47AD-8A6A-0E907031EDE0}.Debug|Any CPU.Build.0 = Debug|Any CPU
		{66717E62-D740-47AD-8A6A-0E907031EDE0}.Release|Any CPU.ActiveCfg = Release|Any CPU
		{66717E62-D740-47AD-8A6A-0E907031EDE0}.Release|Any CPU.Build.0 = Release|Any CPU
		{4E3C6A58-9ABF-4B7F-9959-87AC92315774}.Debug|Any CPU.ActiveCfg = Debug|Any CPU
		{4E3C6A58-9ABF-4B7F-9959-87AC92315774}.Debug|Any CPU.Build.0 = Debug|Any CPU
		{4E3C6A58-9ABF-4B7F-9959-87AC92315774}.Release|Any CPU.ActiveCfg = Release|Any CPU
		{4E3C6A58-9ABF-4B7F-9959-87AC92315774}.Release|Any CPU.Build.0 = Release|Any CPU
		{5D2615BD-B848-4ACA-89A3-D75B416B7DD8}.Debug|Any CPU.ActiveCfg = Debug|Any CPU
		{5D2615BD-B848-4ACA-89A3-D75B416B7DD8}.Debug|Any CPU.Build.0 = Debug|Any CPU
		{5D2615BD-B848-4ACA-89A3-D75B416B7DD8}.Release|Any CPU.ActiveCfg = Release|Any CPU
		{5D2615BD-B848-4ACA-89A3-D75B416B7DD8}.Release|Any CPU.Build.0 = Release|Any CPU
		{E3CE59B3-D204-4C1A-8770-22309A835BD3}.Debug|Any CPU.ActiveCfg = Debug|Any CPU
		{E3CE59B3-D204-4C1A-8770-22309A835BD3}.Debug|Any CPU.Build.0 = Debug|Any CPU
		{E3CE59B3-D204-4C1A-8770-22309A835BD3}.Release|Any CPU.ActiveCfg = Release|Any CPU
		{E3CE59B3-D204-4C1A-8770-22309A835BD3}.Release|Any CPU.Build.0 = Release|Any CPU
		{792A2149-F745-4F68-A3EC-2688B2ED6179}.Debug|Any CPU.ActiveCfg = Debug|Any CPU
		{792A2149-F745-4F68-A3EC-2688B2ED6179}.Debug|Any CPU.Build.0 = Debug|Any CPU
		{792A2149-F745-4F68-A3EC-2688B2ED6179}.Release|Any CPU.ActiveCfg = Release|Any CPU
		{792A2149-F745-4F68-A3EC-2688B2ED6179}.Release|Any CPU.Build.0 = Release|Any CPU
		{DC42BCD8-37A2-482D-9FC8-20703F31E4D3}.Debug|Any CPU.ActiveCfg = Debug|Any CPU
		{DC42BCD8-37A2-482D-9FC8-20703F31E4D3}.Debug|Any CPU.Build.0 = Debug|Any CPU
		{DC42BCD8-37A2-482D-9FC8-20703F31E4D3}.Release|Any CPU.ActiveCfg = Release|Any CPU
		{DC42BCD8-37A2-482D-9FC8-20703F31E4D3}.Release|Any CPU.Build.0 = Release|Any CPU
		{3683E86F-0A42-4CA0-9A52-472AB2C48D14}.Debug|Any CPU.ActiveCfg = Debug|Any CPU
		{3683E86F-0A42-4CA0-9A52-472AB2C48D14}.Debug|Any CPU.Build.0 = Debug|Any CPU
		{3683E86F-0A42-4CA0-9A52-472AB2C48D14}.Release|Any CPU.ActiveCfg = Release|Any CPU
		{3683E86F-0A42-4CA0-9A52-472AB2C48D14}.Release|Any CPU.Build.0 = Release|Any CPU
		{2B470913-7193-45E5-AEAC-0643A7669475}.Debug|Any CPU.ActiveCfg = Debug|Any CPU
		{2B470913-7193-45E5-AEAC-0643A7669475}.Debug|Any CPU.Build.0 = Debug|Any CPU
		{2B470913-7193-45E5-AEAC-0643A7669475}.Release|Any CPU.ActiveCfg = Release|Any CPU
		{2B470913-7193-45E5-AEAC-0643A7669475}.Release|Any CPU.Build.0 = Release|Any CPU
		{7A4390AC-7C1F-4E4C-8CAD-6ED6AA79984E}.Debug|Any CPU.ActiveCfg = Debug|Any CPU
		{7A4390AC-7C1F-4E4C-8CAD-6ED6AA79984E}.Debug|Any CPU.Build.0 = Debug|Any CPU
		{7A4390AC-7C1F-4E4C-8CAD-6ED6AA79984E}.Release|Any CPU.ActiveCfg = Release|Any CPU
		{7A4390AC-7C1F-4E4C-8CAD-6ED6AA79984E}.Release|Any CPU.Build.0 = Release|Any CPU
		{9BE0C8C9-C79B-4637-929B-1E27C4EAA9C6}.Debug|Any CPU.ActiveCfg = Debug|Any CPU
		{9BE0C8C9-C79B-4637-929B-1E27C4EAA9C6}.Debug|Any CPU.Build.0 = Debug|Any CPU
		{9BE0C8C9-C79B-4637-929B-1E27C4EAA9C6}.Release|Any CPU.ActiveCfg = Release|Any CPU
		{9BE0C8C9-C79B-4637-929B-1E27C4EAA9C6}.Release|Any CPU.Build.0 = Release|Any CPU
		{6397C6D1-56C0-484C-8412-BA4BB59CA4C1}.Debug|Any CPU.ActiveCfg = Debug|Any CPU
		{6397C6D1-56C0-484C-8412-BA4BB59CA4C1}.Debug|Any CPU.Build.0 = Debug|Any CPU
		{6397C6D1-56C0-484C-8412-BA4BB59CA4C1}.Release|Any CPU.ActiveCfg = Release|Any CPU
		{6397C6D1-56C0-484C-8412-BA4BB59CA4C1}.Release|Any CPU.Build.0 = Release|Any CPU
		{955857F2-2BD4-4BEC-941A-4D8D2B1135FA}.Debug|Any CPU.ActiveCfg = Debug|Any CPU
		{955857F2-2BD4-4BEC-941A-4D8D2B1135FA}.Debug|Any CPU.Build.0 = Debug|Any CPU
		{955857F2-2BD4-4BEC-941A-4D8D2B1135FA}.Release|Any CPU.ActiveCfg = Release|Any CPU
		{955857F2-2BD4-4BEC-941A-4D8D2B1135FA}.Release|Any CPU.Build.0 = Release|Any CPU
		{C091DF17-BBC2-4469-9485-4235272B19BE}.Debug|Any CPU.ActiveCfg = Debug|Any CPU
		{C091DF17-BBC2-4469-9485-4235272B19BE}.Debug|Any CPU.Build.0 = Debug|Any CPU
		{C091DF17-BBC2-4469-9485-4235272B19BE}.Release|Any CPU.ActiveCfg = Release|Any CPU
		{C091DF17-BBC2-4469-9485-4235272B19BE}.Release|Any CPU.Build.0 = Release|Any CPU
		{120416FF-9470-40DA-93D3-B9D02EA66DC6}.Debug|Any CPU.ActiveCfg = Debug|Any CPU
		{120416FF-9470-40DA-93D3-B9D02EA66DC6}.Debug|Any CPU.Build.0 = Debug|Any CPU
		{120416FF-9470-40DA-93D3-B9D02EA66DC6}.Release|Any CPU.ActiveCfg = Release|Any CPU
		{120416FF-9470-40DA-93D3-B9D02EA66DC6}.Release|Any CPU.Build.0 = Release|Any CPU
		{A5FBB91D-38CE-41EC-875A-1CFCE00B2821}.Debug|Any CPU.ActiveCfg = Debug|Any CPU
		{A5FBB91D-38CE-41EC-875A-1CFCE00B2821}.Debug|Any CPU.Build.0 = Debug|Any CPU
		{A5FBB91D-38CE-41EC-875A-1CFCE00B2821}.Release|Any CPU.ActiveCfg = Release|Any CPU
		{A5FBB91D-38CE-41EC-875A-1CFCE00B2821}.Release|Any CPU.Build.0 = Release|Any CPU
		{DAE8877C-E80B-4DB5-B24B-588851904908}.Debug|Any CPU.ActiveCfg = Debug|Any CPU
		{DAE8877C-E80B-4DB5-B24B-588851904908}.Debug|Any CPU.Build.0 = Debug|Any CPU
		{DAE8877C-E80B-4DB5-B24B-588851904908}.Release|Any CPU.ActiveCfg = Release|Any CPU
		{DAE8877C-E80B-4DB5-B24B-588851904908}.Release|Any CPU.Build.0 = Release|Any CPU
		{87A65578-9880-4CF3-8D40-92B8FF8E9B88}.Debug|Any CPU.ActiveCfg = Debug|Any CPU
		{87A65578-9880-4CF3-8D40-92B8FF8E9B88}.Debug|Any CPU.Build.0 = Debug|Any CPU
		{87A65578-9880-4CF3-8D40-92B8FF8E9B88}.Release|Any CPU.ActiveCfg = Release|Any CPU
		{87A65578-9880-4CF3-8D40-92B8FF8E9B88}.Release|Any CPU.Build.0 = Release|Any CPU
		{6D40015C-86C6-4600-992E-6D2630DF274B}.Debug|Any CPU.ActiveCfg = Debug|Any CPU
		{6D40015C-86C6-4600-992E-6D2630DF274B}.Debug|Any CPU.Build.0 = Debug|Any CPU
		{6D40015C-86C6-4600-992E-6D2630DF274B}.Release|Any CPU.ActiveCfg = Release|Any CPU
		{6D40015C-86C6-4600-992E-6D2630DF274B}.Release|Any CPU.Build.0 = Release|Any CPU
		{B881BBF4-A634-493E-9D98-7CDC020F8578}.Debug|Any CPU.ActiveCfg = Debug|Any CPU
		{B881BBF4-A634-493E-9D98-7CDC020F8578}.Debug|Any CPU.Build.0 = Debug|Any CPU
		{B881BBF4-A634-493E-9D98-7CDC020F8578}.Release|Any CPU.ActiveCfg = Release|Any CPU
		{B881BBF4-A634-493E-9D98-7CDC020F8578}.Release|Any CPU.Build.0 = Release|Any CPU
		{22D73833-B3C7-44F3-9C54-9075886AFC3F}.Debug|Any CPU.ActiveCfg = Debug|Any CPU
		{22D73833-B3C7-44F3-9C54-9075886AFC3F}.Debug|Any CPU.Build.0 = Debug|Any CPU
		{22D73833-B3C7-44F3-9C54-9075886AFC3F}.Release|Any CPU.ActiveCfg = Release|Any CPU
		{22D73833-B3C7-44F3-9C54-9075886AFC3F}.Release|Any CPU.Build.0 = Release|Any CPU
		{70C24F5F-6549-44BD-B687-FB0E53159798}.Debug|Any CPU.ActiveCfg = Debug|Any CPU
		{70C24F5F-6549-44BD-B687-FB0E53159798}.Debug|Any CPU.Build.0 = Debug|Any CPU
		{70C24F5F-6549-44BD-B687-FB0E53159798}.Release|Any CPU.ActiveCfg = Release|Any CPU
		{70C24F5F-6549-44BD-B687-FB0E53159798}.Release|Any CPU.Build.0 = Release|Any CPU
		{016AC348-11F4-4311-91D6-17367B866192}.Debug|Any CPU.ActiveCfg = Debug|Any CPU
		{016AC348-11F4-4311-91D6-17367B866192}.Debug|Any CPU.Build.0 = Debug|Any CPU
		{016AC348-11F4-4311-91D6-17367B866192}.Release|Any CPU.ActiveCfg = Release|Any CPU
		{016AC348-11F4-4311-91D6-17367B866192}.Release|Any CPU.Build.0 = Release|Any CPU
		{CE220BAE-F248-43CA-96B1-769AFF94FB37}.Debug|Any CPU.ActiveCfg = Debug|Any CPU
		{CE220BAE-F248-43CA-96B1-769AFF94FB37}.Debug|Any CPU.Build.0 = Debug|Any CPU
		{CE220BAE-F248-43CA-96B1-769AFF94FB37}.Release|Any CPU.ActiveCfg = Release|Any CPU
		{CE220BAE-F248-43CA-96B1-769AFF94FB37}.Release|Any CPU.Build.0 = Release|Any CPU
		{91572D16-CBF0-496A-9CA0-B214A17CC360}.Debug|Any CPU.ActiveCfg = Debug|Any CPU
		{91572D16-CBF0-496A-9CA0-B214A17CC360}.Debug|Any CPU.Build.0 = Debug|Any CPU
		{91572D16-CBF0-496A-9CA0-B214A17CC360}.Release|Any CPU.ActiveCfg = Release|Any CPU
		{91572D16-CBF0-496A-9CA0-B214A17CC360}.Release|Any CPU.Build.0 = Release|Any CPU
		{AC25D674-A479-4EAA-BD3C-9A922C7A3B7E}.Debug|Any CPU.ActiveCfg = Debug|Any CPU
		{AC25D674-A479-4EAA-BD3C-9A922C7A3B7E}.Debug|Any CPU.Build.0 = Debug|Any CPU
		{AC25D674-A479-4EAA-BD3C-9A922C7A3B7E}.Release|Any CPU.ActiveCfg = Release|Any CPU
		{AC25D674-A479-4EAA-BD3C-9A922C7A3B7E}.Release|Any CPU.Build.0 = Release|Any CPU
		{671009D3-7190-44D6-A72B-DF34101FAF8D}.Debug|Any CPU.ActiveCfg = Debug|Any CPU
		{671009D3-7190-44D6-A72B-DF34101FAF8D}.Debug|Any CPU.Build.0 = Debug|Any CPU
		{671009D3-7190-44D6-A72B-DF34101FAF8D}.Release|Any CPU.ActiveCfg = Release|Any CPU
		{671009D3-7190-44D6-A72B-DF34101FAF8D}.Release|Any CPU.Build.0 = Release|Any CPU
		{90506B95-0F16-4F17-AD1C-387C254F6122}.Debug|Any CPU.ActiveCfg = Debug|Any CPU
		{90506B95-0F16-4F17-AD1C-387C254F6122}.Debug|Any CPU.Build.0 = Debug|Any CPU
		{90506B95-0F16-4F17-AD1C-387C254F6122}.Release|Any CPU.ActiveCfg = Release|Any CPU
		{90506B95-0F16-4F17-AD1C-387C254F6122}.Release|Any CPU.Build.0 = Release|Any CPU
		{F1C858F7-4FCD-4128-AC99-B5233CBACEB7}.Debug|Any CPU.ActiveCfg = Debug|Any CPU
		{F1C858F7-4FCD-4128-AC99-B5233CBACEB7}.Debug|Any CPU.Build.0 = Debug|Any CPU
		{F1C858F7-4FCD-4128-AC99-B5233CBACEB7}.Release|Any CPU.ActiveCfg = Release|Any CPU
		{F1C858F7-4FCD-4128-AC99-B5233CBACEB7}.Release|Any CPU.Build.0 = Release|Any CPU
		{C5E8566B-62FC-4C3A-8837-B79E6146F8E7}.Debug|Any CPU.ActiveCfg = Debug|Any CPU
		{C5E8566B-62FC-4C3A-8837-B79E6146F8E7}.Debug|Any CPU.Build.0 = Debug|Any CPU
		{C5E8566B-62FC-4C3A-8837-B79E6146F8E7}.Release|Any CPU.ActiveCfg = Release|Any CPU
		{C5E8566B-62FC-4C3A-8837-B79E6146F8E7}.Release|Any CPU.Build.0 = Release|Any CPU
		{8C400FD6-B9CE-4A8E-B7EF-F6167DC6D904}.Debug|Any CPU.ActiveCfg = Debug|Any CPU
		{8C400FD6-B9CE-4A8E-B7EF-F6167DC6D904}.Debug|Any CPU.Build.0 = Debug|Any CPU
		{8C400FD6-B9CE-4A8E-B7EF-F6167DC6D904}.Release|Any CPU.ActiveCfg = Release|Any CPU
		{8C400FD6-B9CE-4A8E-B7EF-F6167DC6D904}.Release|Any CPU.Build.0 = Release|Any CPU
		{B11E13E3-8EBB-421C-AB32-C59435CF2E54}.Debug|Any CPU.ActiveCfg = Debug|Any CPU
		{B11E13E3-8EBB-421C-AB32-C59435CF2E54}.Debug|Any CPU.Build.0 = Debug|Any CPU
		{B11E13E3-8EBB-421C-AB32-C59435CF2E54}.Release|Any CPU.ActiveCfg = Release|Any CPU
		{B11E13E3-8EBB-421C-AB32-C59435CF2E54}.Release|Any CPU.Build.0 = Release|Any CPU
		{FD05C47E-B608-4167-878C-588E221E613A}.Debug|Any CPU.ActiveCfg = Debug|Any CPU
		{FD05C47E-B608-4167-878C-588E221E613A}.Debug|Any CPU.Build.0 = Debug|Any CPU
		{FD05C47E-B608-4167-878C-588E221E613A}.Release|Any CPU.ActiveCfg = Release|Any CPU
		{FD05C47E-B608-4167-878C-588E221E613A}.Release|Any CPU.Build.0 = Release|Any CPU
		{DC5FF8C7-71D2-4989-84BF-B67730BDB277}.Debug|Any CPU.ActiveCfg = Debug|Any CPU
		{DC5FF8C7-71D2-4989-84BF-B67730BDB277}.Debug|Any CPU.Build.0 = Debug|Any CPU
		{DC5FF8C7-71D2-4989-84BF-B67730BDB277}.Release|Any CPU.ActiveCfg = Release|Any CPU
		{DC5FF8C7-71D2-4989-84BF-B67730BDB277}.Release|Any CPU.Build.0 = Release|Any CPU
		{B0111F8F-6E28-4B95-979B-3CED9746E560}.Debug|Any CPU.ActiveCfg = Debug|Any CPU
		{B0111F8F-6E28-4B95-979B-3CED9746E560}.Debug|Any CPU.Build.0 = Debug|Any CPU
		{B0111F8F-6E28-4B95-979B-3CED9746E560}.Release|Any CPU.ActiveCfg = Release|Any CPU
		{B0111F8F-6E28-4B95-979B-3CED9746E560}.Release|Any CPU.Build.0 = Release|Any CPU
		{8773855A-91A8-4564-AAF1-96BB8E60EC6A}.Debug|Any CPU.ActiveCfg = Debug|Any CPU
		{8773855A-91A8-4564-AAF1-96BB8E60EC6A}.Debug|Any CPU.Build.0 = Debug|Any CPU
		{8773855A-91A8-4564-AAF1-96BB8E60EC6A}.Release|Any CPU.ActiveCfg = Release|Any CPU
		{8773855A-91A8-4564-AAF1-96BB8E60EC6A}.Release|Any CPU.Build.0 = Release|Any CPU
		{80F6B483-7E2A-4BAA-AFB8-E4EC11201315}.Debug|Any CPU.ActiveCfg = Debug|Any CPU
		{80F6B483-7E2A-4BAA-AFB8-E4EC11201315}.Debug|Any CPU.Build.0 = Debug|Any CPU
		{80F6B483-7E2A-4BAA-AFB8-E4EC11201315}.Release|Any CPU.ActiveCfg = Release|Any CPU
		{80F6B483-7E2A-4BAA-AFB8-E4EC11201315}.Release|Any CPU.Build.0 = Release|Any CPU
		{F32E9845-5246-45F8-AEB7-99B0BFD1D9CD}.Debug|Any CPU.ActiveCfg = Debug|Any CPU
		{F32E9845-5246-45F8-AEB7-99B0BFD1D9CD}.Debug|Any CPU.Build.0 = Debug|Any CPU
		{F32E9845-5246-45F8-AEB7-99B0BFD1D9CD}.Release|Any CPU.ActiveCfg = Release|Any CPU
		{F32E9845-5246-45F8-AEB7-99B0BFD1D9CD}.Release|Any CPU.Build.0 = Release|Any CPU
		{5C16FBC9-A94F-4640-840E-B263DD47833A}.Debug|Any CPU.ActiveCfg = Debug|Any CPU
		{5C16FBC9-A94F-4640-840E-B263DD47833A}.Debug|Any CPU.Build.0 = Debug|Any CPU
		{5C16FBC9-A94F-4640-840E-B263DD47833A}.Release|Any CPU.ActiveCfg = Release|Any CPU
		{5C16FBC9-A94F-4640-840E-B263DD47833A}.Release|Any CPU.Build.0 = Release|Any CPU
		{93C93ACC-F0FB-4AE8-B1D3-569CF7036109}.Debug|Any CPU.ActiveCfg = Debug|Any CPU
		{93C93ACC-F0FB-4AE8-B1D3-569CF7036109}.Debug|Any CPU.Build.0 = Debug|Any CPU
		{93C93ACC-F0FB-4AE8-B1D3-569CF7036109}.Release|Any CPU.ActiveCfg = Release|Any CPU
		{93C93ACC-F0FB-4AE8-B1D3-569CF7036109}.Release|Any CPU.Build.0 = Release|Any CPU
		{8F4A639E-9F2F-4B4B-9AF7-D475ECFC17E8}.Debug|Any CPU.ActiveCfg = Debug|Any CPU
		{8F4A639E-9F2F-4B4B-9AF7-D475ECFC17E8}.Debug|Any CPU.Build.0 = Debug|Any CPU
		{8F4A639E-9F2F-4B4B-9AF7-D475ECFC17E8}.Release|Any CPU.ActiveCfg = Release|Any CPU
		{8F4A639E-9F2F-4B4B-9AF7-D475ECFC17E8}.Release|Any CPU.Build.0 = Release|Any CPU
	EndGlobalSection
	GlobalSection(SolutionProperties) = preSolution
		HideSolutionNode = FALSE
	EndGlobalSection
	GlobalSection(NestedProjects) = preSolution
		{31967D68-9404-4568-8152-2C22E1AAEAB8} = {D7CA87CA-8340-4E2C-A2ED-5CE46EEC455B}
		{9AA22CA1-5018-4478-ACC4-108CA00C71CF} = {D7CA87CA-8340-4E2C-A2ED-5CE46EEC455B}
		{87CFBCDE-B0AF-42DE-B8A9-910D8008DBA6} = {D7CA87CA-8340-4E2C-A2ED-5CE46EEC455B}
		{467DC1E2-2600-4FCE-A193-2567CCF35318} = {D7CA87CA-8340-4E2C-A2ED-5CE46EEC455B}
		{6CBC5B25-0090-4C20-92F8-0184F4D65276} = {D7CA87CA-8340-4E2C-A2ED-5CE46EEC455B}
		{A69328F4-C11C-4A08-BC53-F6C06725CF0C} = {510E9F99-3873-4844-980B-F440BF1350B1}
		{6F689E91-579B-4497-B8F2-7D91E4339EE6} = {510E9F99-3873-4844-980B-F440BF1350B1}
		{B2B3111E-6297-4AFF-B8FA-E90DBC41D2A6} = {510E9F99-3873-4844-980B-F440BF1350B1}
		{F8F60D11-DB27-46F4-907C-D7E5B97F94B3} = {510E9F99-3873-4844-980B-F440BF1350B1}
		{85AC5FBB-5C51-4A65-B6CE-B26C6D3266DF} = {510E9F99-3873-4844-980B-F440BF1350B1}
		{7844DB61-3723-4571-894D-EF03F5BF0298} = {510E9F99-3873-4844-980B-F440BF1350B1}
		{EC137B76-1C6E-41E9-A08C-F137458D2BA5} = {510E9F99-3873-4844-980B-F440BF1350B1}
		{05C8286D-DB9C-4820-8455-A47930B724E5} = {A69328F4-C11C-4A08-BC53-F6C06725CF0C}
		{D79F52C3-BC30-4151-BC80-2EF960BA1FE1} = {A69328F4-C11C-4A08-BC53-F6C06725CF0C}
		{7151E9F0-C414-4257-ADC0-78F622AB0D7B} = {A69328F4-C11C-4A08-BC53-F6C06725CF0C}
		{5EFD2F76-6028-4477-BD8F-5EEC0237AD63} = {6F689E91-579B-4497-B8F2-7D91E4339EE6}
		{940252D7-F3F1-41D0-BB74-55DBAF7F67F6} = {6F689E91-579B-4497-B8F2-7D91E4339EE6}
		{A132998F-5408-4CBF-BB29-4C30D253C3FE} = {6F689E91-579B-4497-B8F2-7D91E4339EE6}
		{36C2019D-85E7-4003-956D-F246BBC87083} = {6F689E91-579B-4497-B8F2-7D91E4339EE6}
		{2157E992-1FD7-440F-A57B-4D94E60093B0} = {5EFD2F76-6028-4477-BD8F-5EEC0237AD63}
		{DCC19D14-928F-4F56-9B3C-0A4968E39BDB} = {5EFD2F76-6028-4477-BD8F-5EEC0237AD63}
		{B4BA833B-3B7F-403C-810F-B213F6EF3406} = {F8F60D11-DB27-46F4-907C-D7E5B97F94B3}
		{E1E4401C-B2DF-4411-AD7C-B782986D9E70} = {F8F60D11-DB27-46F4-907C-D7E5B97F94B3}
		{560E7B06-F730-4267-87D8-CE991616DB9E} = {F8F60D11-DB27-46F4-907C-D7E5B97F94B3}
		{BB1CD5EC-5311-45C0-9090-D5DAE3891B51} = {85AC5FBB-5C51-4A65-B6CE-B26C6D3266DF}
		{0C47815F-193A-4FF3-B6B7-415D094D928D} = {B2B3111E-6297-4AFF-B8FA-E90DBC41D2A6}
		{BC0AF5CF-50F2-4A6C-A944-C5C6E6355E84} = {B2B3111E-6297-4AFF-B8FA-E90DBC41D2A6}
		{AD4373E1-DCED-4F5F-AFC7-80CF43703153} = {B2B3111E-6297-4AFF-B8FA-E90DBC41D2A6}
		{CE8F1B41-9C34-47D1-AF68-9064ABEE0213} = {7844DB61-3723-4571-894D-EF03F5BF0298}
		{66717E62-D740-47AD-8A6A-0E907031EDE0} = {7844DB61-3723-4571-894D-EF03F5BF0298}
		{4E3C6A58-9ABF-4B7F-9959-87AC92315774} = {7844DB61-3723-4571-894D-EF03F5BF0298}
		{5D2615BD-B848-4ACA-89A3-D75B416B7DD8} = {EC137B76-1C6E-41E9-A08C-F137458D2BA5}
		{E3CE59B3-D204-4C1A-8770-22309A835BD3} = {EC137B76-1C6E-41E9-A08C-F137458D2BA5}
		{792A2149-F745-4F68-A3EC-2688B2ED6179} = {EC137B76-1C6E-41E9-A08C-F137458D2BA5}
		{2E4E332F-6AE9-4B51-8B22-7DEA72CFE311} = {A5BB97F6-5DA0-404B-B60E-356C04EE0538}
		{DC42BCD8-37A2-482D-9FC8-20703F31E4D3} = {D7CA87CA-8340-4E2C-A2ED-5CE46EEC455B}
		{3683E86F-0A42-4CA0-9A52-472AB2C48D14} = {D7CA87CA-8340-4E2C-A2ED-5CE46EEC455B}
		{2B470913-7193-45E5-AEAC-0643A7669475} = {D7CA87CA-8340-4E2C-A2ED-5CE46EEC455B}
		{7A4390AC-7C1F-4E4C-8CAD-6ED6AA79984E} = {D7CA87CA-8340-4E2C-A2ED-5CE46EEC455B}
		{1DD256EC-E671-4406-B2C4-85FAEDACFCEE} = {6F689E91-579B-4497-B8F2-7D91E4339EE6}
		{9BE0C8C9-C79B-4637-929B-1E27C4EAA9C6} = {1DD256EC-E671-4406-B2C4-85FAEDACFCEE}
		{6397C6D1-56C0-484C-8412-BA4BB59CA4C1} = {1DD256EC-E671-4406-B2C4-85FAEDACFCEE}
		{955857F2-2BD4-4BEC-941A-4D8D2B1135FA} = {4AB74B06-60FD-45F7-B46A-809A7A5DC33F}
		{C091DF17-BBC2-4469-9485-4235272B19BE} = {4AB74B06-60FD-45F7-B46A-809A7A5DC33F}
		{120416FF-9470-40DA-93D3-B9D02EA66DC6} = {D7CA87CA-8340-4E2C-A2ED-5CE46EEC455B}
		{A5FBB91D-38CE-41EC-875A-1CFCE00B2821} = {4AB74B06-60FD-45F7-B46A-809A7A5DC33F}
		{DAE8877C-E80B-4DB5-B24B-588851904908} = {4AB74B06-60FD-45F7-B46A-809A7A5DC33F}
		{2CA294F9-B718-497C-9E0C-AE761F5D13B4} = {A5BB97F6-5DA0-404B-B60E-356C04EE0538}
		{92C77034-1B33-4CFD-9C5E-033BBFCBFA90} = {A5BB97F6-5DA0-404B-B60E-356C04EE0538}
		{87A65578-9880-4CF3-8D40-92B8FF8E9B88} = {938F19AE-710F-4A35-87D6-85DEC753FA1B}
		{6D40015C-86C6-4600-992E-6D2630DF274B} = {938F19AE-710F-4A35-87D6-85DEC753FA1B}
		{B881BBF4-A634-493E-9D98-7CDC020F8578} = {938F19AE-710F-4A35-87D6-85DEC753FA1B}
		{22D73833-B3C7-44F3-9C54-9075886AFC3F} = {938F19AE-710F-4A35-87D6-85DEC753FA1B}
		{70C24F5F-6549-44BD-B687-FB0E53159798} = {938F19AE-710F-4A35-87D6-85DEC753FA1B}
		{016AC348-11F4-4311-91D6-17367B866192} = {2CA294F9-B718-497C-9E0C-AE761F5D13B4}
		{CE220BAE-F248-43CA-96B1-769AFF94FB37} = {2CA294F9-B718-497C-9E0C-AE761F5D13B4}
		{91572D16-CBF0-496A-9CA0-B214A17CC360} = {2CA294F9-B718-497C-9E0C-AE761F5D13B4}
		{AC25D674-A479-4EAA-BD3C-9A922C7A3B7E} = {92C77034-1B33-4CFD-9C5E-033BBFCBFA90}
		{671009D3-7190-44D6-A72B-DF34101FAF8D} = {92C77034-1B33-4CFD-9C5E-033BBFCBFA90}
		{90506B95-0F16-4F17-AD1C-387C254F6122} = {92C77034-1B33-4CFD-9C5E-033BBFCBFA90}
		{F1C858F7-4FCD-4128-AC99-B5233CBACEB7} = {92C77034-1B33-4CFD-9C5E-033BBFCBFA90}
		{C5E8566B-62FC-4C3A-8837-B79E6146F8E7} = {92C77034-1B33-4CFD-9C5E-033BBFCBFA90}
		{8C400FD6-B9CE-4A8E-B7EF-F6167DC6D904} = {92C77034-1B33-4CFD-9C5E-033BBFCBFA90}
		{B11E13E3-8EBB-421C-AB32-C59435CF2E54} = {92C77034-1B33-4CFD-9C5E-033BBFCBFA90}
		{FD05C47E-B608-4167-878C-588E221E613A} = {92C77034-1B33-4CFD-9C5E-033BBFCBFA90}
		{DC5FF8C7-71D2-4989-84BF-B67730BDB277} = {92C77034-1B33-4CFD-9C5E-033BBFCBFA90}
		{B0111F8F-6E28-4B95-979B-3CED9746E560} = {2CA294F9-B718-497C-9E0C-AE761F5D13B4}
		{8773855A-91A8-4564-AAF1-96BB8E60EC6A} = {A5BB97F6-5DA0-404B-B60E-356C04EE0538}
		{80F6B483-7E2A-4BAA-AFB8-E4EC11201315} = {2CA294F9-B718-497C-9E0C-AE761F5D13B4}
		{F32E9845-5246-45F8-AEB7-99B0BFD1D9CD} = {938F19AE-710F-4A35-87D6-85DEC753FA1B}
		{5C16FBC9-A94F-4640-840E-B263DD47833A} = {92C77034-1B33-4CFD-9C5E-033BBFCBFA90}
		{93C93ACC-F0FB-4AE8-B1D3-569CF7036109} = {69C1955C-655F-4958-8C6B-243C39CEF0D7}
		{8F4A639E-9F2F-4B4B-9AF7-D475ECFC17E8} = {938F19AE-710F-4A35-87D6-85DEC753FA1B}
		{938F19AE-710F-4A35-87D6-85DEC753FA1B} = {A5BB97F6-5DA0-404B-B60E-356C04EE0538}
	EndGlobalSection
	GlobalSection(ExtensibilityGlobals) = postSolution
		SolutionGuid = {E9927CF8-C10C-47E1-87FD-7ACEEBCD340D}
	EndGlobalSection
EndGlobal
