
Microsoft Visual Studio Solution File, Format Version 12.00
# Visual Studio Version 17
VisualStudioVersion = 17.1.31911.260
MinimumVisualStudioVersion = 10.0.40219.1
Project("{2150E333-8FDC-42A3-9474-1A3956D46DE8}") = "Infrastructure", "Infrastructure", "{D7CA87CA-8340-4E2C-A2ED-5CE46EEC455B}"
EndProject
Project("{2150E333-8FDC-42A3-9474-1A3956D46DE8}") = "Emv", "Emv", "{4AB74B06-60FD-45F7-B46A-809A7A5DC33F}"
EndProject
Project("{2150E333-8FDC-42A3-9474-1A3956D46DE8}") = "Tests", "Tests", "{A5BB97F6-5DA0-404B-B60E-356C04EE0538}"
EndProject
Project("{2150E333-8FDC-42A3-9474-1A3956D46DE8}") = "Benchmarks", "Benchmarks", "{099736F4-79C1-4EEB-B2C9-86386E666541}"
EndProject
Project("{2150E333-8FDC-42A3-9474-1A3956D46DE8}") = "Infrastructure", "Infrastructure", "{C7D642D9-8498-4A33-815C-A9229BCA9B3E}"
EndProject
Project("{2150E333-8FDC-42A3-9474-1A3956D46DE8}") = "Emv", "Emv", "{598E3F06-4408-4B37-8DE0-6F2A33015B03}"
EndProject
Project("{9A19103F-16F7-4668-BE54-9A1E7A4F7556}") = "Benchmark", "Tests\Benchmarks\Benchmark\Benchmark.csproj", "{03CBC6D3-A0D6-4CF3-AB86-444869196341}"
EndProject
Project("{9A19103F-16F7-4668-BE54-9A1E7A4F7556}") = "Play.Ber.Emv.Tests", "Tests\Emv\Play.Ber.Emv.Tests\Play.Ber.Emv.Tests.csproj", "{4920F9E5-BA5B-4B05-AE8A-3391945BC29C}"
EndProject
Project("{9A19103F-16F7-4668-BE54-9A1E7A4F7556}") = "Play.Emv.Card.Tests", "Tests\Emv\Play.Emv.Card.Tests\Play.Emv.Card.Tests.csproj", "{0C579FA5-9E82-4094-9CB8-6AFE3BAD6E21}"
EndProject
Project("{9A19103F-16F7-4668-BE54-9A1E7A4F7556}") = "Play.Emv.DataElements.Tests", "Tests\Emv\Play.Emv.DataElements.Tests\Play.Emv.DataElements.Tests.csproj", "{AFE9AF65-D667-466B-A3B8-805B3DD7CEB3}"
EndProject
Project("{9A19103F-16F7-4668-BE54-9A1E7A4F7556}") = "Play.Emv.Templates.Tests", "Tests\Emv\Play.Emv.Templates.Tests\Play.Emv.Templates.Tests.csproj", "{D4F59258-CDF4-4455-85F5-DEC11912D62D}"
EndProject
Project("{9A19103F-16F7-4668-BE54-9A1E7A4F7556}") = "Play.Icc.Emv.Tests", "Tests\Emv\Play.Icc.Emv.Tests\Play.Icc.Emv.Tests.csproj", "{E8BBDABE-0B89-4136-BBCC-68DE006F14C5}"
EndProject
Project("{9A19103F-16F7-4668-BE54-9A1E7A4F7556}") = "Play.Emv.TestData", "Tests\Play.Emv.TestData\Play.Emv.TestData.csproj", "{AAC749CA-C907-4310-A928-6E19E117FB26}"
EndProject
Project("{9A19103F-16F7-4668-BE54-9A1E7A4F7556}") = "Play.Tests.Core", "Tests\Play.Tests.Core\Play.Tests.Core.csproj", "{8BDAD00B-D130-4A08-AFC5-B85F3E1873A6}"
EndProject
Project("{9A19103F-16F7-4668-BE54-9A1E7A4F7556}") = "Play.Ber.Tests", "Tests\Infrastructure\Play.Ber.Tests\Play.Ber.Tests.csproj", "{2AF9CAB7-B9B3-4065-BF47-797390BC39A9}"
EndProject
Project("{9A19103F-16F7-4668-BE54-9A1E7A4F7556}") = "Play.Codecs.Tests", "Tests\Infrastructure\Play.Codecs.Tests\Play.Codecs.Tests.csproj", "{983C9433-E140-4009-A075-52DBA82F1CCC}"
EndProject
Project("{9A19103F-16F7-4668-BE54-9A1E7A4F7556}") = "Play.Core.Tests", "Tests\Infrastructure\Play.Core.Tests\Play.Core.Tests.csproj", "{1B8505E1-31AD-4B62-944A-E29C03F53CD0}"
EndProject
Project("{9A19103F-16F7-4668-BE54-9A1E7A4F7556}") = "Play.Icc.Tests", "Tests\Infrastructure\Play.Icc.Tests\Play.Icc.Tests.csproj", "{A3CC22DD-FED5-4B90-A67D-54736E404A84}"
EndProject
Project("{9A19103F-16F7-4668-BE54-9A1E7A4F7556}") = "Play.Ber", "Infrastructure\Play.Ber\Play.Ber.csproj", "{31967D68-9404-4568-8152-2C22E1AAEAB8}"
EndProject
Project("{9A19103F-16F7-4668-BE54-9A1E7A4F7556}") = "Play.Codecs", "Infrastructure\Play.Codecs\Play.Codecs.csproj", "{3B302865-CC9C-413D-8972-1676E360DD58}"
EndProject
Project("{9A19103F-16F7-4668-BE54-9A1E7A4F7556}") = "Play.Core", "Infrastructure\Play.Core\Play.Core.csproj", "{9AA22CA1-5018-4478-ACC4-108CA00C71CF}"
EndProject
Project("{2150E333-8FDC-42A3-9474-1A3956D46DE8}") = "Contactless", "Contactless", "{510E9F99-3873-4844-980B-F440BF1350B1}"
EndProject
Project("{9A19103F-16F7-4668-BE54-9A1E7A4F7556}") = "Play.Events", "Infrastructure\Play.Events\Play.Events.csproj", "{87CFBCDE-B0AF-42DE-B8A9-910D8008DBA6}"
EndProject
Project("{9A19103F-16F7-4668-BE54-9A1E7A4F7556}") = "Play.Messaging", "Infrastructure\Play.Messaging\Play.Messaging.csproj", "{467DC1E2-2600-4FCE-A193-2567CCF35318}"
EndProject
Project("{9A19103F-16F7-4668-BE54-9A1E7A4F7556}") = "Play.Unmanaged", "Infrastructure\Play.Unmanaged\Play.Unmanaged.csproj", "{6CBC5B25-0090-4C20-92F8-0184F4D65276}"
EndProject
Project("{9A19103F-16F7-4668-BE54-9A1E7A4F7556}") = "Play.Emv", "Emv\Play.Emv\Play.Emv.csproj", "{87BCC52F-DBDE-4396-A23B-DA4D291AEEA1}"
EndProject
Project("{9A19103F-16F7-4668-BE54-9A1E7A4F7556}") = "Play.Emv.Ber", "Emv\Play.Emv.Ber\Play.Emv.Ber.csproj", "{93E09272-1AC9-4285-ADC0-5BC82EA12D62}"
EndProject
Project("{9A19103F-16F7-4668-BE54-9A1E7A4F7556}") = "Play.Emv.Icc", "Emv\Play.Emv.Icc\Play.Emv.Icc.csproj", "{6379BD6C-25D3-4DE7-BC3C-24AEF19DB81A}"
EndProject
Project("{9A19103F-16F7-4668-BE54-9A1E7A4F7556}") = "Play.Emv.DataElements", "Emv\Play.Emv.DataElements\Play.Emv.DataElements.csproj", "{D2E309D4-32CE-4A94-921B-8FEBDB5C9C4D}"
EndProject
Project("{9A19103F-16F7-4668-BE54-9A1E7A4F7556}") = "Play.Emv.Templates", "Emv\Play.Emv.Templates\Play.Emv.Templates.csproj", "{E91361B7-C76D-4E38-8A45-076BD417A123}"
EndProject
Project("{2150E333-8FDC-42A3-9474-1A3956D46DE8}") = "Display", "Display", "{A69328F4-C11C-4A08-BC53-F6C06725CF0C}"
EndProject
Project("{2150E333-8FDC-42A3-9474-1A3956D46DE8}") = "Issuer", "Issuer", "{08ED46F2-1A5C-4224-A41A-D66F60635172}"
EndProject
Project("{2150E333-8FDC-42A3-9474-1A3956D46DE8}") = "Kernel", "Kernel", "{6F689E91-579B-4497-B8F2-7D91E4339EE6}"
EndProject
Project("{2150E333-8FDC-42A3-9474-1A3956D46DE8}") = "Reader", "Reader", "{B2B3111E-6297-4AFF-B8FA-E90DBC41D2A6}"
EndProject
Project("{2150E333-8FDC-42A3-9474-1A3956D46DE8}") = "Pcd", "Pcd", "{F8F60D11-DB27-46F4-907C-D7E5B97F94B3}"
EndProject
Project("{2150E333-8FDC-42A3-9474-1A3956D46DE8}") = "Pos", "Pos", "{85AC5FBB-5C51-4A65-B6CE-B26C6D3266DF}"
EndProject
Project("{2150E333-8FDC-42A3-9474-1A3956D46DE8}") = "Selection", "Selection", "{7844DB61-3723-4571-894D-EF03F5BF0298}"
EndProject
Project("{2150E333-8FDC-42A3-9474-1A3956D46DE8}") = "Terminal", "Terminal", "{EC137B76-1C6E-41E9-A08C-F137458D2BA5}"
EndProject
Project("{9A19103F-16F7-4668-BE54-9A1E7A4F7556}") = "Play.Emv.Display", "Emv\Contactless\Display\Play.Emv.Display\Play.Emv.Display.csproj", "{05C8286D-DB9C-4820-8455-A47930B724E5}"
EndProject
Project("{9A19103F-16F7-4668-BE54-9A1E7A4F7556}") = "Play.Emv.Display.Contracts", "Emv\Contactless\Display\Play.Emv.Display.Contracts\Play.Emv.Display.Contracts.csproj", "{D79F52C3-BC30-4151-BC80-2EF960BA1FE1}"
EndProject
Project("{9A19103F-16F7-4668-BE54-9A1E7A4F7556}") = "Play.Emv.Display.Services", "Emv\Contactless\Display\Play.Emv.Display.Services\Play.Emv.Display.Services.csproj", "{7151E9F0-C414-4257-ADC0-78F622AB0D7B}"
EndProject
Project("{9A19103F-16F7-4668-BE54-9A1E7A4F7556}") = "Play.Emv.Issuer", "Emv\Contactless\Issuer\Play.Emv.Issuer\Play.Emv.Issuer.csproj", "{30A07F8D-382F-4F90-90F2-224AFA3EA841}"
EndProject
Project("{9A19103F-16F7-4668-BE54-9A1E7A4F7556}") = "Play.Emv.Issuer.Contracts", "Emv\Contactless\Issuer\Play.Emv.Issuer.Contracts\Play.Emv.Issuer.Contracts.csproj", "{6D70D360-05A6-4315-B520-2CFBEFFCD174}"
EndProject
Project("{9A19103F-16F7-4668-BE54-9A1E7A4F7556}") = "Play.Emv.Issuer.Services", "Emv\Contactless\Issuer\Play.Emv.Issuer.Services\Play.Emv.Issuer.Services.csproj", "{2233B896-8763-418E-BC84-E9350594E58A}"
EndProject
Project("{2150E333-8FDC-42A3-9474-1A3956D46DE8}") = "Kernel2", "Kernel2", "{5EFD2F76-6028-4477-BD8F-5EEC0237AD63}"
EndProject
Project("{9A19103F-16F7-4668-BE54-9A1E7A4F7556}") = "Play.Emv.Kernel", "Emv\Contactless\Kernel\Play.Emv.Kernel\Play.Emv.Kernel.csproj", "{940252D7-F3F1-41D0-BB74-55DBAF7F67F6}"
EndProject
Project("{9A19103F-16F7-4668-BE54-9A1E7A4F7556}") = "Play.Emv.Kernel.Contracts", "Emv\Contactless\Kernel\Play.Emv.Kernel.Contracts\Play.Emv.Kernel.Contracts.csproj", "{A132998F-5408-4CBF-BB29-4C30D253C3FE}"
EndProject
Project("{9A19103F-16F7-4668-BE54-9A1E7A4F7556}") = "Play.Emv.Kernel.Services", "Emv\Contactless\Kernel\Play.Emv.Kernel.Services\Play.Emv.Kernel.Services.csproj", "{36C2019D-85E7-4003-956D-F246BBC87083}"
EndProject
Project("{9A19103F-16F7-4668-BE54-9A1E7A4F7556}") = "Play.Emv.Kernel2", "Emv\Contactless\Kernel\Play.Emv.Kernel2\Play.Emv.Kernel2.csproj", "{2157E992-1FD7-440F-A57B-4D94E60093B0}"
EndProject
Project("{9A19103F-16F7-4668-BE54-9A1E7A4F7556}") = "Play.Emv.Kernel2.Services", "Emv\Contactless\Kernel\Play.Emv.Kernel2.Services\Play.Emv.Kernel2.Services.csproj", "{DCC19D14-928F-4F56-9B3C-0A4968E39BDB}"
EndProject
Project("{9A19103F-16F7-4668-BE54-9A1E7A4F7556}") = "Play.Emv.Pcd", "Emv\Contactless\Pcd\Play.Emv.Pcd\Play.Emv.Pcd.csproj", "{B4BA833B-3B7F-403C-810F-B213F6EF3406}"
EndProject
Project("{9A19103F-16F7-4668-BE54-9A1E7A4F7556}") = "Play.Emv.Pcd.Contracts", "Emv\Contactless\Pcd\Play.Emv.Pcd.Contracts\Play.Emv.Pcd.Contracts.csproj", "{E1E4401C-B2DF-4411-AD7C-B782986D9E70}"
EndProject
Project("{9A19103F-16F7-4668-BE54-9A1E7A4F7556}") = "Play.Emv.Pcd.Services", "Emv\Contactless\Pcd\Play.Emv.Pcd.Services\Play.Emv.Pcd.Services.csproj", "{560E7B06-F730-4267-87D8-CE991616DB9E}"
EndProject
Project("{9A19103F-16F7-4668-BE54-9A1E7A4F7556}") = "Play.Emv.Pos", "Emv\Contactless\Pos\Play.Emv.Pos\Play.Emv.Pos.csproj", "{BB1CD5EC-5311-45C0-9090-D5DAE3891B51}"
EndProject
Project("{9A19103F-16F7-4668-BE54-9A1E7A4F7556}") = "Play.Emv.Reader", "Emv\Contactless\Reader\Play.Emv.Reader\Play.Emv.Reader.csproj", "{0C47815F-193A-4FF3-B6B7-415D094D928D}"
EndProject
Project("{9A19103F-16F7-4668-BE54-9A1E7A4F7556}") = "Play.Emv.Reader.Contracts", "Emv\Contactless\Reader\Play.Emv.Reader.Contracts\Play.Emv.Reader.Contracts.csproj", "{BC0AF5CF-50F2-4A6C-A944-C5C6E6355E84}"
EndProject
Project("{9A19103F-16F7-4668-BE54-9A1E7A4F7556}") = "Play.Emv.Reader.Services", "Emv\Contactless\Reader\Play.Emv.Reader.Services\Play.Emv.Reader.Services.csproj", "{AD4373E1-DCED-4F5F-AFC7-80CF43703153}"
EndProject
Project("{9A19103F-16F7-4668-BE54-9A1E7A4F7556}") = "Play.Emv.Selection", "Emv\Contactless\Selection\Play.Emv.Selection\Play.Emv.Selection.csproj", "{CE8F1B41-9C34-47D1-AF68-9064ABEE0213}"
EndProject
Project("{9A19103F-16F7-4668-BE54-9A1E7A4F7556}") = "Play.Emv.Selection.Contracts", "Emv\Contactless\Selection\Play.Emv.Selection.Contracts\Play.Emv.Selection.Contracts.csproj", "{66717E62-D740-47AD-8A6A-0E907031EDE0}"
EndProject
Project("{9A19103F-16F7-4668-BE54-9A1E7A4F7556}") = "Play.Emv.Selection.Services", "Emv\Contactless\Selection\Play.Emv.Selection.Services\Play.Emv.Selection.Services.csproj", "{4E3C6A58-9ABF-4B7F-9959-87AC92315774}"
EndProject
Project("{9A19103F-16F7-4668-BE54-9A1E7A4F7556}") = "Play.Emv.Terminal", "Emv\Contactless\Terminal\Play.Emv.Terminal\Play.Emv.Terminal.csproj", "{5D2615BD-B848-4ACA-89A3-D75B416B7DD8}"
EndProject
Project("{2150E333-8FDC-42A3-9474-1A3956D46DE8}") = "Common", "Common", "{F31771FF-3257-4FF5-8B91-A7535C634A20}"
EndProject
Project("{9A19103F-16F7-4668-BE54-9A1E7A4F7556}") = "Play.Emv.Terminal.Common.Services", "Emv\Contactless\Terminal\Play.Emv.Terminal.Common.Services\Play.Emv.Terminal.Common.Services.csproj", "{AE0813C3-4237-4D74-A91A-22D0C6953961}"
EndProject
Project("{9A19103F-16F7-4668-BE54-9A1E7A4F7556}") = "Play.Emv.Terminal.Contracts", "Emv\Contactless\Terminal\Play.Emv.Terminal.Contracts\Play.Emv.Terminal.Contracts.csproj", "{E3CE59B3-D204-4C1A-8770-22309A835BD3}"
EndProject
Project("{9A19103F-16F7-4668-BE54-9A1E7A4F7556}") = "Play.Emv.Terminal.Services", "Emv\Contactless\Terminal\Play.Emv.Terminal.Services\Play.Emv.Terminal.Services.csproj", "{792A2149-F745-4F68-A3EC-2688B2ED6179}"
EndProject
Project("{2150E333-8FDC-42A3-9474-1A3956D46DE8}") = "Solution Items", "Solution Items", "{2E4E332F-6AE9-4B51-8B22-7DEA72CFE311}"
	ProjectSection(SolutionItems) = preProject
		..\..\Emv\Contactless\_Emv\.editorconfig = ..\..\Emv\Contactless\_Emv\.editorconfig
	EndProjectSection
EndProject
Project("{9A19103F-16F7-4668-BE54-9A1E7A4F7556}") = "Play.Globalization", "Infrastructure\Play.Globalization\Play.Globalization.csproj", "{DC42BCD8-37A2-482D-9FC8-20703F31E4D3}"
EndProject
Project("{9A19103F-16F7-4668-BE54-9A1E7A4F7556}") = "Play.Icc", "Infrastructure\Play.Icc\Play.Icc.csproj", "{3683E86F-0A42-4CA0-9A52-472AB2C48D14}"
EndProject
Project("{9A19103F-16F7-4668-BE54-9A1E7A4F7556}") = "Play.Randoms", "Infrastructure\Play.Randoms\Play.Randoms.csproj", "{2B470913-7193-45E5-AEAC-0643A7669475}"
EndProject
Project("{2150E333-8FDC-42A3-9474-1A3956D46DE8}") = "_TODO", "_TODO", "{0E71B2BA-A7D0-4CD2-AF23-A11E9DE80966}"
	ProjectSection(SolutionItems) = preProject
		_TODO\Cleanup.txt = _TODO\Cleanup.txt
		_TODO\ModularArchitecture.txt = _TODO\ModularArchitecture.txt
	EndProjectSection
EndProject
Project("{9A19103F-16F7-4668-BE54-9A1E7A4F7556}") = "Play.Encryption", "Infrastructure\Play.Encryption\Play.Encryption.csproj", "{7A4390AC-7C1F-4E4C-8CAD-6ED6AA79984E}"
EndProject
Project("{9A19103F-16F7-4668-BE54-9A1E7A4F7556}") = "Play.Emv.Security", "Emv\Play.Emv.Security\Play.Emv.Security.csproj", "{4A752C46-04D5-43E7-B26D-BBDB1CD16256}"
EndProject
Project("{2150E333-8FDC-42A3-9474-1A3956D46DE8}") = "Common", "Common", "{A90155A8-5E10-46E1-88E1-B1BAF91B7438}"
EndProject
Global
	GlobalSection(SolutionConfigurationPlatforms) = preSolution
		Debug|Any CPU = Debug|Any CPU
		Release|Any CPU = Release|Any CPU
	EndGlobalSection
	GlobalSection(ProjectConfigurationPlatforms) = postSolution
		{03CBC6D3-A0D6-4CF3-AB86-444869196341}.Debug|Any CPU.ActiveCfg = Debug|Any CPU
		{03CBC6D3-A0D6-4CF3-AB86-444869196341}.Debug|Any CPU.Build.0 = Debug|Any CPU
		{03CBC6D3-A0D6-4CF3-AB86-444869196341}.Release|Any CPU.ActiveCfg = Release|Any CPU
		{03CBC6D3-A0D6-4CF3-AB86-444869196341}.Release|Any CPU.Build.0 = Release|Any CPU
		{4920F9E5-BA5B-4B05-AE8A-3391945BC29C}.Debug|Any CPU.ActiveCfg = Debug|Any CPU
		{4920F9E5-BA5B-4B05-AE8A-3391945BC29C}.Debug|Any CPU.Build.0 = Debug|Any CPU
		{4920F9E5-BA5B-4B05-AE8A-3391945BC29C}.Release|Any CPU.ActiveCfg = Release|Any CPU
		{4920F9E5-BA5B-4B05-AE8A-3391945BC29C}.Release|Any CPU.Build.0 = Release|Any CPU
		{0C579FA5-9E82-4094-9CB8-6AFE3BAD6E21}.Debug|Any CPU.ActiveCfg = Debug|Any CPU
		{0C579FA5-9E82-4094-9CB8-6AFE3BAD6E21}.Debug|Any CPU.Build.0 = Debug|Any CPU
		{0C579FA5-9E82-4094-9CB8-6AFE3BAD6E21}.Release|Any CPU.ActiveCfg = Release|Any CPU
		{0C579FA5-9E82-4094-9CB8-6AFE3BAD6E21}.Release|Any CPU.Build.0 = Release|Any CPU
		{AFE9AF65-D667-466B-A3B8-805B3DD7CEB3}.Debug|Any CPU.ActiveCfg = Debug|Any CPU
		{AFE9AF65-D667-466B-A3B8-805B3DD7CEB3}.Debug|Any CPU.Build.0 = Debug|Any CPU
		{AFE9AF65-D667-466B-A3B8-805B3DD7CEB3}.Release|Any CPU.ActiveCfg = Release|Any CPU
		{AFE9AF65-D667-466B-A3B8-805B3DD7CEB3}.Release|Any CPU.Build.0 = Release|Any CPU
		{D4F59258-CDF4-4455-85F5-DEC11912D62D}.Debug|Any CPU.ActiveCfg = Debug|Any CPU
		{D4F59258-CDF4-4455-85F5-DEC11912D62D}.Debug|Any CPU.Build.0 = Debug|Any CPU
		{D4F59258-CDF4-4455-85F5-DEC11912D62D}.Release|Any CPU.ActiveCfg = Release|Any CPU
		{D4F59258-CDF4-4455-85F5-DEC11912D62D}.Release|Any CPU.Build.0 = Release|Any CPU
		{E8BBDABE-0B89-4136-BBCC-68DE006F14C5}.Debug|Any CPU.ActiveCfg = Debug|Any CPU
		{E8BBDABE-0B89-4136-BBCC-68DE006F14C5}.Debug|Any CPU.Build.0 = Debug|Any CPU
		{E8BBDABE-0B89-4136-BBCC-68DE006F14C5}.Release|Any CPU.ActiveCfg = Release|Any CPU
		{E8BBDABE-0B89-4136-BBCC-68DE006F14C5}.Release|Any CPU.Build.0 = Release|Any CPU
		{AAC749CA-C907-4310-A928-6E19E117FB26}.Debug|Any CPU.ActiveCfg = Debug|Any CPU
		{AAC749CA-C907-4310-A928-6E19E117FB26}.Debug|Any CPU.Build.0 = Debug|Any CPU
		{AAC749CA-C907-4310-A928-6E19E117FB26}.Release|Any CPU.ActiveCfg = Release|Any CPU
		{AAC749CA-C907-4310-A928-6E19E117FB26}.Release|Any CPU.Build.0 = Release|Any CPU
		{8BDAD00B-D130-4A08-AFC5-B85F3E1873A6}.Debug|Any CPU.ActiveCfg = Debug|Any CPU
		{8BDAD00B-D130-4A08-AFC5-B85F3E1873A6}.Debug|Any CPU.Build.0 = Debug|Any CPU
		{8BDAD00B-D130-4A08-AFC5-B85F3E1873A6}.Release|Any CPU.ActiveCfg = Release|Any CPU
		{8BDAD00B-D130-4A08-AFC5-B85F3E1873A6}.Release|Any CPU.Build.0 = Release|Any CPU
		{2AF9CAB7-B9B3-4065-BF47-797390BC39A9}.Debug|Any CPU.ActiveCfg = Debug|Any CPU
		{2AF9CAB7-B9B3-4065-BF47-797390BC39A9}.Debug|Any CPU.Build.0 = Debug|Any CPU
		{2AF9CAB7-B9B3-4065-BF47-797390BC39A9}.Release|Any CPU.ActiveCfg = Release|Any CPU
		{2AF9CAB7-B9B3-4065-BF47-797390BC39A9}.Release|Any CPU.Build.0 = Release|Any CPU
		{983C9433-E140-4009-A075-52DBA82F1CCC}.Debug|Any CPU.ActiveCfg = Debug|Any CPU
		{983C9433-E140-4009-A075-52DBA82F1CCC}.Debug|Any CPU.Build.0 = Debug|Any CPU
		{983C9433-E140-4009-A075-52DBA82F1CCC}.Release|Any CPU.ActiveCfg = Release|Any CPU
		{983C9433-E140-4009-A075-52DBA82F1CCC}.Release|Any CPU.Build.0 = Release|Any CPU
		{1B8505E1-31AD-4B62-944A-E29C03F53CD0}.Debug|Any CPU.ActiveCfg = Debug|Any CPU
		{1B8505E1-31AD-4B62-944A-E29C03F53CD0}.Debug|Any CPU.Build.0 = Debug|Any CPU
		{1B8505E1-31AD-4B62-944A-E29C03F53CD0}.Release|Any CPU.ActiveCfg = Release|Any CPU
		{1B8505E1-31AD-4B62-944A-E29C03F53CD0}.Release|Any CPU.Build.0 = Release|Any CPU
		{A3CC22DD-FED5-4B90-A67D-54736E404A84}.Debug|Any CPU.ActiveCfg = Debug|Any CPU
		{A3CC22DD-FED5-4B90-A67D-54736E404A84}.Debug|Any CPU.Build.0 = Debug|Any CPU
		{A3CC22DD-FED5-4B90-A67D-54736E404A84}.Release|Any CPU.ActiveCfg = Release|Any CPU
		{A3CC22DD-FED5-4B90-A67D-54736E404A84}.Release|Any CPU.Build.0 = Release|Any CPU
		{31967D68-9404-4568-8152-2C22E1AAEAB8}.Debug|Any CPU.ActiveCfg = Debug|Any CPU
		{31967D68-9404-4568-8152-2C22E1AAEAB8}.Debug|Any CPU.Build.0 = Debug|Any CPU
		{31967D68-9404-4568-8152-2C22E1AAEAB8}.Release|Any CPU.ActiveCfg = Release|Any CPU
		{31967D68-9404-4568-8152-2C22E1AAEAB8}.Release|Any CPU.Build.0 = Release|Any CPU
		{3B302865-CC9C-413D-8972-1676E360DD58}.Debug|Any CPU.ActiveCfg = Debug|Any CPU
		{3B302865-CC9C-413D-8972-1676E360DD58}.Debug|Any CPU.Build.0 = Debug|Any CPU
		{3B302865-CC9C-413D-8972-1676E360DD58}.Release|Any CPU.ActiveCfg = Release|Any CPU
		{3B302865-CC9C-413D-8972-1676E360DD58}.Release|Any CPU.Build.0 = Release|Any CPU
		{9AA22CA1-5018-4478-ACC4-108CA00C71CF}.Debug|Any CPU.ActiveCfg = Debug|Any CPU
		{9AA22CA1-5018-4478-ACC4-108CA00C71CF}.Debug|Any CPU.Build.0 = Debug|Any CPU
		{9AA22CA1-5018-4478-ACC4-108CA00C71CF}.Release|Any CPU.ActiveCfg = Release|Any CPU
		{9AA22CA1-5018-4478-ACC4-108CA00C71CF}.Release|Any CPU.Build.0 = Release|Any CPU
		{87CFBCDE-B0AF-42DE-B8A9-910D8008DBA6}.Debug|Any CPU.ActiveCfg = Debug|Any CPU
		{87CFBCDE-B0AF-42DE-B8A9-910D8008DBA6}.Debug|Any CPU.Build.0 = Debug|Any CPU
		{87CFBCDE-B0AF-42DE-B8A9-910D8008DBA6}.Release|Any CPU.ActiveCfg = Release|Any CPU
		{87CFBCDE-B0AF-42DE-B8A9-910D8008DBA6}.Release|Any CPU.Build.0 = Release|Any CPU
		{467DC1E2-2600-4FCE-A193-2567CCF35318}.Debug|Any CPU.ActiveCfg = Debug|Any CPU
		{467DC1E2-2600-4FCE-A193-2567CCF35318}.Debug|Any CPU.Build.0 = Debug|Any CPU
		{467DC1E2-2600-4FCE-A193-2567CCF35318}.Release|Any CPU.ActiveCfg = Release|Any CPU
		{467DC1E2-2600-4FCE-A193-2567CCF35318}.Release|Any CPU.Build.0 = Release|Any CPU
		{6CBC5B25-0090-4C20-92F8-0184F4D65276}.Debug|Any CPU.ActiveCfg = Debug|Any CPU
		{6CBC5B25-0090-4C20-92F8-0184F4D65276}.Debug|Any CPU.Build.0 = Debug|Any CPU
		{6CBC5B25-0090-4C20-92F8-0184F4D65276}.Release|Any CPU.ActiveCfg = Release|Any CPU
		{6CBC5B25-0090-4C20-92F8-0184F4D65276}.Release|Any CPU.Build.0 = Release|Any CPU
		{87BCC52F-DBDE-4396-A23B-DA4D291AEEA1}.Debug|Any CPU.ActiveCfg = Debug|Any CPU
		{87BCC52F-DBDE-4396-A23B-DA4D291AEEA1}.Debug|Any CPU.Build.0 = Debug|Any CPU
		{87BCC52F-DBDE-4396-A23B-DA4D291AEEA1}.Release|Any CPU.ActiveCfg = Release|Any CPU
		{87BCC52F-DBDE-4396-A23B-DA4D291AEEA1}.Release|Any CPU.Build.0 = Release|Any CPU
		{93E09272-1AC9-4285-ADC0-5BC82EA12D62}.Debug|Any CPU.ActiveCfg = Debug|Any CPU
		{93E09272-1AC9-4285-ADC0-5BC82EA12D62}.Debug|Any CPU.Build.0 = Debug|Any CPU
		{93E09272-1AC9-4285-ADC0-5BC82EA12D62}.Release|Any CPU.ActiveCfg = Release|Any CPU
		{93E09272-1AC9-4285-ADC0-5BC82EA12D62}.Release|Any CPU.Build.0 = Release|Any CPU
		{6379BD6C-25D3-4DE7-BC3C-24AEF19DB81A}.Debug|Any CPU.ActiveCfg = Debug|Any CPU
		{6379BD6C-25D3-4DE7-BC3C-24AEF19DB81A}.Debug|Any CPU.Build.0 = Debug|Any CPU
		{6379BD6C-25D3-4DE7-BC3C-24AEF19DB81A}.Release|Any CPU.ActiveCfg = Release|Any CPU
		{6379BD6C-25D3-4DE7-BC3C-24AEF19DB81A}.Release|Any CPU.Build.0 = Release|Any CPU
		{D2E309D4-32CE-4A94-921B-8FEBDB5C9C4D}.Debug|Any CPU.ActiveCfg = Debug|Any CPU
		{D2E309D4-32CE-4A94-921B-8FEBDB5C9C4D}.Debug|Any CPU.Build.0 = Debug|Any CPU
		{D2E309D4-32CE-4A94-921B-8FEBDB5C9C4D}.Release|Any CPU.ActiveCfg = Release|Any CPU
		{D2E309D4-32CE-4A94-921B-8FEBDB5C9C4D}.Release|Any CPU.Build.0 = Release|Any CPU
		{E91361B7-C76D-4E38-8A45-076BD417A123}.Debug|Any CPU.ActiveCfg = Debug|Any CPU
		{E91361B7-C76D-4E38-8A45-076BD417A123}.Debug|Any CPU.Build.0 = Debug|Any CPU
		{E91361B7-C76D-4E38-8A45-076BD417A123}.Release|Any CPU.ActiveCfg = Release|Any CPU
		{E91361B7-C76D-4E38-8A45-076BD417A123}.Release|Any CPU.Build.0 = Release|Any CPU
		{05C8286D-DB9C-4820-8455-A47930B724E5}.Debug|Any CPU.ActiveCfg = Debug|Any CPU
		{05C8286D-DB9C-4820-8455-A47930B724E5}.Debug|Any CPU.Build.0 = Debug|Any CPU
		{05C8286D-DB9C-4820-8455-A47930B724E5}.Release|Any CPU.ActiveCfg = Release|Any CPU
		{05C8286D-DB9C-4820-8455-A47930B724E5}.Release|Any CPU.Build.0 = Release|Any CPU
		{D79F52C3-BC30-4151-BC80-2EF960BA1FE1}.Debug|Any CPU.ActiveCfg = Debug|Any CPU
		{D79F52C3-BC30-4151-BC80-2EF960BA1FE1}.Debug|Any CPU.Build.0 = Debug|Any CPU
		{D79F52C3-BC30-4151-BC80-2EF960BA1FE1}.Release|Any CPU.ActiveCfg = Release|Any CPU
		{D79F52C3-BC30-4151-BC80-2EF960BA1FE1}.Release|Any CPU.Build.0 = Release|Any CPU
		{7151E9F0-C414-4257-ADC0-78F622AB0D7B}.Debug|Any CPU.ActiveCfg = Debug|Any CPU
		{7151E9F0-C414-4257-ADC0-78F622AB0D7B}.Debug|Any CPU.Build.0 = Debug|Any CPU
		{7151E9F0-C414-4257-ADC0-78F622AB0D7B}.Release|Any CPU.ActiveCfg = Release|Any CPU
		{7151E9F0-C414-4257-ADC0-78F622AB0D7B}.Release|Any CPU.Build.0 = Release|Any CPU
		{30A07F8D-382F-4F90-90F2-224AFA3EA841}.Debug|Any CPU.ActiveCfg = Debug|Any CPU
		{30A07F8D-382F-4F90-90F2-224AFA3EA841}.Debug|Any CPU.Build.0 = Debug|Any CPU
		{30A07F8D-382F-4F90-90F2-224AFA3EA841}.Release|Any CPU.ActiveCfg = Release|Any CPU
		{30A07F8D-382F-4F90-90F2-224AFA3EA841}.Release|Any CPU.Build.0 = Release|Any CPU
		{6D70D360-05A6-4315-B520-2CFBEFFCD174}.Debug|Any CPU.ActiveCfg = Debug|Any CPU
		{6D70D360-05A6-4315-B520-2CFBEFFCD174}.Debug|Any CPU.Build.0 = Debug|Any CPU
		{6D70D360-05A6-4315-B520-2CFBEFFCD174}.Release|Any CPU.ActiveCfg = Release|Any CPU
		{6D70D360-05A6-4315-B520-2CFBEFFCD174}.Release|Any CPU.Build.0 = Release|Any CPU
		{2233B896-8763-418E-BC84-E9350594E58A}.Debug|Any CPU.ActiveCfg = Debug|Any CPU
		{2233B896-8763-418E-BC84-E9350594E58A}.Debug|Any CPU.Build.0 = Debug|Any CPU
		{2233B896-8763-418E-BC84-E9350594E58A}.Release|Any CPU.ActiveCfg = Release|Any CPU
		{2233B896-8763-418E-BC84-E9350594E58A}.Release|Any CPU.Build.0 = Release|Any CPU
		{940252D7-F3F1-41D0-BB74-55DBAF7F67F6}.Debug|Any CPU.ActiveCfg = Debug|Any CPU
		{940252D7-F3F1-41D0-BB74-55DBAF7F67F6}.Debug|Any CPU.Build.0 = Debug|Any CPU
		{940252D7-F3F1-41D0-BB74-55DBAF7F67F6}.Release|Any CPU.ActiveCfg = Release|Any CPU
		{940252D7-F3F1-41D0-BB74-55DBAF7F67F6}.Release|Any CPU.Build.0 = Release|Any CPU
		{A132998F-5408-4CBF-BB29-4C30D253C3FE}.Debug|Any CPU.ActiveCfg = Debug|Any CPU
		{A132998F-5408-4CBF-BB29-4C30D253C3FE}.Debug|Any CPU.Build.0 = Debug|Any CPU
		{A132998F-5408-4CBF-BB29-4C30D253C3FE}.Release|Any CPU.ActiveCfg = Release|Any CPU
		{A132998F-5408-4CBF-BB29-4C30D253C3FE}.Release|Any CPU.Build.0 = Release|Any CPU
		{36C2019D-85E7-4003-956D-F246BBC87083}.Debug|Any CPU.ActiveCfg = Debug|Any CPU
		{36C2019D-85E7-4003-956D-F246BBC87083}.Debug|Any CPU.Build.0 = Debug|Any CPU
		{36C2019D-85E7-4003-956D-F246BBC87083}.Release|Any CPU.ActiveCfg = Release|Any CPU
		{36C2019D-85E7-4003-956D-F246BBC87083}.Release|Any CPU.Build.0 = Release|Any CPU
		{2157E992-1FD7-440F-A57B-4D94E60093B0}.Debug|Any CPU.ActiveCfg = Debug|Any CPU
		{2157E992-1FD7-440F-A57B-4D94E60093B0}.Debug|Any CPU.Build.0 = Debug|Any CPU
		{2157E992-1FD7-440F-A57B-4D94E60093B0}.Release|Any CPU.ActiveCfg = Release|Any CPU
		{2157E992-1FD7-440F-A57B-4D94E60093B0}.Release|Any CPU.Build.0 = Release|Any CPU
		{DCC19D14-928F-4F56-9B3C-0A4968E39BDB}.Debug|Any CPU.ActiveCfg = Debug|Any CPU
		{DCC19D14-928F-4F56-9B3C-0A4968E39BDB}.Debug|Any CPU.Build.0 = Debug|Any CPU
		{DCC19D14-928F-4F56-9B3C-0A4968E39BDB}.Release|Any CPU.ActiveCfg = Release|Any CPU
		{DCC19D14-928F-4F56-9B3C-0A4968E39BDB}.Release|Any CPU.Build.0 = Release|Any CPU
		{B4BA833B-3B7F-403C-810F-B213F6EF3406}.Debug|Any CPU.ActiveCfg = Debug|Any CPU
		{B4BA833B-3B7F-403C-810F-B213F6EF3406}.Debug|Any CPU.Build.0 = Debug|Any CPU
		{B4BA833B-3B7F-403C-810F-B213F6EF3406}.Release|Any CPU.ActiveCfg = Release|Any CPU
		{B4BA833B-3B7F-403C-810F-B213F6EF3406}.Release|Any CPU.Build.0 = Release|Any CPU
		{E1E4401C-B2DF-4411-AD7C-B782986D9E70}.Debug|Any CPU.ActiveCfg = Debug|Any CPU
		{E1E4401C-B2DF-4411-AD7C-B782986D9E70}.Debug|Any CPU.Build.0 = Debug|Any CPU
		{E1E4401C-B2DF-4411-AD7C-B782986D9E70}.Release|Any CPU.ActiveCfg = Release|Any CPU
		{E1E4401C-B2DF-4411-AD7C-B782986D9E70}.Release|Any CPU.Build.0 = Release|Any CPU
		{560E7B06-F730-4267-87D8-CE991616DB9E}.Debug|Any CPU.ActiveCfg = Debug|Any CPU
		{560E7B06-F730-4267-87D8-CE991616DB9E}.Debug|Any CPU.Build.0 = Debug|Any CPU
		{560E7B06-F730-4267-87D8-CE991616DB9E}.Release|Any CPU.ActiveCfg = Release|Any CPU
		{560E7B06-F730-4267-87D8-CE991616DB9E}.Release|Any CPU.Build.0 = Release|Any CPU
		{BB1CD5EC-5311-45C0-9090-D5DAE3891B51}.Debug|Any CPU.ActiveCfg = Debug|Any CPU
		{BB1CD5EC-5311-45C0-9090-D5DAE3891B51}.Debug|Any CPU.Build.0 = Debug|Any CPU
		{BB1CD5EC-5311-45C0-9090-D5DAE3891B51}.Release|Any CPU.ActiveCfg = Release|Any CPU
		{BB1CD5EC-5311-45C0-9090-D5DAE3891B51}.Release|Any CPU.Build.0 = Release|Any CPU
		{0C47815F-193A-4FF3-B6B7-415D094D928D}.Debug|Any CPU.ActiveCfg = Debug|Any CPU
		{0C47815F-193A-4FF3-B6B7-415D094D928D}.Debug|Any CPU.Build.0 = Debug|Any CPU
		{0C47815F-193A-4FF3-B6B7-415D094D928D}.Release|Any CPU.ActiveCfg = Release|Any CPU
		{0C47815F-193A-4FF3-B6B7-415D094D928D}.Release|Any CPU.Build.0 = Release|Any CPU
		{BC0AF5CF-50F2-4A6C-A944-C5C6E6355E84}.Debug|Any CPU.ActiveCfg = Debug|Any CPU
		{BC0AF5CF-50F2-4A6C-A944-C5C6E6355E84}.Debug|Any CPU.Build.0 = Debug|Any CPU
		{BC0AF5CF-50F2-4A6C-A944-C5C6E6355E84}.Release|Any CPU.ActiveCfg = Release|Any CPU
		{BC0AF5CF-50F2-4A6C-A944-C5C6E6355E84}.Release|Any CPU.Build.0 = Release|Any CPU
		{AD4373E1-DCED-4F5F-AFC7-80CF43703153}.Debug|Any CPU.ActiveCfg = Debug|Any CPU
		{AD4373E1-DCED-4F5F-AFC7-80CF43703153}.Debug|Any CPU.Build.0 = Debug|Any CPU
		{AD4373E1-DCED-4F5F-AFC7-80CF43703153}.Release|Any CPU.ActiveCfg = Release|Any CPU
		{AD4373E1-DCED-4F5F-AFC7-80CF43703153}.Release|Any CPU.Build.0 = Release|Any CPU
		{CE8F1B41-9C34-47D1-AF68-9064ABEE0213}.Debug|Any CPU.ActiveCfg = Debug|Any CPU
		{CE8F1B41-9C34-47D1-AF68-9064ABEE0213}.Debug|Any CPU.Build.0 = Debug|Any CPU
		{CE8F1B41-9C34-47D1-AF68-9064ABEE0213}.Release|Any CPU.ActiveCfg = Release|Any CPU
		{CE8F1B41-9C34-47D1-AF68-9064ABEE0213}.Release|Any CPU.Build.0 = Release|Any CPU
		{66717E62-D740-47AD-8A6A-0E907031EDE0}.Debug|Any CPU.ActiveCfg = Debug|Any CPU
		{66717E62-D740-47AD-8A6A-0E907031EDE0}.Debug|Any CPU.Build.0 = Debug|Any CPU
		{66717E62-D740-47AD-8A6A-0E907031EDE0}.Release|Any CPU.ActiveCfg = Release|Any CPU
		{66717E62-D740-47AD-8A6A-0E907031EDE0}.Release|Any CPU.Build.0 = Release|Any CPU
		{4E3C6A58-9ABF-4B7F-9959-87AC92315774}.Debug|Any CPU.ActiveCfg = Debug|Any CPU
		{4E3C6A58-9ABF-4B7F-9959-87AC92315774}.Debug|Any CPU.Build.0 = Debug|Any CPU
		{4E3C6A58-9ABF-4B7F-9959-87AC92315774}.Release|Any CPU.ActiveCfg = Release|Any CPU
		{4E3C6A58-9ABF-4B7F-9959-87AC92315774}.Release|Any CPU.Build.0 = Release|Any CPU
		{5D2615BD-B848-4ACA-89A3-D75B416B7DD8}.Debug|Any CPU.ActiveCfg = Debug|Any CPU
		{5D2615BD-B848-4ACA-89A3-D75B416B7DD8}.Debug|Any CPU.Build.0 = Debug|Any CPU
		{5D2615BD-B848-4ACA-89A3-D75B416B7DD8}.Release|Any CPU.ActiveCfg = Release|Any CPU
		{5D2615BD-B848-4ACA-89A3-D75B416B7DD8}.Release|Any CPU.Build.0 = Release|Any CPU
		{AE0813C3-4237-4D74-A91A-22D0C6953961}.Debug|Any CPU.ActiveCfg = Debug|Any CPU
		{AE0813C3-4237-4D74-A91A-22D0C6953961}.Debug|Any CPU.Build.0 = Debug|Any CPU
		{AE0813C3-4237-4D74-A91A-22D0C6953961}.Release|Any CPU.ActiveCfg = Release|Any CPU
		{AE0813C3-4237-4D74-A91A-22D0C6953961}.Release|Any CPU.Build.0 = Release|Any CPU
		{E3CE59B3-D204-4C1A-8770-22309A835BD3}.Debug|Any CPU.ActiveCfg = Debug|Any CPU
		{E3CE59B3-D204-4C1A-8770-22309A835BD3}.Debug|Any CPU.Build.0 = Debug|Any CPU
		{E3CE59B3-D204-4C1A-8770-22309A835BD3}.Release|Any CPU.ActiveCfg = Release|Any CPU
		{E3CE59B3-D204-4C1A-8770-22309A835BD3}.Release|Any CPU.Build.0 = Release|Any CPU
		{792A2149-F745-4F68-A3EC-2688B2ED6179}.Debug|Any CPU.ActiveCfg = Debug|Any CPU
		{792A2149-F745-4F68-A3EC-2688B2ED6179}.Debug|Any CPU.Build.0 = Debug|Any CPU
		{792A2149-F745-4F68-A3EC-2688B2ED6179}.Release|Any CPU.ActiveCfg = Release|Any CPU
		{792A2149-F745-4F68-A3EC-2688B2ED6179}.Release|Any CPU.Build.0 = Release|Any CPU
		{DC42BCD8-37A2-482D-9FC8-20703F31E4D3}.Debug|Any CPU.ActiveCfg = Debug|Any CPU
		{DC42BCD8-37A2-482D-9FC8-20703F31E4D3}.Debug|Any CPU.Build.0 = Debug|Any CPU
		{DC42BCD8-37A2-482D-9FC8-20703F31E4D3}.Release|Any CPU.ActiveCfg = Release|Any CPU
		{DC42BCD8-37A2-482D-9FC8-20703F31E4D3}.Release|Any CPU.Build.0 = Release|Any CPU
		{3683E86F-0A42-4CA0-9A52-472AB2C48D14}.Debug|Any CPU.ActiveCfg = Debug|Any CPU
		{3683E86F-0A42-4CA0-9A52-472AB2C48D14}.Debug|Any CPU.Build.0 = Debug|Any CPU
		{3683E86F-0A42-4CA0-9A52-472AB2C48D14}.Release|Any CPU.ActiveCfg = Release|Any CPU
		{3683E86F-0A42-4CA0-9A52-472AB2C48D14}.Release|Any CPU.Build.0 = Release|Any CPU
		{2B470913-7193-45E5-AEAC-0643A7669475}.Debug|Any CPU.ActiveCfg = Debug|Any CPU
		{2B470913-7193-45E5-AEAC-0643A7669475}.Debug|Any CPU.Build.0 = Debug|Any CPU
		{2B470913-7193-45E5-AEAC-0643A7669475}.Release|Any CPU.ActiveCfg = Release|Any CPU
		{2B470913-7193-45E5-AEAC-0643A7669475}.Release|Any CPU.Build.0 = Release|Any CPU
		{7A4390AC-7C1F-4E4C-8CAD-6ED6AA79984E}.Debug|Any CPU.ActiveCfg = Debug|Any CPU
		{7A4390AC-7C1F-4E4C-8CAD-6ED6AA79984E}.Debug|Any CPU.Build.0 = Debug|Any CPU
		{7A4390AC-7C1F-4E4C-8CAD-6ED6AA79984E}.Release|Any CPU.ActiveCfg = Release|Any CPU
		{7A4390AC-7C1F-4E4C-8CAD-6ED6AA79984E}.Release|Any CPU.Build.0 = Release|Any CPU
		{4A752C46-04D5-43E7-B26D-BBDB1CD16256}.Debug|Any CPU.ActiveCfg = Debug|Any CPU
		{4A752C46-04D5-43E7-B26D-BBDB1CD16256}.Debug|Any CPU.Build.0 = Debug|Any CPU
		{4A752C46-04D5-43E7-B26D-BBDB1CD16256}.Release|Any CPU.ActiveCfg = Release|Any CPU
		{4A752C46-04D5-43E7-B26D-BBDB1CD16256}.Release|Any CPU.Build.0 = Release|Any CPU
	EndGlobalSection
	GlobalSection(SolutionProperties) = preSolution
		HideSolutionNode = FALSE
	EndGlobalSection
	GlobalSection(NestedProjects) = preSolution
		{099736F4-79C1-4EEB-B2C9-86386E666541} = {A5BB97F6-5DA0-404B-B60E-356C04EE0538}
		{C7D642D9-8498-4A33-815C-A9229BCA9B3E} = {A5BB97F6-5DA0-404B-B60E-356C04EE0538}
		{598E3F06-4408-4B37-8DE0-6F2A33015B03} = {A5BB97F6-5DA0-404B-B60E-356C04EE0538}
		{03CBC6D3-A0D6-4CF3-AB86-444869196341} = {099736F4-79C1-4EEB-B2C9-86386E666541}
		{4920F9E5-BA5B-4B05-AE8A-3391945BC29C} = {598E3F06-4408-4B37-8DE0-6F2A33015B03}
		{0C579FA5-9E82-4094-9CB8-6AFE3BAD6E21} = {598E3F06-4408-4B37-8DE0-6F2A33015B03}
		{AFE9AF65-D667-466B-A3B8-805B3DD7CEB3} = {598E3F06-4408-4B37-8DE0-6F2A33015B03}
		{D4F59258-CDF4-4455-85F5-DEC11912D62D} = {598E3F06-4408-4B37-8DE0-6F2A33015B03}
		{E8BBDABE-0B89-4136-BBCC-68DE006F14C5} = {598E3F06-4408-4B37-8DE0-6F2A33015B03}
		{AAC749CA-C907-4310-A928-6E19E117FB26} = {A5BB97F6-5DA0-404B-B60E-356C04EE0538}
		{8BDAD00B-D130-4A08-AFC5-B85F3E1873A6} = {A5BB97F6-5DA0-404B-B60E-356C04EE0538}
		{2AF9CAB7-B9B3-4065-BF47-797390BC39A9} = {C7D642D9-8498-4A33-815C-A9229BCA9B3E}
		{983C9433-E140-4009-A075-52DBA82F1CCC} = {C7D642D9-8498-4A33-815C-A9229BCA9B3E}
		{1B8505E1-31AD-4B62-944A-E29C03F53CD0} = {C7D642D9-8498-4A33-815C-A9229BCA9B3E}
		{A3CC22DD-FED5-4B90-A67D-54736E404A84} = {C7D642D9-8498-4A33-815C-A9229BCA9B3E}
		{31967D68-9404-4568-8152-2C22E1AAEAB8} = {D7CA87CA-8340-4E2C-A2ED-5CE46EEC455B}
		{3B302865-CC9C-413D-8972-1676E360DD58} = {D7CA87CA-8340-4E2C-A2ED-5CE46EEC455B}
		{9AA22CA1-5018-4478-ACC4-108CA00C71CF} = {D7CA87CA-8340-4E2C-A2ED-5CE46EEC455B}
		{510E9F99-3873-4844-980B-F440BF1350B1} = {4AB74B06-60FD-45F7-B46A-809A7A5DC33F}
		{87CFBCDE-B0AF-42DE-B8A9-910D8008DBA6} = {D7CA87CA-8340-4E2C-A2ED-5CE46EEC455B}
		{467DC1E2-2600-4FCE-A193-2567CCF35318} = {D7CA87CA-8340-4E2C-A2ED-5CE46EEC455B}
		{6CBC5B25-0090-4C20-92F8-0184F4D65276} = {D7CA87CA-8340-4E2C-A2ED-5CE46EEC455B}
		{87BCC52F-DBDE-4396-A23B-DA4D291AEEA1} = {A90155A8-5E10-46E1-88E1-B1BAF91B7438}
		{93E09272-1AC9-4285-ADC0-5BC82EA12D62} = {A90155A8-5E10-46E1-88E1-B1BAF91B7438}
		{6379BD6C-25D3-4DE7-BC3C-24AEF19DB81A} = {A90155A8-5E10-46E1-88E1-B1BAF91B7438}
		{D2E309D4-32CE-4A94-921B-8FEBDB5C9C4D} = {A90155A8-5E10-46E1-88E1-B1BAF91B7438}
		{E91361B7-C76D-4E38-8A45-076BD417A123} = {A90155A8-5E10-46E1-88E1-B1BAF91B7438}
		{A69328F4-C11C-4A08-BC53-F6C06725CF0C} = {510E9F99-3873-4844-980B-F440BF1350B1}
		{08ED46F2-1A5C-4224-A41A-D66F60635172} = {510E9F99-3873-4844-980B-F440BF1350B1}
		{6F689E91-579B-4497-B8F2-7D91E4339EE6} = {510E9F99-3873-4844-980B-F440BF1350B1}
		{B2B3111E-6297-4AFF-B8FA-E90DBC41D2A6} = {510E9F99-3873-4844-980B-F440BF1350B1}
		{F8F60D11-DB27-46F4-907C-D7E5B97F94B3} = {510E9F99-3873-4844-980B-F440BF1350B1}
		{85AC5FBB-5C51-4A65-B6CE-B26C6D3266DF} = {510E9F99-3873-4844-980B-F440BF1350B1}
		{7844DB61-3723-4571-894D-EF03F5BF0298} = {510E9F99-3873-4844-980B-F440BF1350B1}
		{EC137B76-1C6E-41E9-A08C-F137458D2BA5} = {510E9F99-3873-4844-980B-F440BF1350B1}
		{05C8286D-DB9C-4820-8455-A47930B724E5} = {A69328F4-C11C-4A08-BC53-F6C06725CF0C}
		{D79F52C3-BC30-4151-BC80-2EF960BA1FE1} = {A69328F4-C11C-4A08-BC53-F6C06725CF0C}
		{7151E9F0-C414-4257-ADC0-78F622AB0D7B} = {A69328F4-C11C-4A08-BC53-F6C06725CF0C}
		{30A07F8D-382F-4F90-90F2-224AFA3EA841} = {08ED46F2-1A5C-4224-A41A-D66F60635172}
		{6D70D360-05A6-4315-B520-2CFBEFFCD174} = {08ED46F2-1A5C-4224-A41A-D66F60635172}
		{2233B896-8763-418E-BC84-E9350594E58A} = {08ED46F2-1A5C-4224-A41A-D66F60635172}
		{5EFD2F76-6028-4477-BD8F-5EEC0237AD63} = {6F689E91-579B-4497-B8F2-7D91E4339EE6}
		{940252D7-F3F1-41D0-BB74-55DBAF7F67F6} = {6F689E91-579B-4497-B8F2-7D91E4339EE6}
		{A132998F-5408-4CBF-BB29-4C30D253C3FE} = {6F689E91-579B-4497-B8F2-7D91E4339EE6}
		{36C2019D-85E7-4003-956D-F246BBC87083} = {6F689E91-579B-4497-B8F2-7D91E4339EE6}
		{2157E992-1FD7-440F-A57B-4D94E60093B0} = {5EFD2F76-6028-4477-BD8F-5EEC0237AD63}
		{DCC19D14-928F-4F56-9B3C-0A4968E39BDB} = {5EFD2F76-6028-4477-BD8F-5EEC0237AD63}
		{B4BA833B-3B7F-403C-810F-B213F6EF3406} = {F8F60D11-DB27-46F4-907C-D7E5B97F94B3}
		{E1E4401C-B2DF-4411-AD7C-B782986D9E70} = {F8F60D11-DB27-46F4-907C-D7E5B97F94B3}
		{560E7B06-F730-4267-87D8-CE991616DB9E} = {F8F60D11-DB27-46F4-907C-D7E5B97F94B3}
		{BB1CD5EC-5311-45C0-9090-D5DAE3891B51} = {85AC5FBB-5C51-4A65-B6CE-B26C6D3266DF}
		{0C47815F-193A-4FF3-B6B7-415D094D928D} = {B2B3111E-6297-4AFF-B8FA-E90DBC41D2A6}
		{BC0AF5CF-50F2-4A6C-A944-C5C6E6355E84} = {B2B3111E-6297-4AFF-B8FA-E90DBC41D2A6}
		{AD4373E1-DCED-4F5F-AFC7-80CF43703153} = {B2B3111E-6297-4AFF-B8FA-E90DBC41D2A6}
		{CE8F1B41-9C34-47D1-AF68-9064ABEE0213} = {7844DB61-3723-4571-894D-EF03F5BF0298}
		{66717E62-D740-47AD-8A6A-0E907031EDE0} = {7844DB61-3723-4571-894D-EF03F5BF0298}
		{4E3C6A58-9ABF-4B7F-9959-87AC92315774} = {7844DB61-3723-4571-894D-EF03F5BF0298}
		{5D2615BD-B848-4ACA-89A3-D75B416B7DD8} = {EC137B76-1C6E-41E9-A08C-F137458D2BA5}
		{F31771FF-3257-4FF5-8B91-A7535C634A20} = {EC137B76-1C6E-41E9-A08C-F137458D2BA5}
		{AE0813C3-4237-4D74-A91A-22D0C6953961} = {F31771FF-3257-4FF5-8B91-A7535C634A20}
		{E3CE59B3-D204-4C1A-8770-22309A835BD3} = {EC137B76-1C6E-41E9-A08C-F137458D2BA5}
		{792A2149-F745-4F68-A3EC-2688B2ED6179} = {EC137B76-1C6E-41E9-A08C-F137458D2BA5}
		{DC42BCD8-37A2-482D-9FC8-20703F31E4D3} = {D7CA87CA-8340-4E2C-A2ED-5CE46EEC455B}
		{3683E86F-0A42-4CA0-9A52-472AB2C48D14} = {D7CA87CA-8340-4E2C-A2ED-5CE46EEC455B}
		{2B470913-7193-45E5-AEAC-0643A7669475} = {D7CA87CA-8340-4E2C-A2ED-5CE46EEC455B}
		{7A4390AC-7C1F-4E4C-8CAD-6ED6AA79984E} = {D7CA87CA-8340-4E2C-A2ED-5CE46EEC455B}
		{4A752C46-04D5-43E7-B26D-BBDB1CD16256} = {A90155A8-5E10-46E1-88E1-B1BAF91B7438}
		{A90155A8-5E10-46E1-88E1-B1BAF91B7438} = {4AB74B06-60FD-45F7-B46A-809A7A5DC33F}
	EndGlobalSection
	GlobalSection(ExtensibilityGlobals) = postSolution
		SolutionGuid = {E9927CF8-C10C-47E1-87FD-7ACEEBCD340D}
	EndGlobalSection
EndGlobal
